// !$*UTF8*$!
{
	archiveVersion = 1;
	classes = {
	};
	objectVersion = 48;
	objects = {

/* Begin PBXBuildFile section */
		DB1AEB791F805340003347EB /* CatVisionIO.m in Sources */ = {isa = PBXBuildFile; fileRef = DB1AEB781F805340003347EB /* CatVisionIO.m */; };
		DB3EFDA31F80FC620070E432 /* SeaCatClient.framework in Frameworks */ = {isa = PBXBuildFile; fileRef = DB3EFDA21F80FC610070E432 /* SeaCatClient.framework */; };
		DB3EFDA41F80FC740070E432 /* SeaCatClient.framework in Frameworks */ = {isa = PBXBuildFile; fileRef = DB3EFDA21F80FC610070E432 /* SeaCatClient.framework */; };
		DB3EFDA91F80FDBA0070E432 /* SeaCatClient.framework in Embed Frameworks */ = {isa = PBXBuildFile; fileRef = DB3EFDA51F80FC8A0070E432 /* SeaCatClient.framework */; settings = {ATTRIBUTES = (CodeSignOnCopy, RemoveHeadersOnCopy, ); }; };
		DB6EE1E31F7C5D20009B028B /* CatVisionIO.h in Headers */ = {isa = PBXBuildFile; fileRef = DB6EE1E11F7C5D20009B028B /* CatVisionIO.h */; settings = {ATTRIBUTES = (Public, ); }; };
		DB8628991F7D77B300849DFB /* jmemnobs.c in Sources */ = {isa = PBXBuildFile; fileRef = DB8628981F7D77B300849DFB /* jmemnobs.c */; };
		DB86289A1F7D77DD00849DFB /* VNCServer.framework in Frameworks */ = {isa = PBXBuildFile; fileRef = DBBFC0921F7D609A00BB0ABD /* VNCServer.framework */; };
		DB86289D1F7D7D2400849DFB /* VNCServer.framework in CopyFiles */ = {isa = PBXBuildFile; fileRef = DBBFC0921F7D609A00BB0ABD /* VNCServer.framework */; settings = {ATTRIBUTES = (CodeSignOnCopy, RemoveHeadersOnCopy, ); }; };
		DB86289F1F7D83F000849DFB /* arm_init.c in Sources */ = {isa = PBXBuildFile; fileRef = DB86289E1F7D83F000849DFB /* arm_init.c */; };
		DB8628A11F7D842900849DFB /* filter_neon_intrinsics.c in Sources */ = {isa = PBXBuildFile; fileRef = DB8628A01F7D842900849DFB /* filter_neon_intrinsics.c */; };
		DB8628A31F7D861900849DFB /* CatVisionIO.framework in Embed Frameworks */ = {isa = PBXBuildFile; fileRef = DB6EE1DE1F7C5D20009B028B /* CatVisionIO.framework */; settings = {ATTRIBUTES = (CodeSignOnCopy, RemoveHeadersOnCopy, ); }; };
		DB8628A71F7D865100849DFB /* VNCServer.framework in Frameworks */ = {isa = PBXBuildFile; fileRef = DBBFC0921F7D609A00BB0ABD /* VNCServer.framework */; };
		DB8628A81F7D865100849DFB /* VNCServer.framework in Embed Frameworks */ = {isa = PBXBuildFile; fileRef = DBBFC0921F7D609A00BB0ABD /* VNCServer.framework */; settings = {ATTRIBUTES = (CodeSignOnCopy, RemoveHeadersOnCopy, ); }; };
		DBBFC0781F7D55D400BB0ABD /* AppDelegate.m in Sources */ = {isa = PBXBuildFile; fileRef = DBBFC0771F7D55D400BB0ABD /* AppDelegate.m */; };
		DBBFC07B1F7D55D400BB0ABD /* MainViewController.m in Sources */ = {isa = PBXBuildFile; fileRef = DBBFC07A1F7D55D400BB0ABD /* MainViewController.m */; };
		DBBFC07E1F7D55D400BB0ABD /* Main.storyboard in Resources */ = {isa = PBXBuildFile; fileRef = DBBFC07C1F7D55D400BB0ABD /* Main.storyboard */; };
		DBBFC0801F7D55D400BB0ABD /* Assets.xcassets in Resources */ = {isa = PBXBuildFile; fileRef = DBBFC07F1F7D55D400BB0ABD /* Assets.xcassets */; };
		DBBFC0831F7D55D400BB0ABD /* LaunchScreen.storyboard in Resources */ = {isa = PBXBuildFile; fileRef = DBBFC0811F7D55D400BB0ABD /* LaunchScreen.storyboard */; };
		DBBFC0861F7D55D400BB0ABD /* main.m in Sources */ = {isa = PBXBuildFile; fileRef = DBBFC0851F7D55D400BB0ABD /* main.m */; };
		DBBFC08A1F7D55E600BB0ABD /* CatVisionIO.framework in Frameworks */ = {isa = PBXBuildFile; fileRef = DB6EE1DE1F7C5D20009B028B /* CatVisionIO.framework */; };
		DBBFC0961F7D609A00BB0ABD /* VNCServer.h in Headers */ = {isa = PBXBuildFile; fileRef = DBBFC0941F7D609A00BB0ABD /* VNCServer.h */; settings = {ATTRIBUTES = (Public, ); }; };
		DBBFC1071F7D698800BB0ABD /* draw.c in Sources */ = {isa = PBXBuildFile; fileRef = DBBFC0FD1F7D698700BB0ABD /* draw.c */; };
		DBBFC1081F7D698800BB0ABD /* main.c in Sources */ = {isa = PBXBuildFile; fileRef = DBBFC0FE1F7D698700BB0ABD /* main.c */; };
		DBBFC1091F7D698800BB0ABD /* httpd.c in Sources */ = {isa = PBXBuildFile; fileRef = DBBFC0FF1F7D698700BB0ABD /* httpd.c */; };
		DBBFC10A1F7D698800BB0ABD /* auth.c in Sources */ = {isa = PBXBuildFile; fileRef = DBBFC1001F7D698700BB0ABD /* auth.c */; };
		DBBFC10B1F7D698800BB0ABD /* cargs.c in Sources */ = {isa = PBXBuildFile; fileRef = DBBFC1011F7D698700BB0ABD /* cargs.c */; };
		DBBFC10C1F7D698800BB0ABD /* corre.c in Sources */ = {isa = PBXBuildFile; fileRef = DBBFC1021F7D698700BB0ABD /* corre.c */; };
		DBBFC10D1F7D698800BB0ABD /* cursor.c in Sources */ = {isa = PBXBuildFile; fileRef = DBBFC1031F7D698700BB0ABD /* cursor.c */; };
		DBBFC10E1F7D698800BB0ABD /* font.c in Sources */ = {isa = PBXBuildFile; fileRef = DBBFC1041F7D698700BB0ABD /* font.c */; };
		DBBFC10F1F7D698800BB0ABD /* hextile.c in Sources */ = {isa = PBXBuildFile; fileRef = DBBFC1051F7D698700BB0ABD /* hextile.c */; };
		DBBFC1101F7D698800BB0ABD /* cutpaste.c in Sources */ = {isa = PBXBuildFile; fileRef = DBBFC1061F7D698700BB0ABD /* cutpaste.c */; };
		DBBFC11F1F7D69BB00BB0ABD /* tight.c in Sources */ = {isa = PBXBuildFile; fileRef = DBBFC1111F7D69BA00BB0ABD /* tight.c */; };
		DBBFC1201F7D69BB00BB0ABD /* selbox.c in Sources */ = {isa = PBXBuildFile; fileRef = DBBFC1121F7D69BA00BB0ABD /* selbox.c */; };
		DBBFC1211F7D69BB00BB0ABD /* stats.c in Sources */ = {isa = PBXBuildFile; fileRef = DBBFC1131F7D69BA00BB0ABD /* stats.c */; };
		DBBFC1221F7D69BB00BB0ABD /* rfbregion.c in Sources */ = {isa = PBXBuildFile; fileRef = DBBFC1141F7D69BA00BB0ABD /* rfbregion.c */; };
		DBBFC1231F7D69BB00BB0ABD /* translate.c in Sources */ = {isa = PBXBuildFile; fileRef = DBBFC1151F7D69BA00BB0ABD /* translate.c */; };
		DBBFC1241F7D69BB00BB0ABD /* rfbserver.c in Sources */ = {isa = PBXBuildFile; fileRef = DBBFC1161F7D69BA00BB0ABD /* rfbserver.c */; };
		DBBFC1251F7D69BB00BB0ABD /* zrlepalettehelper.c in Sources */ = {isa = PBXBuildFile; fileRef = DBBFC1171F7D69BA00BB0ABD /* zrlepalettehelper.c */; };
		DBBFC1261F7D69BB00BB0ABD /* rre.c in Sources */ = {isa = PBXBuildFile; fileRef = DBBFC1181F7D69BA00BB0ABD /* rre.c */; };
		DBBFC1271F7D69BB00BB0ABD /* sockets.c in Sources */ = {isa = PBXBuildFile; fileRef = DBBFC1191F7D69BA00BB0ABD /* sockets.c */; };
		DBBFC1281F7D69BB00BB0ABD /* scale.c in Sources */ = {isa = PBXBuildFile; fileRef = DBBFC11A1F7D69BA00BB0ABD /* scale.c */; };
		DBBFC1291F7D69BB00BB0ABD /* zrle.c in Sources */ = {isa = PBXBuildFile; fileRef = DBBFC11B1F7D69BB00BB0ABD /* zrle.c */; };
		DBBFC12A1F7D69BB00BB0ABD /* ultra.c in Sources */ = {isa = PBXBuildFile; fileRef = DBBFC11C1F7D69BB00BB0ABD /* ultra.c */; };
		DBBFC12B1F7D69BB00BB0ABD /* zrleoutstream.c in Sources */ = {isa = PBXBuildFile; fileRef = DBBFC11D1F7D69BB00BB0ABD /* zrleoutstream.c */; };
		DBBFC12C1F7D69BB00BB0ABD /* zlib.c in Sources */ = {isa = PBXBuildFile; fileRef = DBBFC11E1F7D69BB00BB0ABD /* zlib.c */; };
		DBBFC13E1F7D6BA400BB0ABD /* pngpread.c in Sources */ = {isa = PBXBuildFile; fileRef = DBBFC12F1F7D6BA300BB0ABD /* pngpread.c */; };
		DBBFC13F1F7D6BA400BB0ABD /* pngget.c in Sources */ = {isa = PBXBuildFile; fileRef = DBBFC1301F7D6BA300BB0ABD /* pngget.c */; };
		DBBFC1401F7D6BA400BB0ABD /* pngrio.c in Sources */ = {isa = PBXBuildFile; fileRef = DBBFC1311F7D6BA300BB0ABD /* pngrio.c */; };
		DBBFC1411F7D6BA400BB0ABD /* png.c in Sources */ = {isa = PBXBuildFile; fileRef = DBBFC1321F7D6BA300BB0ABD /* png.c */; };
		DBBFC1421F7D6BA400BB0ABD /* pngmem.c in Sources */ = {isa = PBXBuildFile; fileRef = DBBFC1331F7D6BA300BB0ABD /* pngmem.c */; };
		DBBFC1431F7D6BA400BB0ABD /* pngwio.c in Sources */ = {isa = PBXBuildFile; fileRef = DBBFC1341F7D6BA300BB0ABD /* pngwio.c */; };
		DBBFC1441F7D6BA400BB0ABD /* pngwrite.c in Sources */ = {isa = PBXBuildFile; fileRef = DBBFC1351F7D6BA300BB0ABD /* pngwrite.c */; };
		DBBFC1451F7D6BA400BB0ABD /* pngrutil.c in Sources */ = {isa = PBXBuildFile; fileRef = DBBFC1361F7D6BA300BB0ABD /* pngrutil.c */; };
		DBBFC1461F7D6BA400BB0ABD /* pngtrans.c in Sources */ = {isa = PBXBuildFile; fileRef = DBBFC1371F7D6BA400BB0ABD /* pngtrans.c */; };
		DBBFC1471F7D6BA400BB0ABD /* pngrtran.c in Sources */ = {isa = PBXBuildFile; fileRef = DBBFC1381F7D6BA400BB0ABD /* pngrtran.c */; };
		DBBFC1481F7D6BA400BB0ABD /* pngwtran.c in Sources */ = {isa = PBXBuildFile; fileRef = DBBFC1391F7D6BA400BB0ABD /* pngwtran.c */; };
		DBBFC1491F7D6BA400BB0ABD /* pngwutil.c in Sources */ = {isa = PBXBuildFile; fileRef = DBBFC13A1F7D6BA400BB0ABD /* pngwutil.c */; };
		DBBFC14A1F7D6BA400BB0ABD /* pngerror.c in Sources */ = {isa = PBXBuildFile; fileRef = DBBFC13B1F7D6BA400BB0ABD /* pngerror.c */; };
		DBBFC14B1F7D6BA400BB0ABD /* pngset.c in Sources */ = {isa = PBXBuildFile; fileRef = DBBFC13C1F7D6BA400BB0ABD /* pngset.c */; };
		DBBFC14C1F7D6BA400BB0ABD /* pngread.c in Sources */ = {isa = PBXBuildFile; fileRef = DBBFC13D1F7D6BA400BB0ABD /* pngread.c */; };
		DBBFC17B1F7D6C6800BB0ABD /* jfdctflt.c in Sources */ = {isa = PBXBuildFile; fileRef = DBBFC14E1F7D6C6300BB0ABD /* jfdctflt.c */; };
		DBBFC17C1F7D6C6800BB0ABD /* jcapistd.c in Sources */ = {isa = PBXBuildFile; fileRef = DBBFC14F1F7D6C6300BB0ABD /* jcapistd.c */; };
		DBBFC17D1F7D6C6800BB0ABD /* jdarith.c in Sources */ = {isa = PBXBuildFile; fileRef = DBBFC1501F7D6C6300BB0ABD /* jdarith.c */; };
		DBBFC17E1F7D6C6800BB0ABD /* jcmarker.c in Sources */ = {isa = PBXBuildFile; fileRef = DBBFC1511F7D6C6300BB0ABD /* jcmarker.c */; };
		DBBFC17F1F7D6C6800BB0ABD /* jmemmgr.c in Sources */ = {isa = PBXBuildFile; fileRef = DBBFC1521F7D6C6300BB0ABD /* jmemmgr.c */; };
		DBBFC1801F7D6C6800BB0ABD /* jidctint.c in Sources */ = {isa = PBXBuildFile; fileRef = DBBFC1531F7D6C6300BB0ABD /* jidctint.c */; };
		DBBFC1811F7D6C6800BB0ABD /* jctrans.c in Sources */ = {isa = PBXBuildFile; fileRef = DBBFC1541F7D6C6300BB0ABD /* jctrans.c */; };
		DBBFC1821F7D6C6800BB0ABD /* jcparam.c in Sources */ = {isa = PBXBuildFile; fileRef = DBBFC1551F7D6C6300BB0ABD /* jcparam.c */; };
		DBBFC1831F7D6C6800BB0ABD /* jdapistd.c in Sources */ = {isa = PBXBuildFile; fileRef = DBBFC1561F7D6C6300BB0ABD /* jdapistd.c */; };
		DBBFC1841F7D6C6800BB0ABD /* jdpostct.c in Sources */ = {isa = PBXBuildFile; fileRef = DBBFC1571F7D6C6300BB0ABD /* jdpostct.c */; };
		DBBFC1851F7D6C6800BB0ABD /* jcmainct.c in Sources */ = {isa = PBXBuildFile; fileRef = DBBFC1581F7D6C6300BB0ABD /* jcmainct.c */; };
		DBBFC1861F7D6C6800BB0ABD /* jdapimin.c in Sources */ = {isa = PBXBuildFile; fileRef = DBBFC1591F7D6C6300BB0ABD /* jdapimin.c */; };
		DBBFC1871F7D6C6800BB0ABD /* jdhuff.c in Sources */ = {isa = PBXBuildFile; fileRef = DBBFC15A1F7D6C6300BB0ABD /* jdhuff.c */; };
		DBBFC1881F7D6C6800BB0ABD /* jcdctmgr.c in Sources */ = {isa = PBXBuildFile; fileRef = DBBFC15B1F7D6C6400BB0ABD /* jcdctmgr.c */; };
		DBBFC1891F7D6C6800BB0ABD /* jfdctint.c in Sources */ = {isa = PBXBuildFile; fileRef = DBBFC15C1F7D6C6400BB0ABD /* jfdctint.c */; };
		DBBFC18A1F7D6C6800BB0ABD /* jdmaster.c in Sources */ = {isa = PBXBuildFile; fileRef = DBBFC15D1F7D6C6400BB0ABD /* jdmaster.c */; };
		DBBFC18B1F7D6C6800BB0ABD /* jutils.c in Sources */ = {isa = PBXBuildFile; fileRef = DBBFC15E1F7D6C6400BB0ABD /* jutils.c */; };
		DBBFC18C1F7D6C6800BB0ABD /* jcprepct.c in Sources */ = {isa = PBXBuildFile; fileRef = DBBFC15F1F7D6C6400BB0ABD /* jcprepct.c */; };
		DBBFC18D1F7D6C6800BB0ABD /* jdcoefct.c in Sources */ = {isa = PBXBuildFile; fileRef = DBBFC1601F7D6C6400BB0ABD /* jdcoefct.c */; };
		DBBFC18E1F7D6C6800BB0ABD /* jcapimin.c in Sources */ = {isa = PBXBuildFile; fileRef = DBBFC1611F7D6C6400BB0ABD /* jcapimin.c */; };
		DBBFC18F1F7D6C6800BB0ABD /* jchuff.c in Sources */ = {isa = PBXBuildFile; fileRef = DBBFC1621F7D6C6400BB0ABD /* jchuff.c */; };
		DBBFC1901F7D6C6800BB0ABD /* jcinit.c in Sources */ = {isa = PBXBuildFile; fileRef = DBBFC1631F7D6C6400BB0ABD /* jcinit.c */; };
		DBBFC1911F7D6C6800BB0ABD /* jidctfst.c in Sources */ = {isa = PBXBuildFile; fileRef = DBBFC1641F7D6C6400BB0ABD /* jidctfst.c */; };
		DBBFC1921F7D6C6800BB0ABD /* jddctmgr.c in Sources */ = {isa = PBXBuildFile; fileRef = DBBFC1651F7D6C6500BB0ABD /* jddctmgr.c */; };
		DBBFC1931F7D6C6800BB0ABD /* jccoefct.c in Sources */ = {isa = PBXBuildFile; fileRef = DBBFC1661F7D6C6500BB0ABD /* jccoefct.c */; };
		DBBFC1941F7D6C6800BB0ABD /* jquant2.c in Sources */ = {isa = PBXBuildFile; fileRef = DBBFC1671F7D6C6500BB0ABD /* jquant2.c */; };
		DBBFC1951F7D6C6800BB0ABD /* jerror.c in Sources */ = {isa = PBXBuildFile; fileRef = DBBFC1681F7D6C6500BB0ABD /* jerror.c */; };
		DBBFC1961F7D6C6800BB0ABD /* jccolor.c in Sources */ = {isa = PBXBuildFile; fileRef = DBBFC1691F7D6C6500BB0ABD /* jccolor.c */; };
		DBBFC1971F7D6C6800BB0ABD /* jcmaster.c in Sources */ = {isa = PBXBuildFile; fileRef = DBBFC16A1F7D6C6500BB0ABD /* jcmaster.c */; };
		DBBFC1981F7D6C6800BB0ABD /* jaricom.c in Sources */ = {isa = PBXBuildFile; fileRef = DBBFC16B1F7D6C6500BB0ABD /* jaricom.c */; };
		DBBFC1991F7D6C6800BB0ABD /* jdmainct.c in Sources */ = {isa = PBXBuildFile; fileRef = DBBFC16C1F7D6C6600BB0ABD /* jdmainct.c */; };
		DBBFC19A1F7D6C6800BB0ABD /* jdatadst.c in Sources */ = {isa = PBXBuildFile; fileRef = DBBFC16D1F7D6C6600BB0ABD /* jdatadst.c */; };
		DBBFC19B1F7D6C6800BB0ABD /* jdtrans.c in Sources */ = {isa = PBXBuildFile; fileRef = DBBFC16E1F7D6C6600BB0ABD /* jdtrans.c */; };
		DBBFC19C1F7D6C6800BB0ABD /* jdatasrc.c in Sources */ = {isa = PBXBuildFile; fileRef = DBBFC16F1F7D6C6600BB0ABD /* jdatasrc.c */; };
		DBBFC19D1F7D6C6800BB0ABD /* jdsample.c in Sources */ = {isa = PBXBuildFile; fileRef = DBBFC1701F7D6C6600BB0ABD /* jdsample.c */; };
		DBBFC19E1F7D6C6800BB0ABD /* jcomapi.c in Sources */ = {isa = PBXBuildFile; fileRef = DBBFC1711F7D6C6600BB0ABD /* jcomapi.c */; };
		DBBFC19F1F7D6C6800BB0ABD /* jdinput.c in Sources */ = {isa = PBXBuildFile; fileRef = DBBFC1721F7D6C6700BB0ABD /* jdinput.c */; };
		DBBFC1A01F7D6C6800BB0ABD /* jcarith.c in Sources */ = {isa = PBXBuildFile; fileRef = DBBFC1731F7D6C6700BB0ABD /* jcarith.c */; };
		DBBFC1A11F7D6C6800BB0ABD /* jfdctfst.c in Sources */ = {isa = PBXBuildFile; fileRef = DBBFC1741F7D6C6700BB0ABD /* jfdctfst.c */; };
		DBBFC1A21F7D6C6800BB0ABD /* jidctflt.c in Sources */ = {isa = PBXBuildFile; fileRef = DBBFC1751F7D6C6700BB0ABD /* jidctflt.c */; };
		DBBFC1A31F7D6C6800BB0ABD /* jcsample.c in Sources */ = {isa = PBXBuildFile; fileRef = DBBFC1761F7D6C6700BB0ABD /* jcsample.c */; };
		DBBFC1A41F7D6C6800BB0ABD /* jdcolor.c in Sources */ = {isa = PBXBuildFile; fileRef = DBBFC1771F7D6C6700BB0ABD /* jdcolor.c */; };
		DBBFC1A51F7D6C6800BB0ABD /* jdmarker.c in Sources */ = {isa = PBXBuildFile; fileRef = DBBFC1781F7D6C6800BB0ABD /* jdmarker.c */; };
		DBBFC1A61F7D6C6800BB0ABD /* jquant1.c in Sources */ = {isa = PBXBuildFile; fileRef = DBBFC1791F7D6C6800BB0ABD /* jquant1.c */; };
		DBBFC1A71F7D6C6800BB0ABD /* jdmerge.c in Sources */ = {isa = PBXBuildFile; fileRef = DBBFC17A1F7D6C6800BB0ABD /* jdmerge.c */; };
		DBBFC1AC1F7D6DF100BB0ABD /* minilzo.c in Sources */ = {isa = PBXBuildFile; fileRef = DBBFC1A81F7D6DF000BB0ABD /* minilzo.c */; };
		DBBFC1AD1F7D6DF100BB0ABD /* turbojpeg.c in Sources */ = {isa = PBXBuildFile; fileRef = DBBFC1A91F7D6DF100BB0ABD /* turbojpeg.c */; };
		DBBFC1AE1F7D6DF100BB0ABD /* d3des.c in Sources */ = {isa = PBXBuildFile; fileRef = DBBFC1AA1F7D6DF100BB0ABD /* d3des.c */; };
		DBBFC1AF1F7D6DF100BB0ABD /* vncauth.c in Sources */ = {isa = PBXBuildFile; fileRef = DBBFC1AB1F7D6DF100BB0ABD /* vncauth.c */; };
		DBD6065D1F7D9EE700DFB3E7 /* VNCServer.m in Sources */ = {isa = PBXBuildFile; fileRef = DBD6065C1F7D9EE700DFB3E7 /* VNCServer.m */; };
/* End PBXBuildFile section */

/* Begin PBXContainerItemProxy section */
		DB8628A41F7D861900849DFB /* PBXContainerItemProxy */ = {
			isa = PBXContainerItemProxy;
			containerPortal = DB9118DB1F7C576200C6CF5F /* Project object */;
			proxyType = 1;
			remoteGlobalIDString = DB6EE1DD1F7C5D20009B028B;
			remoteInfo = ios;
		};
		DB8628A91F7D865100849DFB /* PBXContainerItemProxy */ = {
			isa = PBXContainerItemProxy;
			containerPortal = DB9118DB1F7C576200C6CF5F /* Project object */;
			proxyType = 1;
			remoteGlobalIDString = DBBFC0911F7D609A00BB0ABD;
			remoteInfo = VNCServer;
		};
/* End PBXContainerItemProxy section */

/* Begin PBXCopyFilesBuildPhase section */
		DB86289B1F7D793B00849DFB /* CopyFiles */ = {
			isa = PBXCopyFilesBuildPhase;
			buildActionMask = 2147483647;
			dstPath = "";
			dstSubfolderSpec = 10;
			files = (
				DB86289D1F7D7D2400849DFB /* VNCServer.framework in CopyFiles */,
			);
			runOnlyForDeploymentPostprocessing = 0;
		};
		DB8628A61F7D861900849DFB /* Embed Frameworks */ = {
			isa = PBXCopyFilesBuildPhase;
			buildActionMask = 2147483647;
			dstPath = "";
			dstSubfolderSpec = 10;
			files = (
				DB8628A31F7D861900849DFB /* CatVisionIO.framework in Embed Frameworks */,
				DB8628A81F7D865100849DFB /* VNCServer.framework in Embed Frameworks */,
				DB3EFDA91F80FDBA0070E432 /* SeaCatClient.framework in Embed Frameworks */,
			);
			name = "Embed Frameworks";
			runOnlyForDeploymentPostprocessing = 0;
		};
/* End PBXCopyFilesBuildPhase section */

/* Begin PBXFileReference section */
		DB1AEB781F805340003347EB /* CatVisionIO.m */ = {isa = PBXFileReference; lastKnownFileType = sourcecode.c.objc; path = CatVisionIO.m; sourceTree = "<group>"; };
		DB3EFDA21F80FC610070E432 /* SeaCatClient.framework */ = {isa = PBXFileReference; lastKnownFileType = wrapper.framework; path = SeaCatClient.framework; sourceTree = "<group>"; };
		DB3EFDA51F80FC8A0070E432 /* SeaCatClient.framework */ = {isa = PBXFileReference; lastKnownFileType = wrapper.framework; path = SeaCatClient.framework; sourceTree = "<group>"; };
		DB6EE1DE1F7C5D20009B028B /* CatVisionIO.framework */ = {isa = PBXFileReference; explicitFileType = wrapper.framework; includeInIndex = 0; path = CatVisionIO.framework; sourceTree = BUILT_PRODUCTS_DIR; };
		DB6EE1E11F7C5D20009B028B /* CatVisionIO.h */ = {isa = PBXFileReference; lastKnownFileType = sourcecode.c.h; path = CatVisionIO.h; sourceTree = "<group>"; };
		DB6EE1E21F7C5D20009B028B /* Info.plist */ = {isa = PBXFileReference; lastKnownFileType = text.plist.xml; path = Info.plist; sourceTree = "<group>"; };
		DB8628981F7D77B300849DFB /* jmemnobs.c */ = {isa = PBXFileReference; fileEncoding = 4; lastKnownFileType = sourcecode.c.c; name = jmemnobs.c; path = jpeg/jmemnobs.c; sourceTree = "<group>"; };
		DB86289E1F7D83F000849DFB /* arm_init.c */ = {isa = PBXFileReference; fileEncoding = 4; lastKnownFileType = sourcecode.c.c; name = arm_init.c; path = libpng/arm/arm_init.c; sourceTree = "<group>"; };
		DB8628A01F7D842900849DFB /* filter_neon_intrinsics.c */ = {isa = PBXFileReference; fileEncoding = 4; lastKnownFileType = sourcecode.c.c; name = filter_neon_intrinsics.c; path = libpng/arm/filter_neon_intrinsics.c; sourceTree = "<group>"; };
		DBBFC0741F7D55D400BB0ABD /* app.app */ = {isa = PBXFileReference; explicitFileType = wrapper.application; includeInIndex = 0; path = app.app; sourceTree = BUILT_PRODUCTS_DIR; };
		DBBFC0761F7D55D400BB0ABD /* AppDelegate.h */ = {isa = PBXFileReference; lastKnownFileType = sourcecode.c.h; path = AppDelegate.h; sourceTree = "<group>"; };
		DBBFC0771F7D55D400BB0ABD /* AppDelegate.m */ = {isa = PBXFileReference; lastKnownFileType = sourcecode.c.objc; path = AppDelegate.m; sourceTree = "<group>"; };
		DBBFC0791F7D55D400BB0ABD /* MainViewController.h */ = {isa = PBXFileReference; lastKnownFileType = sourcecode.c.h; path = MainViewController.h; sourceTree = "<group>"; };
		DBBFC07A1F7D55D400BB0ABD /* MainViewController.m */ = {isa = PBXFileReference; lastKnownFileType = sourcecode.c.objc; path = MainViewController.m; sourceTree = "<group>"; };
		DBBFC07D1F7D55D400BB0ABD /* Base */ = {isa = PBXFileReference; lastKnownFileType = file.storyboard; name = Base; path = Base.lproj/Main.storyboard; sourceTree = "<group>"; };
		DBBFC07F1F7D55D400BB0ABD /* Assets.xcassets */ = {isa = PBXFileReference; lastKnownFileType = folder.assetcatalog; path = Assets.xcassets; sourceTree = "<group>"; };
		DBBFC0821F7D55D400BB0ABD /* Base */ = {isa = PBXFileReference; lastKnownFileType = file.storyboard; name = Base; path = Base.lproj/LaunchScreen.storyboard; sourceTree = "<group>"; };
		DBBFC0841F7D55D400BB0ABD /* Info.plist */ = {isa = PBXFileReference; lastKnownFileType = text.plist.xml; path = Info.plist; sourceTree = "<group>"; };
		DBBFC0851F7D55D400BB0ABD /* main.m */ = {isa = PBXFileReference; lastKnownFileType = sourcecode.c.objc; path = main.m; sourceTree = "<group>"; };
		DBBFC0921F7D609A00BB0ABD /* VNCServer.framework */ = {isa = PBXFileReference; explicitFileType = wrapper.framework; includeInIndex = 0; path = VNCServer.framework; sourceTree = BUILT_PRODUCTS_DIR; };
		DBBFC0941F7D609A00BB0ABD /* VNCServer.h */ = {isa = PBXFileReference; lastKnownFileType = sourcecode.c.h; path = VNCServer.h; sourceTree = "<group>"; };
		DBBFC0951F7D609A00BB0ABD /* Info.plist */ = {isa = PBXFileReference; lastKnownFileType = text.plist.xml; path = Info.plist; sourceTree = "<group>"; };
		DBBFC0FD1F7D698700BB0ABD /* draw.c */ = {isa = PBXFileReference; fileEncoding = 4; lastKnownFileType = sourcecode.c.c; name = draw.c; path = libvncserver/libvncserver/draw.c; sourceTree = "<group>"; };
		DBBFC0FE1F7D698700BB0ABD /* main.c */ = {isa = PBXFileReference; fileEncoding = 4; lastKnownFileType = sourcecode.c.c; name = main.c; path = libvncserver/libvncserver/main.c; sourceTree = "<group>"; };
		DBBFC0FF1F7D698700BB0ABD /* httpd.c */ = {isa = PBXFileReference; fileEncoding = 4; lastKnownFileType = sourcecode.c.c; name = httpd.c; path = libvncserver/libvncserver/httpd.c; sourceTree = "<group>"; };
		DBBFC1001F7D698700BB0ABD /* auth.c */ = {isa = PBXFileReference; fileEncoding = 4; lastKnownFileType = sourcecode.c.c; name = auth.c; path = libvncserver/libvncserver/auth.c; sourceTree = "<group>"; };
		DBBFC1011F7D698700BB0ABD /* cargs.c */ = {isa = PBXFileReference; fileEncoding = 4; lastKnownFileType = sourcecode.c.c; name = cargs.c; path = libvncserver/libvncserver/cargs.c; sourceTree = "<group>"; };
		DBBFC1021F7D698700BB0ABD /* corre.c */ = {isa = PBXFileReference; fileEncoding = 4; lastKnownFileType = sourcecode.c.c; name = corre.c; path = libvncserver/libvncserver/corre.c; sourceTree = "<group>"; };
		DBBFC1031F7D698700BB0ABD /* cursor.c */ = {isa = PBXFileReference; fileEncoding = 4; lastKnownFileType = sourcecode.c.c; name = cursor.c; path = libvncserver/libvncserver/cursor.c; sourceTree = "<group>"; };
		DBBFC1041F7D698700BB0ABD /* font.c */ = {isa = PBXFileReference; fileEncoding = 4; lastKnownFileType = sourcecode.c.c; name = font.c; path = libvncserver/libvncserver/font.c; sourceTree = "<group>"; };
		DBBFC1051F7D698700BB0ABD /* hextile.c */ = {isa = PBXFileReference; fileEncoding = 4; lastKnownFileType = sourcecode.c.c; name = hextile.c; path = libvncserver/libvncserver/hextile.c; sourceTree = "<group>"; };
		DBBFC1061F7D698700BB0ABD /* cutpaste.c */ = {isa = PBXFileReference; fileEncoding = 4; lastKnownFileType = sourcecode.c.c; name = cutpaste.c; path = libvncserver/libvncserver/cutpaste.c; sourceTree = "<group>"; };
		DBBFC1111F7D69BA00BB0ABD /* tight.c */ = {isa = PBXFileReference; fileEncoding = 4; lastKnownFileType = sourcecode.c.c; name = tight.c; path = libvncserver/libvncserver/tight.c; sourceTree = "<group>"; };
		DBBFC1121F7D69BA00BB0ABD /* selbox.c */ = {isa = PBXFileReference; fileEncoding = 4; lastKnownFileType = sourcecode.c.c; name = selbox.c; path = libvncserver/libvncserver/selbox.c; sourceTree = "<group>"; };
		DBBFC1131F7D69BA00BB0ABD /* stats.c */ = {isa = PBXFileReference; fileEncoding = 4; lastKnownFileType = sourcecode.c.c; name = stats.c; path = libvncserver/libvncserver/stats.c; sourceTree = "<group>"; };
		DBBFC1141F7D69BA00BB0ABD /* rfbregion.c */ = {isa = PBXFileReference; fileEncoding = 4; lastKnownFileType = sourcecode.c.c; name = rfbregion.c; path = libvncserver/libvncserver/rfbregion.c; sourceTree = "<group>"; };
		DBBFC1151F7D69BA00BB0ABD /* translate.c */ = {isa = PBXFileReference; fileEncoding = 4; lastKnownFileType = sourcecode.c.c; name = translate.c; path = libvncserver/libvncserver/translate.c; sourceTree = "<group>"; };
		DBBFC1161F7D69BA00BB0ABD /* rfbserver.c */ = {isa = PBXFileReference; fileEncoding = 4; lastKnownFileType = sourcecode.c.c; name = rfbserver.c; path = libvncserver/libvncserver/rfbserver.c; sourceTree = "<group>"; };
		DBBFC1171F7D69BA00BB0ABD /* zrlepalettehelper.c */ = {isa = PBXFileReference; fileEncoding = 4; lastKnownFileType = sourcecode.c.c; name = zrlepalettehelper.c; path = libvncserver/libvncserver/zrlepalettehelper.c; sourceTree = "<group>"; };
		DBBFC1181F7D69BA00BB0ABD /* rre.c */ = {isa = PBXFileReference; fileEncoding = 4; lastKnownFileType = sourcecode.c.c; name = rre.c; path = libvncserver/libvncserver/rre.c; sourceTree = "<group>"; };
		DBBFC1191F7D69BA00BB0ABD /* sockets.c */ = {isa = PBXFileReference; fileEncoding = 4; lastKnownFileType = sourcecode.c.c; name = sockets.c; path = libvncserver/libvncserver/sockets.c; sourceTree = "<group>"; };
		DBBFC11A1F7D69BA00BB0ABD /* scale.c */ = {isa = PBXFileReference; fileEncoding = 4; lastKnownFileType = sourcecode.c.c; name = scale.c; path = libvncserver/libvncserver/scale.c; sourceTree = "<group>"; };
		DBBFC11B1F7D69BB00BB0ABD /* zrle.c */ = {isa = PBXFileReference; fileEncoding = 4; lastKnownFileType = sourcecode.c.c; name = zrle.c; path = libvncserver/libvncserver/zrle.c; sourceTree = "<group>"; };
		DBBFC11C1F7D69BB00BB0ABD /* ultra.c */ = {isa = PBXFileReference; fileEncoding = 4; lastKnownFileType = sourcecode.c.c; name = ultra.c; path = libvncserver/libvncserver/ultra.c; sourceTree = "<group>"; };
		DBBFC11D1F7D69BB00BB0ABD /* zrleoutstream.c */ = {isa = PBXFileReference; fileEncoding = 4; lastKnownFileType = sourcecode.c.c; name = zrleoutstream.c; path = libvncserver/libvncserver/zrleoutstream.c; sourceTree = "<group>"; };
		DBBFC11E1F7D69BB00BB0ABD /* zlib.c */ = {isa = PBXFileReference; fileEncoding = 4; lastKnownFileType = sourcecode.c.c; name = zlib.c; path = libvncserver/libvncserver/zlib.c; sourceTree = "<group>"; };
		DBBFC12F1F7D6BA300BB0ABD /* pngpread.c */ = {isa = PBXFileReference; fileEncoding = 4; lastKnownFileType = sourcecode.c.c; name = pngpread.c; path = libpng/pngpread.c; sourceTree = "<group>"; };
		DBBFC1301F7D6BA300BB0ABD /* pngget.c */ = {isa = PBXFileReference; fileEncoding = 4; lastKnownFileType = sourcecode.c.c; name = pngget.c; path = libpng/pngget.c; sourceTree = "<group>"; };
		DBBFC1311F7D6BA300BB0ABD /* pngrio.c */ = {isa = PBXFileReference; fileEncoding = 4; lastKnownFileType = sourcecode.c.c; name = pngrio.c; path = libpng/pngrio.c; sourceTree = "<group>"; };
		DBBFC1321F7D6BA300BB0ABD /* png.c */ = {isa = PBXFileReference; fileEncoding = 4; lastKnownFileType = sourcecode.c.c; name = png.c; path = libpng/png.c; sourceTree = "<group>"; };
		DBBFC1331F7D6BA300BB0ABD /* pngmem.c */ = {isa = PBXFileReference; fileEncoding = 4; lastKnownFileType = sourcecode.c.c; name = pngmem.c; path = libpng/pngmem.c; sourceTree = "<group>"; };
		DBBFC1341F7D6BA300BB0ABD /* pngwio.c */ = {isa = PBXFileReference; fileEncoding = 4; lastKnownFileType = sourcecode.c.c; name = pngwio.c; path = libpng/pngwio.c; sourceTree = "<group>"; };
		DBBFC1351F7D6BA300BB0ABD /* pngwrite.c */ = {isa = PBXFileReference; fileEncoding = 4; lastKnownFileType = sourcecode.c.c; name = pngwrite.c; path = libpng/pngwrite.c; sourceTree = "<group>"; };
		DBBFC1361F7D6BA300BB0ABD /* pngrutil.c */ = {isa = PBXFileReference; fileEncoding = 4; lastKnownFileType = sourcecode.c.c; name = pngrutil.c; path = libpng/pngrutil.c; sourceTree = "<group>"; };
		DBBFC1371F7D6BA400BB0ABD /* pngtrans.c */ = {isa = PBXFileReference; fileEncoding = 4; lastKnownFileType = sourcecode.c.c; name = pngtrans.c; path = libpng/pngtrans.c; sourceTree = "<group>"; };
		DBBFC1381F7D6BA400BB0ABD /* pngrtran.c */ = {isa = PBXFileReference; fileEncoding = 4; lastKnownFileType = sourcecode.c.c; name = pngrtran.c; path = libpng/pngrtran.c; sourceTree = "<group>"; };
		DBBFC1391F7D6BA400BB0ABD /* pngwtran.c */ = {isa = PBXFileReference; fileEncoding = 4; lastKnownFileType = sourcecode.c.c; name = pngwtran.c; path = libpng/pngwtran.c; sourceTree = "<group>"; };
		DBBFC13A1F7D6BA400BB0ABD /* pngwutil.c */ = {isa = PBXFileReference; fileEncoding = 4; lastKnownFileType = sourcecode.c.c; name = pngwutil.c; path = libpng/pngwutil.c; sourceTree = "<group>"; };
		DBBFC13B1F7D6BA400BB0ABD /* pngerror.c */ = {isa = PBXFileReference; fileEncoding = 4; lastKnownFileType = sourcecode.c.c; name = pngerror.c; path = libpng/pngerror.c; sourceTree = "<group>"; };
		DBBFC13C1F7D6BA400BB0ABD /* pngset.c */ = {isa = PBXFileReference; fileEncoding = 4; lastKnownFileType = sourcecode.c.c; name = pngset.c; path = libpng/pngset.c; sourceTree = "<group>"; };
		DBBFC13D1F7D6BA400BB0ABD /* pngread.c */ = {isa = PBXFileReference; fileEncoding = 4; lastKnownFileType = sourcecode.c.c; name = pngread.c; path = libpng/pngread.c; sourceTree = "<group>"; };
		DBBFC14E1F7D6C6300BB0ABD /* jfdctflt.c */ = {isa = PBXFileReference; fileEncoding = 4; lastKnownFileType = sourcecode.c.c; name = jfdctflt.c; path = jpeg/jfdctflt.c; sourceTree = "<group>"; };
		DBBFC14F1F7D6C6300BB0ABD /* jcapistd.c */ = {isa = PBXFileReference; fileEncoding = 4; lastKnownFileType = sourcecode.c.c; name = jcapistd.c; path = jpeg/jcapistd.c; sourceTree = "<group>"; };
		DBBFC1501F7D6C6300BB0ABD /* jdarith.c */ = {isa = PBXFileReference; fileEncoding = 4; lastKnownFileType = sourcecode.c.c; name = jdarith.c; path = jpeg/jdarith.c; sourceTree = "<group>"; };
		DBBFC1511F7D6C6300BB0ABD /* jcmarker.c */ = {isa = PBXFileReference; fileEncoding = 4; lastKnownFileType = sourcecode.c.c; name = jcmarker.c; path = jpeg/jcmarker.c; sourceTree = "<group>"; };
		DBBFC1521F7D6C6300BB0ABD /* jmemmgr.c */ = {isa = PBXFileReference; fileEncoding = 4; lastKnownFileType = sourcecode.c.c; name = jmemmgr.c; path = jpeg/jmemmgr.c; sourceTree = "<group>"; };
		DBBFC1531F7D6C6300BB0ABD /* jidctint.c */ = {isa = PBXFileReference; fileEncoding = 4; lastKnownFileType = sourcecode.c.c; name = jidctint.c; path = jpeg/jidctint.c; sourceTree = "<group>"; };
		DBBFC1541F7D6C6300BB0ABD /* jctrans.c */ = {isa = PBXFileReference; fileEncoding = 4; lastKnownFileType = sourcecode.c.c; name = jctrans.c; path = jpeg/jctrans.c; sourceTree = "<group>"; };
		DBBFC1551F7D6C6300BB0ABD /* jcparam.c */ = {isa = PBXFileReference; fileEncoding = 4; lastKnownFileType = sourcecode.c.c; name = jcparam.c; path = jpeg/jcparam.c; sourceTree = "<group>"; };
		DBBFC1561F7D6C6300BB0ABD /* jdapistd.c */ = {isa = PBXFileReference; fileEncoding = 4; lastKnownFileType = sourcecode.c.c; name = jdapistd.c; path = jpeg/jdapistd.c; sourceTree = "<group>"; };
		DBBFC1571F7D6C6300BB0ABD /* jdpostct.c */ = {isa = PBXFileReference; fileEncoding = 4; lastKnownFileType = sourcecode.c.c; name = jdpostct.c; path = jpeg/jdpostct.c; sourceTree = "<group>"; };
		DBBFC1581F7D6C6300BB0ABD /* jcmainct.c */ = {isa = PBXFileReference; fileEncoding = 4; lastKnownFileType = sourcecode.c.c; name = jcmainct.c; path = jpeg/jcmainct.c; sourceTree = "<group>"; };
		DBBFC1591F7D6C6300BB0ABD /* jdapimin.c */ = {isa = PBXFileReference; fileEncoding = 4; lastKnownFileType = sourcecode.c.c; name = jdapimin.c; path = jpeg/jdapimin.c; sourceTree = "<group>"; };
		DBBFC15A1F7D6C6300BB0ABD /* jdhuff.c */ = {isa = PBXFileReference; fileEncoding = 4; lastKnownFileType = sourcecode.c.c; name = jdhuff.c; path = jpeg/jdhuff.c; sourceTree = "<group>"; };
		DBBFC15B1F7D6C6400BB0ABD /* jcdctmgr.c */ = {isa = PBXFileReference; fileEncoding = 4; lastKnownFileType = sourcecode.c.c; name = jcdctmgr.c; path = jpeg/jcdctmgr.c; sourceTree = "<group>"; };
		DBBFC15C1F7D6C6400BB0ABD /* jfdctint.c */ = {isa = PBXFileReference; fileEncoding = 4; lastKnownFileType = sourcecode.c.c; name = jfdctint.c; path = jpeg/jfdctint.c; sourceTree = "<group>"; };
		DBBFC15D1F7D6C6400BB0ABD /* jdmaster.c */ = {isa = PBXFileReference; fileEncoding = 4; lastKnownFileType = sourcecode.c.c; name = jdmaster.c; path = jpeg/jdmaster.c; sourceTree = "<group>"; };
		DBBFC15E1F7D6C6400BB0ABD /* jutils.c */ = {isa = PBXFileReference; fileEncoding = 4; lastKnownFileType = sourcecode.c.c; name = jutils.c; path = jpeg/jutils.c; sourceTree = "<group>"; };
		DBBFC15F1F7D6C6400BB0ABD /* jcprepct.c */ = {isa = PBXFileReference; fileEncoding = 4; lastKnownFileType = sourcecode.c.c; name = jcprepct.c; path = jpeg/jcprepct.c; sourceTree = "<group>"; };
		DBBFC1601F7D6C6400BB0ABD /* jdcoefct.c */ = {isa = PBXFileReference; fileEncoding = 4; lastKnownFileType = sourcecode.c.c; name = jdcoefct.c; path = jpeg/jdcoefct.c; sourceTree = "<group>"; };
		DBBFC1611F7D6C6400BB0ABD /* jcapimin.c */ = {isa = PBXFileReference; fileEncoding = 4; lastKnownFileType = sourcecode.c.c; name = jcapimin.c; path = jpeg/jcapimin.c; sourceTree = "<group>"; };
		DBBFC1621F7D6C6400BB0ABD /* jchuff.c */ = {isa = PBXFileReference; fileEncoding = 4; lastKnownFileType = sourcecode.c.c; name = jchuff.c; path = jpeg/jchuff.c; sourceTree = "<group>"; };
		DBBFC1631F7D6C6400BB0ABD /* jcinit.c */ = {isa = PBXFileReference; fileEncoding = 4; lastKnownFileType = sourcecode.c.c; name = jcinit.c; path = jpeg/jcinit.c; sourceTree = "<group>"; };
		DBBFC1641F7D6C6400BB0ABD /* jidctfst.c */ = {isa = PBXFileReference; fileEncoding = 4; lastKnownFileType = sourcecode.c.c; name = jidctfst.c; path = jpeg/jidctfst.c; sourceTree = "<group>"; };
		DBBFC1651F7D6C6500BB0ABD /* jddctmgr.c */ = {isa = PBXFileReference; fileEncoding = 4; lastKnownFileType = sourcecode.c.c; name = jddctmgr.c; path = jpeg/jddctmgr.c; sourceTree = "<group>"; };
		DBBFC1661F7D6C6500BB0ABD /* jccoefct.c */ = {isa = PBXFileReference; fileEncoding = 4; lastKnownFileType = sourcecode.c.c; name = jccoefct.c; path = jpeg/jccoefct.c; sourceTree = "<group>"; };
		DBBFC1671F7D6C6500BB0ABD /* jquant2.c */ = {isa = PBXFileReference; fileEncoding = 4; lastKnownFileType = sourcecode.c.c; name = jquant2.c; path = jpeg/jquant2.c; sourceTree = "<group>"; };
		DBBFC1681F7D6C6500BB0ABD /* jerror.c */ = {isa = PBXFileReference; fileEncoding = 4; lastKnownFileType = sourcecode.c.c; name = jerror.c; path = jpeg/jerror.c; sourceTree = "<group>"; };
		DBBFC1691F7D6C6500BB0ABD /* jccolor.c */ = {isa = PBXFileReference; fileEncoding = 4; lastKnownFileType = sourcecode.c.c; name = jccolor.c; path = jpeg/jccolor.c; sourceTree = "<group>"; };
		DBBFC16A1F7D6C6500BB0ABD /* jcmaster.c */ = {isa = PBXFileReference; fileEncoding = 4; lastKnownFileType = sourcecode.c.c; name = jcmaster.c; path = jpeg/jcmaster.c; sourceTree = "<group>"; };
		DBBFC16B1F7D6C6500BB0ABD /* jaricom.c */ = {isa = PBXFileReference; fileEncoding = 4; lastKnownFileType = sourcecode.c.c; name = jaricom.c; path = jpeg/jaricom.c; sourceTree = "<group>"; };
		DBBFC16C1F7D6C6600BB0ABD /* jdmainct.c */ = {isa = PBXFileReference; fileEncoding = 4; lastKnownFileType = sourcecode.c.c; name = jdmainct.c; path = jpeg/jdmainct.c; sourceTree = "<group>"; };
		DBBFC16D1F7D6C6600BB0ABD /* jdatadst.c */ = {isa = PBXFileReference; fileEncoding = 4; lastKnownFileType = sourcecode.c.c; name = jdatadst.c; path = jpeg/jdatadst.c; sourceTree = "<group>"; };
		DBBFC16E1F7D6C6600BB0ABD /* jdtrans.c */ = {isa = PBXFileReference; fileEncoding = 4; lastKnownFileType = sourcecode.c.c; name = jdtrans.c; path = jpeg/jdtrans.c; sourceTree = "<group>"; };
		DBBFC16F1F7D6C6600BB0ABD /* jdatasrc.c */ = {isa = PBXFileReference; fileEncoding = 4; lastKnownFileType = sourcecode.c.c; name = jdatasrc.c; path = jpeg/jdatasrc.c; sourceTree = "<group>"; };
		DBBFC1701F7D6C6600BB0ABD /* jdsample.c */ = {isa = PBXFileReference; fileEncoding = 4; lastKnownFileType = sourcecode.c.c; name = jdsample.c; path = jpeg/jdsample.c; sourceTree = "<group>"; };
		DBBFC1711F7D6C6600BB0ABD /* jcomapi.c */ = {isa = PBXFileReference; fileEncoding = 4; lastKnownFileType = sourcecode.c.c; name = jcomapi.c; path = jpeg/jcomapi.c; sourceTree = "<group>"; };
		DBBFC1721F7D6C6700BB0ABD /* jdinput.c */ = {isa = PBXFileReference; fileEncoding = 4; lastKnownFileType = sourcecode.c.c; name = jdinput.c; path = jpeg/jdinput.c; sourceTree = "<group>"; };
		DBBFC1731F7D6C6700BB0ABD /* jcarith.c */ = {isa = PBXFileReference; fileEncoding = 4; lastKnownFileType = sourcecode.c.c; name = jcarith.c; path = jpeg/jcarith.c; sourceTree = "<group>"; };
		DBBFC1741F7D6C6700BB0ABD /* jfdctfst.c */ = {isa = PBXFileReference; fileEncoding = 4; lastKnownFileType = sourcecode.c.c; name = jfdctfst.c; path = jpeg/jfdctfst.c; sourceTree = "<group>"; };
		DBBFC1751F7D6C6700BB0ABD /* jidctflt.c */ = {isa = PBXFileReference; fileEncoding = 4; lastKnownFileType = sourcecode.c.c; name = jidctflt.c; path = jpeg/jidctflt.c; sourceTree = "<group>"; };
		DBBFC1761F7D6C6700BB0ABD /* jcsample.c */ = {isa = PBXFileReference; fileEncoding = 4; lastKnownFileType = sourcecode.c.c; name = jcsample.c; path = jpeg/jcsample.c; sourceTree = "<group>"; };
		DBBFC1771F7D6C6700BB0ABD /* jdcolor.c */ = {isa = PBXFileReference; fileEncoding = 4; lastKnownFileType = sourcecode.c.c; name = jdcolor.c; path = jpeg/jdcolor.c; sourceTree = "<group>"; };
		DBBFC1781F7D6C6800BB0ABD /* jdmarker.c */ = {isa = PBXFileReference; fileEncoding = 4; lastKnownFileType = sourcecode.c.c; name = jdmarker.c; path = jpeg/jdmarker.c; sourceTree = "<group>"; };
		DBBFC1791F7D6C6800BB0ABD /* jquant1.c */ = {isa = PBXFileReference; fileEncoding = 4; lastKnownFileType = sourcecode.c.c; name = jquant1.c; path = jpeg/jquant1.c; sourceTree = "<group>"; };
		DBBFC17A1F7D6C6800BB0ABD /* jdmerge.c */ = {isa = PBXFileReference; fileEncoding = 4; lastKnownFileType = sourcecode.c.c; name = jdmerge.c; path = jpeg/jdmerge.c; sourceTree = "<group>"; };
		DBBFC1A81F7D6DF000BB0ABD /* minilzo.c */ = {isa = PBXFileReference; fileEncoding = 4; lastKnownFileType = sourcecode.c.c; name = minilzo.c; path = libvncserver/common/minilzo.c; sourceTree = "<group>"; };
		DBBFC1A91F7D6DF100BB0ABD /* turbojpeg.c */ = {isa = PBXFileReference; fileEncoding = 4; lastKnownFileType = sourcecode.c.c; name = turbojpeg.c; path = libvncserver/common/turbojpeg.c; sourceTree = "<group>"; };
		DBBFC1AA1F7D6DF100BB0ABD /* d3des.c */ = {isa = PBXFileReference; fileEncoding = 4; lastKnownFileType = sourcecode.c.c; name = d3des.c; path = libvncserver/common/d3des.c; sourceTree = "<group>"; };
		DBBFC1AB1F7D6DF100BB0ABD /* vncauth.c */ = {isa = PBXFileReference; fileEncoding = 4; lastKnownFileType = sourcecode.c.c; name = vncauth.c; path = libvncserver/common/vncauth.c; sourceTree = "<group>"; };
		DBD6065C1F7D9EE700DFB3E7 /* VNCServer.m */ = {isa = PBXFileReference; lastKnownFileType = sourcecode.c.objc; path = VNCServer.m; sourceTree = "<group>"; };
/* End PBXFileReference section */

/* Begin PBXFrameworksBuildPhase section */
		DB6EE1DA1F7C5D20009B028B /* Frameworks */ = {
			isa = PBXFrameworksBuildPhase;
			buildActionMask = 2147483647;
			files = (
				DB86289A1F7D77DD00849DFB /* VNCServer.framework in Frameworks */,
				DB3EFDA31F80FC620070E432 /* SeaCatClient.framework in Frameworks */,
			);
			runOnlyForDeploymentPostprocessing = 0;
		};
		DBBFC0711F7D55D400BB0ABD /* Frameworks */ = {
			isa = PBXFrameworksBuildPhase;
			buildActionMask = 2147483647;
			files = (
				DBBFC08A1F7D55E600BB0ABD /* CatVisionIO.framework in Frameworks */,
				DB8628A71F7D865100849DFB /* VNCServer.framework in Frameworks */,
				DB3EFDA41F80FC740070E432 /* SeaCatClient.framework in Frameworks */,
			);
			runOnlyForDeploymentPostprocessing = 0;
		};
		DBBFC08E1F7D609A00BB0ABD /* Frameworks */ = {
			isa = PBXFrameworksBuildPhase;
			buildActionMask = 2147483647;
			files = (
			);
			runOnlyForDeploymentPostprocessing = 0;
		};
/* End PBXFrameworksBuildPhase section */

/* Begin PBXGroup section */
		DB6EE1DF1F7C5D20009B028B /* Products */ = {
			isa = PBXGroup;
			children = (
				DB6EE1DE1F7C5D20009B028B /* CatVisionIO.framework */,
				DBBFC0741F7D55D400BB0ABD /* app.app */,
				DBBFC0921F7D609A00BB0ABD /* VNCServer.framework */,
			);
			name = Products;
			sourceTree = "<group>";
		};
		DB6EE1E01F7C5D20009B028B /* ios */ = {
			isa = PBXGroup;
			children = (
				DB6EE1E11F7C5D20009B028B /* CatVisionIO.h */,
				DB1AEB781F805340003347EB /* CatVisionIO.m */,
				DB6EE1E21F7C5D20009B028B /* Info.plist */,
			);
			path = ios;
			sourceTree = "<group>";
		};
		DB6EE1E71F7C5D6B009B028B /* Frameworks */ = {
			isa = PBXGroup;
			children = (
				DB3EFDA21F80FC610070E432 /* SeaCatClient.framework */,
			);
			name = Frameworks;
			sourceTree = "<group>";
		};
		DB9118DA1F7C576200C6CF5F = {
			isa = PBXGroup;
			children = (
				DB3EFDA51F80FC8A0070E432 /* SeaCatClient.framework */,
				DB6EE1E01F7C5D20009B028B /* ios */,
				DBBFC0751F7D55D400BB0ABD /* app */,
				DBBFC0931F7D609A00BB0ABD /* VNCServer */,
				DB6EE1DF1F7C5D20009B028B /* Products */,
				DB6EE1E71F7C5D6B009B028B /* Frameworks */,
			);
			sourceTree = "<group>";
			usesTabs = 1;
		};
		DBBFC0751F7D55D400BB0ABD /* app */ = {
			isa = PBXGroup;
			children = (
				DBBFC0761F7D55D400BB0ABD /* AppDelegate.h */,
				DBBFC0771F7D55D400BB0ABD /* AppDelegate.m */,
				DBBFC0791F7D55D400BB0ABD /* MainViewController.h */,
				DBBFC07A1F7D55D400BB0ABD /* MainViewController.m */,
				DBBFC07F1F7D55D400BB0ABD /* Assets.xcassets */,
				DBBFC07C1F7D55D400BB0ABD /* Main.storyboard */,
				DBBFC0811F7D55D400BB0ABD /* LaunchScreen.storyboard */,
				DBBFC0841F7D55D400BB0ABD /* Info.plist */,
				DBBFC0851F7D55D400BB0ABD /* main.m */,
			);
			path = app;
			sourceTree = "<group>";
		};
		DBBFC0931F7D609A00BB0ABD /* VNCServer */ = {
			isa = PBXGroup;
			children = (
				DBBFC14D1F7D6BE300BB0ABD /* jpeg */,
				DBBFC12E1F7D6B1F00BB0ABD /* libpng */,
				DBBFC0FC1F7D673200BB0ABD /* libvncserver */,
				DBBFC0941F7D609A00BB0ABD /* VNCServer.h */,
				DBD6065C1F7D9EE700DFB3E7 /* VNCServer.m */,
				DBBFC0951F7D609A00BB0ABD /* Info.plist */,
			);
			path = VNCServer;
			sourceTree = "<group>";
		};
		DBBFC0FC1F7D673200BB0ABD /* libvncserver */ = {
			isa = PBXGroup;
			children = (
				DBBFC1001F7D698700BB0ABD /* auth.c */,
				DBBFC1011F7D698700BB0ABD /* cargs.c */,
				DBBFC1021F7D698700BB0ABD /* corre.c */,
				DBBFC1031F7D698700BB0ABD /* cursor.c */,
				DBBFC1061F7D698700BB0ABD /* cutpaste.c */,
				DBBFC0FD1F7D698700BB0ABD /* draw.c */,
				DBBFC1041F7D698700BB0ABD /* font.c */,
				DBBFC1051F7D698700BB0ABD /* hextile.c */,
				DBBFC0FF1F7D698700BB0ABD /* httpd.c */,
				DBBFC0FE1F7D698700BB0ABD /* main.c */,
				DBBFC1141F7D69BA00BB0ABD /* rfbregion.c */,
				DBBFC1161F7D69BA00BB0ABD /* rfbserver.c */,
				DBBFC1181F7D69BA00BB0ABD /* rre.c */,
				DBBFC11A1F7D69BA00BB0ABD /* scale.c */,
				DBBFC1121F7D69BA00BB0ABD /* selbox.c */,
				DBBFC1191F7D69BA00BB0ABD /* sockets.c */,
				DBBFC1131F7D69BA00BB0ABD /* stats.c */,
				DBBFC1111F7D69BA00BB0ABD /* tight.c */,
				DBBFC1151F7D69BA00BB0ABD /* translate.c */,
				DBBFC11C1F7D69BB00BB0ABD /* ultra.c */,
				DBBFC11E1F7D69BB00BB0ABD /* zlib.c */,
				DBBFC11B1F7D69BB00BB0ABD /* zrle.c */,
				DBBFC11D1F7D69BB00BB0ABD /* zrleoutstream.c */,
				DBBFC1171F7D69BA00BB0ABD /* zrlepalettehelper.c */,
				DBBFC1AA1F7D6DF100BB0ABD /* d3des.c */,
				DBBFC1A81F7D6DF000BB0ABD /* minilzo.c */,
				DBBFC1A91F7D6DF100BB0ABD /* turbojpeg.c */,
				DBBFC1AB1F7D6DF100BB0ABD /* vncauth.c */,
			);
			name = libvncserver;
			sourceTree = "<group>";
		};
		DBBFC12E1F7D6B1F00BB0ABD /* libpng */ = {
			isa = PBXGroup;
			children = (
				DBBFC1321F7D6BA300BB0ABD /* png.c */,
				DBBFC13B1F7D6BA400BB0ABD /* pngerror.c */,
				DBBFC1301F7D6BA300BB0ABD /* pngget.c */,
				DBBFC1331F7D6BA300BB0ABD /* pngmem.c */,
				DBBFC12F1F7D6BA300BB0ABD /* pngpread.c */,
				DBBFC13D1F7D6BA400BB0ABD /* pngread.c */,
				DBBFC1311F7D6BA300BB0ABD /* pngrio.c */,
				DBBFC1381F7D6BA400BB0ABD /* pngrtran.c */,
				DBBFC1361F7D6BA300BB0ABD /* pngrutil.c */,
				DBBFC13C1F7D6BA400BB0ABD /* pngset.c */,
				DBBFC1371F7D6BA400BB0ABD /* pngtrans.c */,
				DBBFC1341F7D6BA300BB0ABD /* pngwio.c */,
				DBBFC1351F7D6BA300BB0ABD /* pngwrite.c */,
				DBBFC1391F7D6BA400BB0ABD /* pngwtran.c */,
				DBBFC13A1F7D6BA400BB0ABD /* pngwutil.c */,
				DB86289E1F7D83F000849DFB /* arm_init.c */,
				DB8628A01F7D842900849DFB /* filter_neon_intrinsics.c */,
			);
			name = libpng;
			sourceTree = "<group>";
		};
		DBBFC14D1F7D6BE300BB0ABD /* jpeg */ = {
			isa = PBXGroup;
			children = (
				DBBFC16B1F7D6C6500BB0ABD /* jaricom.c */,
				DBBFC1611F7D6C6400BB0ABD /* jcapimin.c */,
				DBBFC14F1F7D6C6300BB0ABD /* jcapistd.c */,
				DBBFC1731F7D6C6700BB0ABD /* jcarith.c */,
				DBBFC1661F7D6C6500BB0ABD /* jccoefct.c */,
				DBBFC1691F7D6C6500BB0ABD /* jccolor.c */,
				DBBFC15B1F7D6C6400BB0ABD /* jcdctmgr.c */,
				DBBFC1621F7D6C6400BB0ABD /* jchuff.c */,
				DBBFC1631F7D6C6400BB0ABD /* jcinit.c */,
				DBBFC1581F7D6C6300BB0ABD /* jcmainct.c */,
				DBBFC1511F7D6C6300BB0ABD /* jcmarker.c */,
				DBBFC16A1F7D6C6500BB0ABD /* jcmaster.c */,
				DBBFC1711F7D6C6600BB0ABD /* jcomapi.c */,
				DBBFC1551F7D6C6300BB0ABD /* jcparam.c */,
				DBBFC15F1F7D6C6400BB0ABD /* jcprepct.c */,
				DBBFC1761F7D6C6700BB0ABD /* jcsample.c */,
				DBBFC1541F7D6C6300BB0ABD /* jctrans.c */,
				DBBFC1591F7D6C6300BB0ABD /* jdapimin.c */,
				DBBFC1561F7D6C6300BB0ABD /* jdapistd.c */,
				DBBFC1501F7D6C6300BB0ABD /* jdarith.c */,
				DBBFC16D1F7D6C6600BB0ABD /* jdatadst.c */,
				DBBFC16F1F7D6C6600BB0ABD /* jdatasrc.c */,
				DBBFC1601F7D6C6400BB0ABD /* jdcoefct.c */,
				DBBFC1771F7D6C6700BB0ABD /* jdcolor.c */,
				DBBFC1651F7D6C6500BB0ABD /* jddctmgr.c */,
				DBBFC15A1F7D6C6300BB0ABD /* jdhuff.c */,
				DBBFC1721F7D6C6700BB0ABD /* jdinput.c */,
				DBBFC16C1F7D6C6600BB0ABD /* jdmainct.c */,
				DBBFC1781F7D6C6800BB0ABD /* jdmarker.c */,
				DBBFC15D1F7D6C6400BB0ABD /* jdmaster.c */,
				DBBFC17A1F7D6C6800BB0ABD /* jdmerge.c */,
				DBBFC1571F7D6C6300BB0ABD /* jdpostct.c */,
				DBBFC1701F7D6C6600BB0ABD /* jdsample.c */,
				DBBFC16E1F7D6C6600BB0ABD /* jdtrans.c */,
				DBBFC1681F7D6C6500BB0ABD /* jerror.c */,
				DBBFC14E1F7D6C6300BB0ABD /* jfdctflt.c */,
				DBBFC1741F7D6C6700BB0ABD /* jfdctfst.c */,
				DBBFC15C1F7D6C6400BB0ABD /* jfdctint.c */,
				DBBFC1751F7D6C6700BB0ABD /* jidctflt.c */,
				DBBFC1641F7D6C6400BB0ABD /* jidctfst.c */,
				DBBFC1531F7D6C6300BB0ABD /* jidctint.c */,
				DBBFC1521F7D6C6300BB0ABD /* jmemmgr.c */,
				DB8628981F7D77B300849DFB /* jmemnobs.c */,
				DBBFC1791F7D6C6800BB0ABD /* jquant1.c */,
				DBBFC1671F7D6C6500BB0ABD /* jquant2.c */,
				DBBFC15E1F7D6C6400BB0ABD /* jutils.c */,
			);
			name = jpeg;
			sourceTree = "<group>";
		};
/* End PBXGroup section */

/* Begin PBXHeadersBuildPhase section */
		DB6EE1DB1F7C5D20009B028B /* Headers */ = {
			isa = PBXHeadersBuildPhase;
			buildActionMask = 2147483647;
			files = (
				DB6EE1E31F7C5D20009B028B /* CatVisionIO.h in Headers */,
			);
			runOnlyForDeploymentPostprocessing = 0;
		};
		DBBFC08F1F7D609A00BB0ABD /* Headers */ = {
			isa = PBXHeadersBuildPhase;
			buildActionMask = 2147483647;
			files = (
				DBBFC0961F7D609A00BB0ABD /* VNCServer.h in Headers */,
			);
			runOnlyForDeploymentPostprocessing = 0;
		};
/* End PBXHeadersBuildPhase section */

/* Begin PBXNativeTarget section */
		DB6EE1DD1F7C5D20009B028B /* ios */ = {
			isa = PBXNativeTarget;
			buildConfigurationList = DB6EE1E61F7C5D20009B028B /* Build configuration list for PBXNativeTarget "ios" */;
			buildPhases = (
				DB6EE1D91F7C5D20009B028B /* Sources */,
				DB6EE1DA1F7C5D20009B028B /* Frameworks */,
				DB6EE1DB1F7C5D20009B028B /* Headers */,
				DB6EE1DC1F7C5D20009B028B /* Resources */,
				DB86289B1F7D793B00849DFB /* CopyFiles */,
			);
			buildRules = (
			);
			dependencies = (
			);
			name = ios;
			productName = ios;
			productReference = DB6EE1DE1F7C5D20009B028B /* CatVisionIO.framework */;
			productType = "com.apple.product-type.framework";
		};
		DBBFC0731F7D55D400BB0ABD /* app */ = {
			isa = PBXNativeTarget;
			buildConfigurationList = DBBFC0891F7D55D400BB0ABD /* Build configuration list for PBXNativeTarget "app" */;
			buildPhases = (
				DBBFC0701F7D55D400BB0ABD /* Sources */,
				DBBFC0711F7D55D400BB0ABD /* Frameworks */,
				DBBFC0721F7D55D400BB0ABD /* Resources */,
				DB8628A61F7D861900849DFB /* Embed Frameworks */,
			);
			buildRules = (
			);
			dependencies = (
				DB8628A51F7D861900849DFB /* PBXTargetDependency */,
				DB8628AA1F7D865100849DFB /* PBXTargetDependency */,
			);
			name = app;
			productName = app;
			productReference = DBBFC0741F7D55D400BB0ABD /* app.app */;
			productType = "com.apple.product-type.application";
		};
		DBBFC0911F7D609A00BB0ABD /* VNCServer */ = {
			isa = PBXNativeTarget;
			buildConfigurationList = DBBFC0971F7D609A00BB0ABD /* Build configuration list for PBXNativeTarget "VNCServer" */;
			buildPhases = (
				DBD6065F1F7EF90500DFB3E7 /* ShellScript */,
				DBBFC08D1F7D609A00BB0ABD /* Sources */,
				DBBFC08E1F7D609A00BB0ABD /* Frameworks */,
				DBBFC08F1F7D609A00BB0ABD /* Headers */,
				DBBFC0901F7D609A00BB0ABD /* Resources */,
			);
			buildRules = (
			);
			dependencies = (
			);
			name = VNCServer;
			productName = VNCServer;
			productReference = DBBFC0921F7D609A00BB0ABD /* VNCServer.framework */;
			productType = "com.apple.product-type.framework";
		};
/* End PBXNativeTarget section */

/* Begin PBXProject section */
		DB9118DB1F7C576200C6CF5F /* Project object */ = {
			isa = PBXProject;
			attributes = {
				CLASSPREFIX = CVIO;
				LastUpgradeCheck = 0900;
				ORGANIZATIONNAME = TeskaLabs;
				TargetAttributes = {
					DB6EE1DD1F7C5D20009B028B = {
						CreatedOnToolsVersion = 9.0;
						ProvisioningStyle = Automatic;
					};
					DBBFC0731F7D55D400BB0ABD = {
						CreatedOnToolsVersion = 9.0;
						ProvisioningStyle = Automatic;
					};
					DBBFC0911F7D609A00BB0ABD = {
						CreatedOnToolsVersion = 9.0;
						ProvisioningStyle = Automatic;
					};
				};
			};
			buildConfigurationList = DB9118DE1F7C576200C6CF5F /* Build configuration list for PBXProject "CatVisionIO" */;
			compatibilityVersion = "Xcode 8.0";
			developmentRegion = en;
			hasScannedForEncodings = 0;
			knownRegions = (
				en,
				Base,
			);
			mainGroup = DB9118DA1F7C576200C6CF5F;
			productRefGroup = DB6EE1DF1F7C5D20009B028B /* Products */;
			projectDirPath = "";
			projectRoot = "";
			targets = (
				DB6EE1DD1F7C5D20009B028B /* ios */,
				DBBFC0731F7D55D400BB0ABD /* app */,
				DBBFC0911F7D609A00BB0ABD /* VNCServer */,
			);
		};
/* End PBXProject section */

/* Begin PBXResourcesBuildPhase section */
		DB6EE1DC1F7C5D20009B028B /* Resources */ = {
			isa = PBXResourcesBuildPhase;
			buildActionMask = 2147483647;
			files = (
			);
			runOnlyForDeploymentPostprocessing = 0;
		};
		DBBFC0721F7D55D400BB0ABD /* Resources */ = {
			isa = PBXResourcesBuildPhase;
			buildActionMask = 2147483647;
			files = (
				DBBFC0831F7D55D400BB0ABD /* LaunchScreen.storyboard in Resources */,
				DBBFC0801F7D55D400BB0ABD /* Assets.xcassets in Resources */,
				DBBFC07E1F7D55D400BB0ABD /* Main.storyboard in Resources */,
			);
			runOnlyForDeploymentPostprocessing = 0;
		};
		DBBFC0901F7D609A00BB0ABD /* Resources */ = {
			isa = PBXResourcesBuildPhase;
			buildActionMask = 2147483647;
			files = (
			);
			runOnlyForDeploymentPostprocessing = 0;
		};
/* End PBXResourcesBuildPhase section */

/* Begin PBXShellScriptBuildPhase section */
		DBD6065F1F7EF90500DFB3E7 /* ShellScript */ = {
			isa = PBXShellScriptBuildPhase;
			buildActionMask = 2147483647;
			files = (
			);
			inputPaths = (
			);
			outputPaths = (
			);
			runOnlyForDeploymentPostprocessing = 0;
			shellPath = /bin/sh;
			shellScript = "(cd ${PROJECT_DIR}/VNCServer && ./configure.sh)\n";
			showEnvVarsInLog = 0;
		};
/* End PBXShellScriptBuildPhase section */

/* Begin PBXSourcesBuildPhase section */
		DB6EE1D91F7C5D20009B028B /* Sources */ = {
			isa = PBXSourcesBuildPhase;
			buildActionMask = 2147483647;
			files = (
				DB1AEB791F805340003347EB /* CatVisionIO.m in Sources */,
			);
			runOnlyForDeploymentPostprocessing = 0;
		};
		DBBFC0701F7D55D400BB0ABD /* Sources */ = {
			isa = PBXSourcesBuildPhase;
			buildActionMask = 2147483647;
			files = (
				DBBFC07B1F7D55D400BB0ABD /* MainViewController.m in Sources */,
				DBBFC0861F7D55D400BB0ABD /* main.m in Sources */,
				DBBFC0781F7D55D400BB0ABD /* AppDelegate.m in Sources */,
			);
			runOnlyForDeploymentPostprocessing = 0;
		};
		DBBFC08D1F7D609A00BB0ABD /* Sources */ = {
			isa = PBXSourcesBuildPhase;
			buildActionMask = 2147483647;
			files = (
				DBBFC1461F7D6BA400BB0ABD /* pngtrans.c in Sources */,
				DB8628991F7D77B300849DFB /* jmemnobs.c in Sources */,
				DBBFC1801F7D6C6800BB0ABD /* jidctint.c in Sources */,
				DBBFC10D1F7D698800BB0ABD /* cursor.c in Sources */,
				DBBFC19E1F7D6C6800BB0ABD /* jcomapi.c in Sources */,
				DBBFC1251F7D69BB00BB0ABD /* zrlepalettehelper.c in Sources */,
				DBBFC11F1F7D69BB00BB0ABD /* tight.c in Sources */,
				DBBFC1211F7D69BB00BB0ABD /* stats.c in Sources */,
				DBBFC1291F7D69BB00BB0ABD /* zrle.c in Sources */,
				DBBFC1201F7D69BB00BB0ABD /* selbox.c in Sources */,
				DBBFC10F1F7D698800BB0ABD /* hextile.c in Sources */,
				DBBFC1411F7D6BA400BB0ABD /* png.c in Sources */,
				DBBFC1421F7D6BA400BB0ABD /* pngmem.c in Sources */,
				DBBFC17C1F7D6C6800BB0ABD /* jcapistd.c in Sources */,
				DBBFC18C1F7D6C6800BB0ABD /* jcprepct.c in Sources */,
				DBBFC14A1F7D6BA400BB0ABD /* pngerror.c in Sources */,
				DBBFC1271F7D69BB00BB0ABD /* sockets.c in Sources */,
				DBBFC17F1F7D6C6800BB0ABD /* jmemmgr.c in Sources */,
				DBBFC12B1F7D69BB00BB0ABD /* zrleoutstream.c in Sources */,
				DBBFC1841F7D6C6800BB0ABD /* jdpostct.c in Sources */,
				DBBFC1941F7D6C6800BB0ABD /* jquant2.c in Sources */,
				DBBFC1091F7D698800BB0ABD /* httpd.c in Sources */,
				DBBFC14C1F7D6BA400BB0ABD /* pngread.c in Sources */,
				DBBFC10B1F7D698800BB0ABD /* cargs.c in Sources */,
				DBBFC12A1F7D69BB00BB0ABD /* ultra.c in Sources */,
				DBBFC13F1F7D6BA400BB0ABD /* pngget.c in Sources */,
				DBBFC1A51F7D6C6800BB0ABD /* jdmarker.c in Sources */,
				DBBFC19B1F7D6C6800BB0ABD /* jdtrans.c in Sources */,
				DBBFC1981F7D6C6800BB0ABD /* jaricom.c in Sources */,
				DBBFC18F1F7D6C6800BB0ABD /* jchuff.c in Sources */,
				DBBFC10A1F7D698800BB0ABD /* auth.c in Sources */,
				DBBFC18A1F7D6C6800BB0ABD /* jdmaster.c in Sources */,
				DBBFC1821F7D6C6800BB0ABD /* jcparam.c in Sources */,
				DBBFC1A11F7D6C6800BB0ABD /* jfdctfst.c in Sources */,
				DBBFC1471F7D6BA400BB0ABD /* pngrtran.c in Sources */,
				DBBFC1A41F7D6C6800BB0ABD /* jdcolor.c in Sources */,
				DB86289F1F7D83F000849DFB /* arm_init.c in Sources */,
				DBBFC1951F7D6C6800BB0ABD /* jerror.c in Sources */,
				DBBFC1931F7D6C6800BB0ABD /* jccoefct.c in Sources */,
				DBBFC17B1F7D6C6800BB0ABD /* jfdctflt.c in Sources */,
				DBBFC17E1F7D6C6800BB0ABD /* jcmarker.c in Sources */,
				DBBFC1AE1F7D6DF100BB0ABD /* d3des.c in Sources */,
				DBBFC1A21F7D6C6800BB0ABD /* jidctflt.c in Sources */,
				DBBFC1901F7D6C6800BB0ABD /* jcinit.c in Sources */,
				DBBFC19A1F7D6C6800BB0ABD /* jdatadst.c in Sources */,
				DBBFC18B1F7D6C6800BB0ABD /* jutils.c in Sources */,
				DBBFC1961F7D6C6800BB0ABD /* jccolor.c in Sources */,
				DBBFC1971F7D6C6800BB0ABD /* jcmaster.c in Sources */,
				DBBFC1861F7D6C6800BB0ABD /* jdapimin.c in Sources */,
				DBBFC1871F7D6C6800BB0ABD /* jdhuff.c in Sources */,
				DBBFC1891F7D6C6800BB0ABD /* jfdctint.c in Sources */,
				DBBFC1811F7D6C6800BB0ABD /* jctrans.c in Sources */,
				DBD6065D1F7D9EE700DFB3E7 /* VNCServer.m in Sources */,
				DBBFC1451F7D6BA400BB0ABD /* pngrutil.c in Sources */,
				DBBFC1221F7D69BB00BB0ABD /* rfbregion.c in Sources */,
				DBBFC10C1F7D698800BB0ABD /* corre.c in Sources */,
				DB8628A11F7D842900849DFB /* filter_neon_intrinsics.c in Sources */,
				DBBFC19F1F7D6C6800BB0ABD /* jdinput.c in Sources */,
				DBBFC18D1F7D6C6800BB0ABD /* jdcoefct.c in Sources */,
				DBBFC1831F7D6C6800BB0ABD /* jdapistd.c in Sources */,
				DBBFC1231F7D69BB00BB0ABD /* translate.c in Sources */,
				DBBFC12C1F7D69BB00BB0ABD /* zlib.c in Sources */,
				DBBFC1481F7D6BA400BB0ABD /* pngwtran.c in Sources */,
				DBBFC1101F7D698800BB0ABD /* cutpaste.c in Sources */,
				DBBFC18E1F7D6C6800BB0ABD /* jcapimin.c in Sources */,
				DBBFC19C1F7D6C6800BB0ABD /* jdatasrc.c in Sources */,
				DBBFC19D1F7D6C6800BB0ABD /* jdsample.c in Sources */,
				DBBFC1491F7D6BA400BB0ABD /* pngwutil.c in Sources */,
				DBBFC13E1F7D6BA400BB0ABD /* pngpread.c in Sources */,
				DBBFC1A01F7D6C6800BB0ABD /* jcarith.c in Sources */,
				DBBFC1911F7D6C6800BB0ABD /* jidctfst.c in Sources */,
				DBBFC1081F7D698800BB0ABD /* main.c in Sources */,
				DBBFC1431F7D6BA400BB0ABD /* pngwio.c in Sources */,
				DBBFC14B1F7D6BA400BB0ABD /* pngset.c in Sources */,
				DBBFC1241F7D69BB00BB0ABD /* rfbserver.c in Sources */,
				DBBFC1921F7D6C6800BB0ABD /* jddctmgr.c in Sources */,
				DBBFC1281F7D69BB00BB0ABD /* scale.c in Sources */,
				DBBFC1A71F7D6C6800BB0ABD /* jdmerge.c in Sources */,
				DBBFC17D1F7D6C6800BB0ABD /* jdarith.c in Sources */,
				DBBFC1AF1F7D6DF100BB0ABD /* vncauth.c in Sources */,
				DBBFC1881F7D6C6800BB0ABD /* jcdctmgr.c in Sources */,
				DBBFC1991F7D6C6800BB0ABD /* jdmainct.c in Sources */,
				DBBFC1851F7D6C6800BB0ABD /* jcmainct.c in Sources */,
				DBBFC1A31F7D6C6800BB0ABD /* jcsample.c in Sources */,
				DBBFC1AC1F7D6DF100BB0ABD /* minilzo.c in Sources */,
				DBBFC1A61F7D6C6800BB0ABD /* jquant1.c in Sources */,
				DBBFC1401F7D6BA400BB0ABD /* pngrio.c in Sources */,
				DBBFC1261F7D69BB00BB0ABD /* rre.c in Sources */,
				DBBFC1AD1F7D6DF100BB0ABD /* turbojpeg.c in Sources */,
				DBBFC10E1F7D698800BB0ABD /* font.c in Sources */,
				DBBFC1441F7D6BA400BB0ABD /* pngwrite.c in Sources */,
				DBBFC1071F7D698800BB0ABD /* draw.c in Sources */,
			);
			runOnlyForDeploymentPostprocessing = 0;
		};
/* End PBXSourcesBuildPhase section */

/* Begin PBXTargetDependency section */
		DB8628A51F7D861900849DFB /* PBXTargetDependency */ = {
			isa = PBXTargetDependency;
			target = DB6EE1DD1F7C5D20009B028B /* ios */;
			targetProxy = DB8628A41F7D861900849DFB /* PBXContainerItemProxy */;
		};
		DB8628AA1F7D865100849DFB /* PBXTargetDependency */ = {
			isa = PBXTargetDependency;
			target = DBBFC0911F7D609A00BB0ABD /* VNCServer */;
			targetProxy = DB8628A91F7D865100849DFB /* PBXContainerItemProxy */;
		};
/* End PBXTargetDependency section */

/* Begin PBXVariantGroup section */
		DBBFC07C1F7D55D400BB0ABD /* Main.storyboard */ = {
			isa = PBXVariantGroup;
			children = (
				DBBFC07D1F7D55D400BB0ABD /* Base */,
			);
			name = Main.storyboard;
			sourceTree = "<group>";
		};
		DBBFC0811F7D55D400BB0ABD /* LaunchScreen.storyboard */ = {
			isa = PBXVariantGroup;
			children = (
				DBBFC0821F7D55D400BB0ABD /* Base */,
			);
			name = LaunchScreen.storyboard;
			sourceTree = "<group>";
		};
/* End PBXVariantGroup section */

/* Begin XCBuildConfiguration section */
		DB6EE1E41F7C5D20009B028B /* Debug */ = {
			isa = XCBuildConfiguration;
			buildSettings = {
				ALWAYS_SEARCH_USER_PATHS = NO;
				CLANG_ANALYZER_NONNULL = YES;
				CLANG_ANALYZER_NUMBER_OBJECT_CONVERSION = YES_AGGRESSIVE;
				CLANG_CXX_LANGUAGE_STANDARD = "gnu++14";
				CLANG_CXX_LIBRARY = "libc++";
				CLANG_ENABLE_MODULES = YES;
				CLANG_ENABLE_OBJC_ARC = YES;
				CLANG_WARN_BLOCK_CAPTURE_AUTORELEASING = YES;
				CLANG_WARN_BOOL_CONVERSION = YES;
				CLANG_WARN_COMMA = YES;
				CLANG_WARN_CONSTANT_CONVERSION = YES;
				CLANG_WARN_DIRECT_OBJC_ISA_USAGE = YES_ERROR;
				CLANG_WARN_DOCUMENTATION_COMMENTS = YES;
				CLANG_WARN_EMPTY_BODY = YES;
				CLANG_WARN_ENUM_CONVERSION = YES;
				CLANG_WARN_INFINITE_RECURSION = YES;
				CLANG_WARN_INT_CONVERSION = YES;
				CLANG_WARN_NON_LITERAL_NULL_CONVERSION = YES;
				CLANG_WARN_OBJC_LITERAL_CONVERSION = YES;
				CLANG_WARN_OBJC_ROOT_CLASS = YES_ERROR;
				CLANG_WARN_RANGE_LOOP_ANALYSIS = YES;
				CLANG_WARN_STRICT_PROTOTYPES = YES;
				CLANG_WARN_SUSPICIOUS_MOVE = YES;
				CLANG_WARN_UNGUARDED_AVAILABILITY = YES_AGGRESSIVE;
				CLANG_WARN_UNREACHABLE_CODE = YES;
				CLANG_WARN__DUPLICATE_METHOD_MATCH = YES;
				CODE_SIGN_IDENTITY = "iPhone Developer";
				CODE_SIGN_STYLE = Automatic;
				COPY_PHASE_STRIP = NO;
				CURRENT_PROJECT_VERSION = 1;
				DEBUG_INFORMATION_FORMAT = dwarf;
				DEFINES_MODULE = YES;
				DEVELOPMENT_TEAM = P3Q6HRV8FN;
				DYLIB_COMPATIBILITY_VERSION = 1;
				DYLIB_CURRENT_VERSION = 1;
				DYLIB_INSTALL_NAME_BASE = "@rpath";
				ENABLE_STRICT_OBJC_MSGSEND = YES;
				ENABLE_TESTABILITY = YES;
				FRAMEWORK_SEARCH_PATHS = (
					"$(inherited)",
					"$(PROJECT_DIR)",
				);
				GCC_C_LANGUAGE_STANDARD = gnu11;
				GCC_DYNAMIC_NO_PIC = NO;
				GCC_NO_COMMON_BLOCKS = YES;
				GCC_OPTIMIZATION_LEVEL = 0;
				GCC_PREPROCESSOR_DEFINITIONS = (
					"DEBUG=1",
					"$(inherited)",
				);
				GCC_WARN_64_TO_32_BIT_CONVERSION = YES;
				GCC_WARN_ABOUT_RETURN_TYPE = YES_ERROR;
				GCC_WARN_UNDECLARED_SELECTOR = YES;
				GCC_WARN_UNINITIALIZED_AUTOS = YES_AGGRESSIVE;
				GCC_WARN_UNUSED_FUNCTION = YES;
				GCC_WARN_UNUSED_VARIABLE = YES;
				INFOPLIST_FILE = ios/Info.plist;
				INSTALL_PATH = "$(LOCAL_LIBRARY_DIR)/Frameworks";
				IPHONEOS_DEPLOYMENT_TARGET = 11.0;
				LD_RUNPATH_SEARCH_PATHS = "$(inherited) @executable_path/Frameworks @loader_path/Frameworks";
				LIBRARY_SEARCH_PATHS = (
					"$(inherited)",
					"$(PROJECT_DIR)/external",
				);
				MTL_ENABLE_DEBUG_INFO = YES;
				ONLY_ACTIVE_ARCH = YES;
				PRODUCT_BUNDLE_IDENTIFIER = com.teskalabs.cvio.ios;
				PRODUCT_NAME = CatVisionIO;
				SDKROOT = iphoneos;
				SKIP_INSTALL = YES;
				SWIFT_ACTIVE_COMPILATION_CONDITIONS = DEBUG;
				SWIFT_OPTIMIZATION_LEVEL = "-Onone";
				SWIFT_VERSION = 4.0;
				TARGETED_DEVICE_FAMILY = "1,2";
				VERSIONING_SYSTEM = "apple-generic";
				VERSION_INFO_PREFIX = "";
			};
			name = Debug;
		};
		DB6EE1E51F7C5D20009B028B /* Release */ = {
			isa = XCBuildConfiguration;
			buildSettings = {
				ALWAYS_SEARCH_USER_PATHS = NO;
				CLANG_ANALYZER_NONNULL = YES;
				CLANG_ANALYZER_NUMBER_OBJECT_CONVERSION = YES_AGGRESSIVE;
				CLANG_CXX_LANGUAGE_STANDARD = "gnu++14";
				CLANG_CXX_LIBRARY = "libc++";
				CLANG_ENABLE_MODULES = YES;
				CLANG_ENABLE_OBJC_ARC = YES;
				CLANG_WARN_BLOCK_CAPTURE_AUTORELEASING = YES;
				CLANG_WARN_BOOL_CONVERSION = YES;
				CLANG_WARN_COMMA = YES;
				CLANG_WARN_CONSTANT_CONVERSION = YES;
				CLANG_WARN_DIRECT_OBJC_ISA_USAGE = YES_ERROR;
				CLANG_WARN_DOCUMENTATION_COMMENTS = YES;
				CLANG_WARN_EMPTY_BODY = YES;
				CLANG_WARN_ENUM_CONVERSION = YES;
				CLANG_WARN_INFINITE_RECURSION = YES;
				CLANG_WARN_INT_CONVERSION = YES;
				CLANG_WARN_NON_LITERAL_NULL_CONVERSION = YES;
				CLANG_WARN_OBJC_LITERAL_CONVERSION = YES;
				CLANG_WARN_OBJC_ROOT_CLASS = YES_ERROR;
				CLANG_WARN_RANGE_LOOP_ANALYSIS = YES;
				CLANG_WARN_STRICT_PROTOTYPES = YES;
				CLANG_WARN_SUSPICIOUS_MOVE = YES;
				CLANG_WARN_UNGUARDED_AVAILABILITY = YES_AGGRESSIVE;
				CLANG_WARN_UNREACHABLE_CODE = YES;
				CLANG_WARN__DUPLICATE_METHOD_MATCH = YES;
				CODE_SIGN_IDENTITY = "iPhone Developer";
				CODE_SIGN_STYLE = Automatic;
				COPY_PHASE_STRIP = NO;
				CURRENT_PROJECT_VERSION = 1;
				DEBUG_INFORMATION_FORMAT = "dwarf-with-dsym";
				DEFINES_MODULE = YES;
				DEVELOPMENT_TEAM = P3Q6HRV8FN;
				DYLIB_COMPATIBILITY_VERSION = 1;
				DYLIB_CURRENT_VERSION = 1;
				DYLIB_INSTALL_NAME_BASE = "@rpath";
				ENABLE_NS_ASSERTIONS = NO;
				ENABLE_STRICT_OBJC_MSGSEND = YES;
				FRAMEWORK_SEARCH_PATHS = (
					"$(inherited)",
					"$(PROJECT_DIR)",
				);
				GCC_C_LANGUAGE_STANDARD = gnu11;
				GCC_NO_COMMON_BLOCKS = YES;
				GCC_WARN_64_TO_32_BIT_CONVERSION = YES;
				GCC_WARN_ABOUT_RETURN_TYPE = YES_ERROR;
				GCC_WARN_UNDECLARED_SELECTOR = YES;
				GCC_WARN_UNINITIALIZED_AUTOS = YES_AGGRESSIVE;
				GCC_WARN_UNUSED_FUNCTION = YES;
				GCC_WARN_UNUSED_VARIABLE = YES;
				INFOPLIST_FILE = ios/Info.plist;
				INSTALL_PATH = "$(LOCAL_LIBRARY_DIR)/Frameworks";
				IPHONEOS_DEPLOYMENT_TARGET = 11.0;
				LD_RUNPATH_SEARCH_PATHS = "$(inherited) @executable_path/Frameworks @loader_path/Frameworks";
				LIBRARY_SEARCH_PATHS = (
					"$(inherited)",
					"$(PROJECT_DIR)/external",
				);
				MTL_ENABLE_DEBUG_INFO = NO;
				PRODUCT_BUNDLE_IDENTIFIER = com.teskalabs.cvio.ios;
				PRODUCT_NAME = CatVisionIO;
				SDKROOT = iphoneos;
				SKIP_INSTALL = YES;
				SWIFT_OPTIMIZATION_LEVEL = "-Owholemodule";
				SWIFT_VERSION = 4.0;
				TARGETED_DEVICE_FAMILY = "1,2";
				VALIDATE_PRODUCT = YES;
				VERSIONING_SYSTEM = "apple-generic";
				VERSION_INFO_PREFIX = "";
			};
			name = Release;
		};
		DB9118DF1F7C576200C6CF5F /* Debug */ = {
			isa = XCBuildConfiguration;
			buildSettings = {
			};
			name = Debug;
		};
		DB9118E01F7C576200C6CF5F /* Release */ = {
			isa = XCBuildConfiguration;
			buildSettings = {
			};
			name = Release;
		};
		DBBFC0871F7D55D400BB0ABD /* Debug */ = {
			isa = XCBuildConfiguration;
			buildSettings = {
				ALWAYS_SEARCH_USER_PATHS = NO;
				ASSETCATALOG_COMPILER_APPICON_NAME = AppIcon;
				CLANG_ANALYZER_NONNULL = YES;
				CLANG_ANALYZER_NUMBER_OBJECT_CONVERSION = YES_AGGRESSIVE;
				CLANG_CXX_LANGUAGE_STANDARD = "gnu++14";
				CLANG_CXX_LIBRARY = "libc++";
				CLANG_ENABLE_MODULES = YES;
				CLANG_ENABLE_OBJC_ARC = YES;
				CLANG_WARN_BLOCK_CAPTURE_AUTORELEASING = YES;
				CLANG_WARN_BOOL_CONVERSION = YES;
				CLANG_WARN_COMMA = YES;
				CLANG_WARN_CONSTANT_CONVERSION = YES;
				CLANG_WARN_DIRECT_OBJC_ISA_USAGE = YES_ERROR;
				CLANG_WARN_DOCUMENTATION_COMMENTS = YES;
				CLANG_WARN_EMPTY_BODY = YES;
				CLANG_WARN_ENUM_CONVERSION = YES;
				CLANG_WARN_INFINITE_RECURSION = YES;
				CLANG_WARN_INT_CONVERSION = YES;
				CLANG_WARN_NON_LITERAL_NULL_CONVERSION = YES;
				CLANG_WARN_OBJC_LITERAL_CONVERSION = YES;
				CLANG_WARN_OBJC_ROOT_CLASS = YES_ERROR;
				CLANG_WARN_RANGE_LOOP_ANALYSIS = YES;
				CLANG_WARN_STRICT_PROTOTYPES = YES;
				CLANG_WARN_SUSPICIOUS_MOVE = YES;
				CLANG_WARN_UNGUARDED_AVAILABILITY = YES_AGGRESSIVE;
				CLANG_WARN_UNREACHABLE_CODE = YES;
				CLANG_WARN__DUPLICATE_METHOD_MATCH = YES;
				CODE_SIGN_IDENTITY = "iPhone Developer";
				CODE_SIGN_STYLE = Automatic;
				COPY_PHASE_STRIP = NO;
				DEBUG_INFORMATION_FORMAT = dwarf;
				DEVELOPMENT_TEAM = P3Q6HRV8FN;
				ENABLE_STRICT_OBJC_MSGSEND = YES;
				ENABLE_TESTABILITY = YES;
				FRAMEWORK_SEARCH_PATHS = (
					"$(inherited)",
					"$(PROJECT_DIR)",
				);
				GCC_C_LANGUAGE_STANDARD = gnu11;
				GCC_DYNAMIC_NO_PIC = NO;
				GCC_NO_COMMON_BLOCKS = YES;
				GCC_OPTIMIZATION_LEVEL = 0;
				GCC_PREPROCESSOR_DEFINITIONS = (
					"DEBUG=1",
					"$(inherited)",
				);
				GCC_WARN_64_TO_32_BIT_CONVERSION = YES;
				GCC_WARN_ABOUT_RETURN_TYPE = YES_ERROR;
				GCC_WARN_UNDECLARED_SELECTOR = YES;
				GCC_WARN_UNINITIALIZED_AUTOS = YES_AGGRESSIVE;
				GCC_WARN_UNUSED_FUNCTION = YES;
				GCC_WARN_UNUSED_VARIABLE = YES;
				INFOPLIST_FILE = app/Info.plist;
				IPHONEOS_DEPLOYMENT_TARGET = 11.0;
				LD_RUNPATH_SEARCH_PATHS = "$(inherited) @executable_path/Frameworks";
				MTL_ENABLE_DEBUG_INFO = YES;
				ONLY_ACTIVE_ARCH = YES;
				PRODUCT_BUNDLE_IDENTIFIER = com.teskalabs.cvio.app;
				PRODUCT_NAME = "$(TARGET_NAME)";
				SDKROOT = iphoneos;
				TARGETED_DEVICE_FAMILY = "1,2";
			};
			name = Debug;
		};
		DBBFC0881F7D55D400BB0ABD /* Release */ = {
			isa = XCBuildConfiguration;
			buildSettings = {
				ALWAYS_SEARCH_USER_PATHS = NO;
				ASSETCATALOG_COMPILER_APPICON_NAME = AppIcon;
				CLANG_ANALYZER_NONNULL = YES;
				CLANG_ANALYZER_NUMBER_OBJECT_CONVERSION = YES_AGGRESSIVE;
				CLANG_CXX_LANGUAGE_STANDARD = "gnu++14";
				CLANG_CXX_LIBRARY = "libc++";
				CLANG_ENABLE_MODULES = YES;
				CLANG_ENABLE_OBJC_ARC = YES;
				CLANG_WARN_BLOCK_CAPTURE_AUTORELEASING = YES;
				CLANG_WARN_BOOL_CONVERSION = YES;
				CLANG_WARN_COMMA = YES;
				CLANG_WARN_CONSTANT_CONVERSION = YES;
				CLANG_WARN_DIRECT_OBJC_ISA_USAGE = YES_ERROR;
				CLANG_WARN_DOCUMENTATION_COMMENTS = YES;
				CLANG_WARN_EMPTY_BODY = YES;
				CLANG_WARN_ENUM_CONVERSION = YES;
				CLANG_WARN_INFINITE_RECURSION = YES;
				CLANG_WARN_INT_CONVERSION = YES;
				CLANG_WARN_NON_LITERAL_NULL_CONVERSION = YES;
				CLANG_WARN_OBJC_LITERAL_CONVERSION = YES;
				CLANG_WARN_OBJC_ROOT_CLASS = YES_ERROR;
				CLANG_WARN_RANGE_LOOP_ANALYSIS = YES;
				CLANG_WARN_STRICT_PROTOTYPES = YES;
				CLANG_WARN_SUSPICIOUS_MOVE = YES;
				CLANG_WARN_UNGUARDED_AVAILABILITY = YES_AGGRESSIVE;
				CLANG_WARN_UNREACHABLE_CODE = YES;
				CLANG_WARN__DUPLICATE_METHOD_MATCH = YES;
				CODE_SIGN_IDENTITY = "iPhone Developer";
				CODE_SIGN_STYLE = Automatic;
				COPY_PHASE_STRIP = NO;
				DEBUG_INFORMATION_FORMAT = "dwarf-with-dsym";
				DEVELOPMENT_TEAM = P3Q6HRV8FN;
				ENABLE_NS_ASSERTIONS = NO;
				ENABLE_STRICT_OBJC_MSGSEND = YES;
				FRAMEWORK_SEARCH_PATHS = (
					"$(inherited)",
					"$(PROJECT_DIR)",
				);
				GCC_C_LANGUAGE_STANDARD = gnu11;
				GCC_NO_COMMON_BLOCKS = YES;
				GCC_WARN_64_TO_32_BIT_CONVERSION = YES;
				GCC_WARN_ABOUT_RETURN_TYPE = YES_ERROR;
				GCC_WARN_UNDECLARED_SELECTOR = YES;
				GCC_WARN_UNINITIALIZED_AUTOS = YES_AGGRESSIVE;
				GCC_WARN_UNUSED_FUNCTION = YES;
				GCC_WARN_UNUSED_VARIABLE = YES;
				INFOPLIST_FILE = app/Info.plist;
				IPHONEOS_DEPLOYMENT_TARGET = 11.0;
				LD_RUNPATH_SEARCH_PATHS = "$(inherited) @executable_path/Frameworks";
				MTL_ENABLE_DEBUG_INFO = NO;
				PRODUCT_BUNDLE_IDENTIFIER = com.teskalabs.cvio.app;
				PRODUCT_NAME = "$(TARGET_NAME)";
				SDKROOT = iphoneos;
				TARGETED_DEVICE_FAMILY = "1,2";
				VALIDATE_PRODUCT = YES;
			};
			name = Release;
		};
		DBBFC0981F7D609A00BB0ABD /* Debug */ = {
			isa = XCBuildConfiguration;
			buildSettings = {
				ALWAYS_SEARCH_USER_PATHS = YES;
				CLANG_ANALYZER_NONNULL = YES;
				CLANG_ANALYZER_NUMBER_OBJECT_CONVERSION = YES_AGGRESSIVE;
				CLANG_CXX_LANGUAGE_STANDARD = "gnu++14";
				CLANG_CXX_LIBRARY = "libc++";
				CLANG_ENABLE_MODULES = YES;
				CLANG_ENABLE_OBJC_ARC = YES;
				CLANG_WARN_BLOCK_CAPTURE_AUTORELEASING = YES;
				CLANG_WARN_BOOL_CONVERSION = YES;
				CLANG_WARN_COMMA = YES;
				CLANG_WARN_CONSTANT_CONVERSION = YES;
				CLANG_WARN_DIRECT_OBJC_ISA_USAGE = YES_ERROR;
				CLANG_WARN_DOCUMENTATION_COMMENTS = YES;
				CLANG_WARN_EMPTY_BODY = YES;
				CLANG_WARN_ENUM_CONVERSION = YES;
				CLANG_WARN_INFINITE_RECURSION = YES;
				CLANG_WARN_INT_CONVERSION = YES;
				CLANG_WARN_NON_LITERAL_NULL_CONVERSION = YES;
				CLANG_WARN_OBJC_LITERAL_CONVERSION = YES;
				CLANG_WARN_OBJC_ROOT_CLASS = YES_ERROR;
				CLANG_WARN_RANGE_LOOP_ANALYSIS = YES;
				CLANG_WARN_STRICT_PROTOTYPES = YES;
				CLANG_WARN_SUSPICIOUS_MOVE = YES;
				CLANG_WARN_UNGUARDED_AVAILABILITY = YES_AGGRESSIVE;
				CLANG_WARN_UNREACHABLE_CODE = YES;
				CLANG_WARN__DUPLICATE_METHOD_MATCH = YES;
				CODE_SIGN_IDENTITY = "iPhone Developer";
				CODE_SIGN_STYLE = Automatic;
				COPY_PHASE_STRIP = NO;
				CURRENT_PROJECT_VERSION = 1;
				DEBUG_INFORMATION_FORMAT = dwarf;
				DEFINES_MODULE = YES;
				DEVELOPMENT_TEAM = P3Q6HRV8FN;
				DYLIB_COMPATIBILITY_VERSION = 1;
				DYLIB_CURRENT_VERSION = 1;
				DYLIB_INSTALL_NAME_BASE = "@rpath";
				ENABLE_STRICT_OBJC_MSGSEND = YES;
				ENABLE_TESTABILITY = YES;
				GCC_C_LANGUAGE_STANDARD = gnu11;
				GCC_DYNAMIC_NO_PIC = NO;
				GCC_NO_COMMON_BLOCKS = YES;
				GCC_OPTIMIZATION_LEVEL = 0;
				GCC_PREPROCESSOR_DEFINITIONS = (
					"DEBUG=1",
					"$(inherited)",
				);
				GCC_WARN_64_TO_32_BIT_CONVERSION = YES;
				GCC_WARN_ABOUT_RETURN_TYPE = YES_ERROR;
				GCC_WARN_UNDECLARED_SELECTOR = YES;
				GCC_WARN_UNINITIALIZED_AUTOS = YES_AGGRESSIVE;
				GCC_WARN_UNUSED_FUNCTION = YES;
				GCC_WARN_UNUSED_VARIABLE = YES;
				HEADER_SEARCH_PATHS = (
					"$(SRCROOT)/VNCServer/libvncserver",
					"$(SRCROOT)/VNCServer/libvncserver/libvncserver",
					"$(SRCROOT)/VNCServer/libvncserver/common",
				);
				INFOPLIST_FILE = VNCServer/Info.plist;
				INSTALL_PATH = "$(LOCAL_LIBRARY_DIR)/Frameworks";
				IPHONEOS_DEPLOYMENT_TARGET = 11.0;
				LD_RUNPATH_SEARCH_PATHS = "$(inherited) @executable_path/Frameworks @loader_path/Frameworks";
				MTL_ENABLE_DEBUG_INFO = YES;
				ONLY_ACTIVE_ARCH = YES;
				PRODUCT_BUNDLE_IDENTIFIER = com.teskalabs.cvio.VNCServer;
				PRODUCT_NAME = "$(TARGET_NAME:c99extidentifier)";
				SDKROOT = iphoneos;
				SKIP_INSTALL = YES;
				TARGETED_DEVICE_FAMILY = "1,2";
				USER_HEADER_SEARCH_PATHS = "";
				VERSIONING_SYSTEM = "apple-generic";
				VERSION_INFO_PREFIX = "";
			};
			name = Debug;
		};
		DBBFC0991F7D609A00BB0ABD /* Release */ = {
			isa = XCBuildConfiguration;
			buildSettings = {
				ALWAYS_SEARCH_USER_PATHS = YES;
				CLANG_ANALYZER_NONNULL = YES;
				CLANG_ANALYZER_NUMBER_OBJECT_CONVERSION = YES_AGGRESSIVE;
				CLANG_CXX_LANGUAGE_STANDARD = "gnu++14";
				CLANG_CXX_LIBRARY = "libc++";
				CLANG_ENABLE_MODULES = YES;
				CLANG_ENABLE_OBJC_ARC = YES;
				CLANG_WARN_BLOCK_CAPTURE_AUTORELEASING = YES;
				CLANG_WARN_BOOL_CONVERSION = YES;
				CLANG_WARN_COMMA = YES;
				CLANG_WARN_CONSTANT_CONVERSION = YES;
				CLANG_WARN_DIRECT_OBJC_ISA_USAGE = YES_ERROR;
				CLANG_WARN_DOCUMENTATION_COMMENTS = YES;
				CLANG_WARN_EMPTY_BODY = YES;
				CLANG_WARN_ENUM_CONVERSION = YES;
				CLANG_WARN_INFINITE_RECURSION = YES;
				CLANG_WARN_INT_CONVERSION = YES;
				CLANG_WARN_NON_LITERAL_NULL_CONVERSION = YES;
				CLANG_WARN_OBJC_LITERAL_CONVERSION = YES;
				CLANG_WARN_OBJC_ROOT_CLASS = YES_ERROR;
				CLANG_WARN_RANGE_LOOP_ANALYSIS = YES;
				CLANG_WARN_STRICT_PROTOTYPES = YES;
				CLANG_WARN_SUSPICIOUS_MOVE = YES;
				CLANG_WARN_UNGUARDED_AVAILABILITY = YES_AGGRESSIVE;
				CLANG_WARN_UNREACHABLE_CODE = YES;
				CLANG_WARN__DUPLICATE_METHOD_MATCH = YES;
				CODE_SIGN_IDENTITY = "iPhone Developer";
				CODE_SIGN_STYLE = Automatic;
				COPY_PHASE_STRIP = NO;
				CURRENT_PROJECT_VERSION = 1;
				DEBUG_INFORMATION_FORMAT = "dwarf-with-dsym";
				DEFINES_MODULE = YES;
				DEVELOPMENT_TEAM = P3Q6HRV8FN;
				DYLIB_COMPATIBILITY_VERSION = 1;
				DYLIB_CURRENT_VERSION = 1;
				DYLIB_INSTALL_NAME_BASE = "@rpath";
				ENABLE_NS_ASSERTIONS = NO;
				ENABLE_STRICT_OBJC_MSGSEND = YES;
				GCC_C_LANGUAGE_STANDARD = gnu11;
				GCC_NO_COMMON_BLOCKS = YES;
				GCC_PREPROCESSOR_DEFINITIONS = "";
				GCC_WARN_64_TO_32_BIT_CONVERSION = YES;
				GCC_WARN_ABOUT_RETURN_TYPE = YES_ERROR;
				GCC_WARN_UNDECLARED_SELECTOR = YES;
				GCC_WARN_UNINITIALIZED_AUTOS = YES_AGGRESSIVE;
				GCC_WARN_UNUSED_FUNCTION = YES;
				GCC_WARN_UNUSED_VARIABLE = YES;
				HEADER_SEARCH_PATHS = (
					"$(SRCROOT)/VNCServer/libvncserver",
					"$(SRCROOT)/VNCServer/libvncserver/libvncserver",
					"$(SRCROOT)/VNCServer/libvncserver/common",
				);
				INFOPLIST_FILE = VNCServer/Info.plist;
				INSTALL_PATH = "$(LOCAL_LIBRARY_DIR)/Frameworks";
				IPHONEOS_DEPLOYMENT_TARGET = 11.0;
				LD_RUNPATH_SEARCH_PATHS = "$(inherited) @executable_path/Frameworks @loader_path/Frameworks";
				MTL_ENABLE_DEBUG_INFO = NO;
				PRODUCT_BUNDLE_IDENTIFIER = com.teskalabs.cvio.VNCServer;
				PRODUCT_NAME = "$(TARGET_NAME:c99extidentifier)";
				SDKROOT = iphoneos;
				SKIP_INSTALL = YES;
				TARGETED_DEVICE_FAMILY = "1,2";
				USER_HEADER_SEARCH_PATHS = "";
				VALIDATE_PRODUCT = YES;
				VERSIONING_SYSTEM = "apple-generic";
				VERSION_INFO_PREFIX = "";
			};
			name = Release;
		};
/* End XCBuildConfiguration section */

/* Begin XCConfigurationList section */
		DB6EE1E61F7C5D20009B028B /* Build configuration list for PBXNativeTarget "ios" */ = {
			isa = XCConfigurationList;
			buildConfigurations = (
				DB6EE1E41F7C5D20009B028B /* Debug */,
				DB6EE1E51F7C5D20009B028B /* Release */,
			);
			defaultConfigurationIsVisible = 0;
			defaultConfigurationName = Release;
		};
		DB9118DE1F7C576200C6CF5F /* Build configuration list for PBXProject "CatVisionIO" */ = {
			isa = XCConfigurationList;
			buildConfigurations = (
				DB9118DF1F7C576200C6CF5F /* Debug */,
				DB9118E01F7C576200C6CF5F /* Release */,
			);
			defaultConfigurationIsVisible = 0;
			defaultConfigurationName = Release;
		};
		DBBFC0891F7D55D400BB0ABD /* Build configuration list for PBXNativeTarget "app" */ = {
			isa = XCConfigurationList;
			buildConfigurations = (
				DBBFC0871F7D55D400BB0ABD /* Debug */,
				DBBFC0881F7D55D400BB0ABD /* Release */,
			);
			defaultConfigurationIsVisible = 0;
			defaultConfigurationName = Release;
		};
		DBBFC0971F7D609A00BB0ABD /* Build configuration list for PBXNativeTarget "VNCServer" */ = {
			isa = XCConfigurationList;
			buildConfigurations = (
				DBBFC0981F7D609A00BB0ABD /* Debug */,
				DBBFC0991F7D609A00BB0ABD /* Release */,
			);
			defaultConfigurationIsVisible = 0;
			defaultConfigurationName = Release;
		};
/* End XCConfigurationList section */
	};
	rootObject = DB9118DB1F7C576200C6CF5F /* Project object */;
}
