// !$*UTF8*$!
{
	archiveVersion = 1;
	classes = {
	};
	objectVersion = 48;
	objects = {

/* Begin PBXBuildFile section */
		DB1AEB791F805340003347EB /* CatVisionIO.m in Sources */ = {isa = PBXBuildFile; fileRef = DB1AEB781F805340003347EB /* CatVisionIO.m */; };
		DB3EFDAB1F810B100070E432 /* CVIOSeaCatPlugin.m in Sources */ = {isa = PBXBuildFile; fileRef = DB3EFDAA1F810B100070E432 /* CVIOSeaCatPlugin.m */; };
		DB3EFDAD1F810BAC0070E432 /* CVIOSeaCatPlugin.h in Headers */ = {isa = PBXBuildFile; fileRef = DB3EFDAC1F810BA40070E432 /* CVIOSeaCatPlugin.h */; };
		DB3EFDB31F8165320070E432 /* CVIOReplayKitSource.h in Headers */ = {isa = PBXBuildFile; fileRef = DB3EFDB21F8165320070E432 /* CVIOReplayKitSource.h */; };
		DB3EFDB51F81654A0070E432 /* CVIOReplayKitSource.m in Sources */ = {isa = PBXBuildFile; fileRef = DB3EFDB41F81654A0070E432 /* CVIOReplayKitSource.m */; };
		DB3EFDB71F8166B10070E432 /* ReplayKit.framework in Frameworks */ = {isa = PBXBuildFile; fileRef = DB3EFDB61F8166B10070E432 /* ReplayKit.framework */; settings = {ATTRIBUTES = (Required, ); }; };
		DB44FF231FF5FB6800DD2646 /* CVIOSeaCatCSR.m in Sources */ = {isa = PBXBuildFile; fileRef = DB44FF221FF5FB6800DD2646 /* CVIOSeaCatCSR.m */; };
		DB6107A61F8241CF00945D9C /* CVIOInterfaces.h in Headers */ = {isa = PBXBuildFile; fileRef = DB6107A51F8241CF00945D9C /* CVIOInterfaces.h */; settings = {ATTRIBUTES = (Public, ); }; };
		DB6EE1E31F7C5D20009B028B /* CatVisionIO.h in Headers */ = {isa = PBXBuildFile; fileRef = DB6EE1E11F7C5D20009B028B /* CatVisionIO.h */; settings = {ATTRIBUTES = (Public, ); }; };
		DB71F1F51F8A5F6B00820416 /* ReplayKit.framework in Frameworks */ = {isa = PBXBuildFile; fileRef = DB3EFDB61F8166B10070E432 /* ReplayKit.framework */; };
		DB71F1F91F8A5F6B00820416 /* CVIOBroadcastSampleHandler.m in Sources */ = {isa = PBXBuildFile; fileRef = DB71F1F81F8A5F6B00820416 /* CVIOBroadcastSampleHandler.m */; };
		DB71F1FD1F8A5F6B00820416 /* cvio-broadcast-ext.appex in Embed App Extensions */ = {isa = PBXBuildFile; fileRef = DB71F1F41F8A5F6A00820416 /* cvio-broadcast-ext.appex */; settings = {ATTRIBUTES = (RemoveHeadersOnCopy, ); }; };
		DB71F2031F8A602F00820416 /* CVIOBroadcastSampleSource.m in Sources */ = {isa = PBXBuildFile; fileRef = DB71F2011F8A602F00820416 /* CVIOBroadcastSampleSource.m */; };
		DB71F2061F8A60EF00820416 /* CatVisionIO.framework in Frameworks */ = {isa = PBXBuildFile; fileRef = DB6EE1DE1F7C5D20009B028B /* CatVisionIO.framework */; };
		DB8397861FF7D1CF00EA0EBD /* libseacatclientios.a in Frameworks */ = {isa = PBXBuildFile; fileRef = DB8397851FF7D1CF00EA0EBD /* libseacatclientios.a */; };
		DB83978E1FF7D26800EA0EBD /* SCCSR.h in Headers */ = {isa = PBXBuildFile; fileRef = DB83978A1FF7D26800EA0EBD /* SCCSR.h */; };
		DB83978F1FF7D26800EA0EBD /* SeaCatClient.h in Headers */ = {isa = PBXBuildFile; fileRef = DB83978B1FF7D26800EA0EBD /* SeaCatClient.h */; };
		DB8397901FF7D26800EA0EBD /* SeaCatClientInt.h in Headers */ = {isa = PBXBuildFile; fileRef = DB83978C1FF7D26800EA0EBD /* SeaCatClientInt.h */; };
		DB8397911FF7D26800EA0EBD /* SeaCatPlugin.h in Headers */ = {isa = PBXBuildFile; fileRef = DB83978D1FF7D26800EA0EBD /* SeaCatPlugin.h */; };
		DB8397931FF7D2CA00EA0EBD /* libresolv.9.tbd in Frameworks */ = {isa = PBXBuildFile; fileRef = DB8397921FF7D2CA00EA0EBD /* libresolv.9.tbd */; };
		DB8397A11FF7D4AE00EA0EBD /* pngwtran.c in Sources */ = {isa = PBXBuildFile; fileRef = DBBFC1391F7D6BA400BB0ABD /* pngwtran.c */; };
		DB8397A21FF7D50200EA0EBD /* VNCServer.m in Sources */ = {isa = PBXBuildFile; fileRef = DBD6065C1F7D9EE700DFB3E7 /* VNCServer.m */; };
		DB8397A31FF7D50800EA0EBD /* jaricom.c in Sources */ = {isa = PBXBuildFile; fileRef = DBBFC16B1F7D6C6500BB0ABD /* jaricom.c */; };
		DB8397A41FF7D50B00EA0EBD /* jcapimin.c in Sources */ = {isa = PBXBuildFile; fileRef = DBBFC1611F7D6C6400BB0ABD /* jcapimin.c */; };
		DB8397A51FF7D50E00EA0EBD /* jcapistd.c in Sources */ = {isa = PBXBuildFile; fileRef = DBBFC14F1F7D6C6300BB0ABD /* jcapistd.c */; };
		DB8397A61FF7D51100EA0EBD /* jcarith.c in Sources */ = {isa = PBXBuildFile; fileRef = DBBFC1731F7D6C6700BB0ABD /* jcarith.c */; };
		DB8397A71FF7D51400EA0EBD /* jccoefct.c in Sources */ = {isa = PBXBuildFile; fileRef = DBBFC1661F7D6C6500BB0ABD /* jccoefct.c */; };
		DB8397A81FF7D51700EA0EBD /* jccolor.c in Sources */ = {isa = PBXBuildFile; fileRef = DBBFC1691F7D6C6500BB0ABD /* jccolor.c */; };
		DB8397A91FF7D51D00EA0EBD /* jcdctmgr.c in Sources */ = {isa = PBXBuildFile; fileRef = DBBFC15B1F7D6C6400BB0ABD /* jcdctmgr.c */; };
		DB8397AA1FF7D52000EA0EBD /* jchuff.c in Sources */ = {isa = PBXBuildFile; fileRef = DBBFC1621F7D6C6400BB0ABD /* jchuff.c */; };
		DB8397AB1FF7D52300EA0EBD /* jcinit.c in Sources */ = {isa = PBXBuildFile; fileRef = DBBFC1631F7D6C6400BB0ABD /* jcinit.c */; };
		DB8397AC1FF7D52500EA0EBD /* jcmainct.c in Sources */ = {isa = PBXBuildFile; fileRef = DBBFC1581F7D6C6300BB0ABD /* jcmainct.c */; };
		DB8397AD1FF7D52900EA0EBD /* jcmarker.c in Sources */ = {isa = PBXBuildFile; fileRef = DBBFC1511F7D6C6300BB0ABD /* jcmarker.c */; };
		DB8397AE1FF7D52C00EA0EBD /* jcmaster.c in Sources */ = {isa = PBXBuildFile; fileRef = DBBFC16A1F7D6C6500BB0ABD /* jcmaster.c */; };
		DB8397AF1FF7D52F00EA0EBD /* jcomapi.c in Sources */ = {isa = PBXBuildFile; fileRef = DBBFC1711F7D6C6600BB0ABD /* jcomapi.c */; };
		DB8397B01FF7D53300EA0EBD /* jcparam.c in Sources */ = {isa = PBXBuildFile; fileRef = DBBFC1551F7D6C6300BB0ABD /* jcparam.c */; };
		DB8397B11FF7D53500EA0EBD /* jcprepct.c in Sources */ = {isa = PBXBuildFile; fileRef = DBBFC15F1F7D6C6400BB0ABD /* jcprepct.c */; };
		DB8397B21FF7D53800EA0EBD /* jcsample.c in Sources */ = {isa = PBXBuildFile; fileRef = DBBFC1761F7D6C6700BB0ABD /* jcsample.c */; };
		DB8397B31FF7D53B00EA0EBD /* jctrans.c in Sources */ = {isa = PBXBuildFile; fileRef = DBBFC1541F7D6C6300BB0ABD /* jctrans.c */; };
		DB8397B41FF7D54000EA0EBD /* jdapimin.c in Sources */ = {isa = PBXBuildFile; fileRef = DBBFC1591F7D6C6300BB0ABD /* jdapimin.c */; };
		DB8397B51FF7D54200EA0EBD /* jdapistd.c in Sources */ = {isa = PBXBuildFile; fileRef = DBBFC1561F7D6C6300BB0ABD /* jdapistd.c */; };
		DB8397B61FF7D54600EA0EBD /* jdarith.c in Sources */ = {isa = PBXBuildFile; fileRef = DBBFC1501F7D6C6300BB0ABD /* jdarith.c */; };
		DB8397B71FF7D54900EA0EBD /* jdatadst.c in Sources */ = {isa = PBXBuildFile; fileRef = DBBFC16D1F7D6C6600BB0ABD /* jdatadst.c */; };
		DB8397B81FF7D54D00EA0EBD /* jdatasrc.c in Sources */ = {isa = PBXBuildFile; fileRef = DBBFC16F1F7D6C6600BB0ABD /* jdatasrc.c */; };
		DB8397B91FF7D55100EA0EBD /* jdcoefct.c in Sources */ = {isa = PBXBuildFile; fileRef = DBBFC1601F7D6C6400BB0ABD /* jdcoefct.c */; };
		DB8397BA1FF7D55500EA0EBD /* jdcolor.c in Sources */ = {isa = PBXBuildFile; fileRef = DBBFC1771F7D6C6700BB0ABD /* jdcolor.c */; };
		DB8397BB1FF7D55900EA0EBD /* jddctmgr.c in Sources */ = {isa = PBXBuildFile; fileRef = DBBFC1651F7D6C6500BB0ABD /* jddctmgr.c */; };
		DB8397BC1FF7D55D00EA0EBD /* jdhuff.c in Sources */ = {isa = PBXBuildFile; fileRef = DBBFC15A1F7D6C6300BB0ABD /* jdhuff.c */; };
		DB8397BD1FF7D55F00EA0EBD /* jdinput.c in Sources */ = {isa = PBXBuildFile; fileRef = DBBFC1721F7D6C6700BB0ABD /* jdinput.c */; };
		DB8397BE1FF7D56200EA0EBD /* jdmainct.c in Sources */ = {isa = PBXBuildFile; fileRef = DBBFC16C1F7D6C6600BB0ABD /* jdmainct.c */; };
		DB8397BF1FF7D56500EA0EBD /* jdmarker.c in Sources */ = {isa = PBXBuildFile; fileRef = DBBFC1781F7D6C6800BB0ABD /* jdmarker.c */; };
		DB8397C01FF7D56800EA0EBD /* jdmaster.c in Sources */ = {isa = PBXBuildFile; fileRef = DBBFC15D1F7D6C6400BB0ABD /* jdmaster.c */; };
		DB8397C11FF7D56C00EA0EBD /* jdmerge.c in Sources */ = {isa = PBXBuildFile; fileRef = DBBFC17A1F7D6C6800BB0ABD /* jdmerge.c */; };
		DB8397C21FF7D56E00EA0EBD /* jdpostct.c in Sources */ = {isa = PBXBuildFile; fileRef = DBBFC1571F7D6C6300BB0ABD /* jdpostct.c */; };
		DB8397C31FF7D57200EA0EBD /* jdsample.c in Sources */ = {isa = PBXBuildFile; fileRef = DBBFC1701F7D6C6600BB0ABD /* jdsample.c */; };
		DB8397C41FF7D57500EA0EBD /* jdtrans.c in Sources */ = {isa = PBXBuildFile; fileRef = DBBFC16E1F7D6C6600BB0ABD /* jdtrans.c */; };
		DB8397C51FF7D57800EA0EBD /* jerror.c in Sources */ = {isa = PBXBuildFile; fileRef = DBBFC1681F7D6C6500BB0ABD /* jerror.c */; };
		DB8397C61FF7D57B00EA0EBD /* jfdctflt.c in Sources */ = {isa = PBXBuildFile; fileRef = DBBFC14E1F7D6C6300BB0ABD /* jfdctflt.c */; };
		DB8397C71FF7D57E00EA0EBD /* jfdctfst.c in Sources */ = {isa = PBXBuildFile; fileRef = DBBFC1741F7D6C6700BB0ABD /* jfdctfst.c */; };
		DB8397C81FF7D58200EA0EBD /* jfdctint.c in Sources */ = {isa = PBXBuildFile; fileRef = DBBFC15C1F7D6C6400BB0ABD /* jfdctint.c */; };
		DB8397C91FF7D58400EA0EBD /* jidctflt.c in Sources */ = {isa = PBXBuildFile; fileRef = DBBFC1751F7D6C6700BB0ABD /* jidctflt.c */; };
		DB8397CA1FF7D58800EA0EBD /* jidctfst.c in Sources */ = {isa = PBXBuildFile; fileRef = DBBFC1641F7D6C6400BB0ABD /* jidctfst.c */; };
		DB8397CB1FF7D58B00EA0EBD /* jidctint.c in Sources */ = {isa = PBXBuildFile; fileRef = DBBFC1531F7D6C6300BB0ABD /* jidctint.c */; };
		DB8397CC1FF7D58D00EA0EBD /* jmemmgr.c in Sources */ = {isa = PBXBuildFile; fileRef = DBBFC1521F7D6C6300BB0ABD /* jmemmgr.c */; };
		DB8397CD1FF7D59100EA0EBD /* jmemnobs.c in Sources */ = {isa = PBXBuildFile; fileRef = DB8628981F7D77B300849DFB /* jmemnobs.c */; };
		DB8397CE1FF7D59300EA0EBD /* jquant1.c in Sources */ = {isa = PBXBuildFile; fileRef = DBBFC1791F7D6C6800BB0ABD /* jquant1.c */; };
		DB8397CF1FF7D59600EA0EBD /* jquant2.c in Sources */ = {isa = PBXBuildFile; fileRef = DBBFC1671F7D6C6500BB0ABD /* jquant2.c */; };
		DB8397D01FF7D59900EA0EBD /* jutils.c in Sources */ = {isa = PBXBuildFile; fileRef = DBBFC15E1F7D6C6400BB0ABD /* jutils.c */; };
		DB8397D11FF7D5AD00EA0EBD /* png.c in Sources */ = {isa = PBXBuildFile; fileRef = DBBFC1321F7D6BA300BB0ABD /* png.c */; };
		DB8397D21FF7D5B800EA0EBD /* pngerror.c in Sources */ = {isa = PBXBuildFile; fileRef = DBBFC13B1F7D6BA400BB0ABD /* pngerror.c */; };
		DB8397D31FF7D5BB00EA0EBD /* pngget.c in Sources */ = {isa = PBXBuildFile; fileRef = DBBFC1301F7D6BA300BB0ABD /* pngget.c */; };
		DB8397D41FF7D5BE00EA0EBD /* pngmem.c in Sources */ = {isa = PBXBuildFile; fileRef = DBBFC1331F7D6BA300BB0ABD /* pngmem.c */; };
		DB8397D51FF7D5C100EA0EBD /* pngpread.c in Sources */ = {isa = PBXBuildFile; fileRef = DBBFC12F1F7D6BA300BB0ABD /* pngpread.c */; };
		DB8397D61FF7D5C700EA0EBD /* pngread.c in Sources */ = {isa = PBXBuildFile; fileRef = DBBFC13D1F7D6BA400BB0ABD /* pngread.c */; };
		DB8397D71FF7D5CF00EA0EBD /* pngrio.c in Sources */ = {isa = PBXBuildFile; fileRef = DBBFC1311F7D6BA300BB0ABD /* pngrio.c */; };
		DB8397D81FF7D5D600EA0EBD /* pngrtran.c in Sources */ = {isa = PBXBuildFile; fileRef = DBBFC1381F7D6BA400BB0ABD /* pngrtran.c */; };
		DB8397D91FF7D5D900EA0EBD /* pngrutil.c in Sources */ = {isa = PBXBuildFile; fileRef = DBBFC1361F7D6BA300BB0ABD /* pngrutil.c */; };
		DB8397DA1FF7D5DD00EA0EBD /* pngset.c in Sources */ = {isa = PBXBuildFile; fileRef = DBBFC13C1F7D6BA400BB0ABD /* pngset.c */; };
		DB8397DB1FF7D5DF00EA0EBD /* pngtrans.c in Sources */ = {isa = PBXBuildFile; fileRef = DBBFC1371F7D6BA400BB0ABD /* pngtrans.c */; };
		DB8397DC1FF7D5E200EA0EBD /* pngwio.c in Sources */ = {isa = PBXBuildFile; fileRef = DBBFC1341F7D6BA300BB0ABD /* pngwio.c */; };
		DB8397DD1FF7D5E500EA0EBD /* pngwrite.c in Sources */ = {isa = PBXBuildFile; fileRef = DBBFC1351F7D6BA300BB0ABD /* pngwrite.c */; };
		DB8397DE1FF7D5EA00EA0EBD /* pngwutil.c in Sources */ = {isa = PBXBuildFile; fileRef = DBBFC13A1F7D6BA400BB0ABD /* pngwutil.c */; };
		DB8397DF1FF7D5EC00EA0EBD /* arm_init.c in Sources */ = {isa = PBXBuildFile; fileRef = DB86289E1F7D83F000849DFB /* arm_init.c */; };
		DB8397E01FF7D5EF00EA0EBD /* filter_neon_intrinsics.c in Sources */ = {isa = PBXBuildFile; fileRef = DB8628A01F7D842900849DFB /* filter_neon_intrinsics.c */; };
		DB8397E11FF7D5F400EA0EBD /* auth.c in Sources */ = {isa = PBXBuildFile; fileRef = DBBFC1001F7D698700BB0ABD /* auth.c */; };
		DB8397E21FF7D5F800EA0EBD /* cargs.c in Sources */ = {isa = PBXBuildFile; fileRef = DBBFC1011F7D698700BB0ABD /* cargs.c */; };
		DB8397E31FF7D5FB00EA0EBD /* corre.c in Sources */ = {isa = PBXBuildFile; fileRef = DBBFC1021F7D698700BB0ABD /* corre.c */; };
		DB8397E41FF7D5FF00EA0EBD /* cursor.c in Sources */ = {isa = PBXBuildFile; fileRef = DBBFC1031F7D698700BB0ABD /* cursor.c */; };
		DB8397E51FF7D60200EA0EBD /* cutpaste.c in Sources */ = {isa = PBXBuildFile; fileRef = DBBFC1061F7D698700BB0ABD /* cutpaste.c */; };
		DB8397E61FF7D60600EA0EBD /* draw.c in Sources */ = {isa = PBXBuildFile; fileRef = DBBFC0FD1F7D698700BB0ABD /* draw.c */; };
		DB8397E71FF7D60900EA0EBD /* font.c in Sources */ = {isa = PBXBuildFile; fileRef = DBBFC1041F7D698700BB0ABD /* font.c */; };
		DB8397E81FF7D60D00EA0EBD /* hextile.c in Sources */ = {isa = PBXBuildFile; fileRef = DBBFC1051F7D698700BB0ABD /* hextile.c */; };
		DB8397E91FF7D61200EA0EBD /* httpd.c in Sources */ = {isa = PBXBuildFile; fileRef = DBBFC0FF1F7D698700BB0ABD /* httpd.c */; };
		DB8397EA1FF7D61600EA0EBD /* main.c in Sources */ = {isa = PBXBuildFile; fileRef = DBBFC0FE1F7D698700BB0ABD /* main.c */; };
		DB8397EB1FF7D61900EA0EBD /* rfbregion.c in Sources */ = {isa = PBXBuildFile; fileRef = DBBFC1141F7D69BA00BB0ABD /* rfbregion.c */; };
		DB8397EC1FF7D61D00EA0EBD /* rfbserver.c in Sources */ = {isa = PBXBuildFile; fileRef = DBBFC1161F7D69BA00BB0ABD /* rfbserver.c */; };
		DB8397ED1FF7D62100EA0EBD /* rre.c in Sources */ = {isa = PBXBuildFile; fileRef = DBBFC1181F7D69BA00BB0ABD /* rre.c */; };
		DB8397EE1FF7D62400EA0EBD /* scale.c in Sources */ = {isa = PBXBuildFile; fileRef = DBBFC11A1F7D69BA00BB0ABD /* scale.c */; };
		DB8397EF1FF7D62700EA0EBD /* selbox.c in Sources */ = {isa = PBXBuildFile; fileRef = DBBFC1121F7D69BA00BB0ABD /* selbox.c */; };
		DB8397F01FF7D62A00EA0EBD /* sockets.c in Sources */ = {isa = PBXBuildFile; fileRef = DBBFC1191F7D69BA00BB0ABD /* sockets.c */; };
		DB8397F11FF7D62D00EA0EBD /* stats.c in Sources */ = {isa = PBXBuildFile; fileRef = DBBFC1131F7D69BA00BB0ABD /* stats.c */; };
		DB8397F21FF7D63000EA0EBD /* tight.c in Sources */ = {isa = PBXBuildFile; fileRef = DBBFC1111F7D69BA00BB0ABD /* tight.c */; };
		DB8397F31FF7D63300EA0EBD /* translate.c in Sources */ = {isa = PBXBuildFile; fileRef = DBBFC1151F7D69BA00BB0ABD /* translate.c */; };
		DB8397F41FF7D63600EA0EBD /* ultra.c in Sources */ = {isa = PBXBuildFile; fileRef = DBBFC11C1F7D69BB00BB0ABD /* ultra.c */; };
		DB8397F51FF7D63800EA0EBD /* zlib.c in Sources */ = {isa = PBXBuildFile; fileRef = DBBFC11E1F7D69BB00BB0ABD /* zlib.c */; };
		DB8397F61FF7D63B00EA0EBD /* zrle.c in Sources */ = {isa = PBXBuildFile; fileRef = DBBFC11B1F7D69BB00BB0ABD /* zrle.c */; };
		DB8397F71FF7D63E00EA0EBD /* zrleoutstream.c in Sources */ = {isa = PBXBuildFile; fileRef = DBBFC11D1F7D69BB00BB0ABD /* zrleoutstream.c */; };
		DB8397F81FF7D64100EA0EBD /* zrlepalettehelper.c in Sources */ = {isa = PBXBuildFile; fileRef = DBBFC1171F7D69BA00BB0ABD /* zrlepalettehelper.c */; };
		DB8397F91FF7D64300EA0EBD /* d3des.c in Sources */ = {isa = PBXBuildFile; fileRef = DBBFC1AA1F7D6DF100BB0ABD /* d3des.c */; };
		DB8397FA1FF7D64600EA0EBD /* minilzo.c in Sources */ = {isa = PBXBuildFile; fileRef = DBBFC1A81F7D6DF000BB0ABD /* minilzo.c */; };
		DB8397FB1FF7D64900EA0EBD /* turbojpeg.c in Sources */ = {isa = PBXBuildFile; fileRef = DBBFC1A91F7D6DF100BB0ABD /* turbojpeg.c */; };
		DB8397FC1FF7D64E00EA0EBD /* vncauth.c in Sources */ = {isa = PBXBuildFile; fileRef = DBBFC1AB1F7D6DF100BB0ABD /* vncauth.c */; };
		DB8397FD1FF7D85000EA0EBD /* libvncserver.a in Frameworks */ = {isa = PBXBuildFile; fileRef = DB8397981FF7D45E00EA0EBD /* libvncserver.a */; };
		DB8628A31F7D861900849DFB /* CatVisionIO.framework in Embed Frameworks */ = {isa = PBXBuildFile; fileRef = DB6EE1DE1F7C5D20009B028B /* CatVisionIO.framework */; settings = {ATTRIBUTES = (CodeSignOnCopy, RemoveHeadersOnCopy, ); }; };
		DBBFC0781F7D55D400BB0ABD /* AppDelegate.m in Sources */ = {isa = PBXBuildFile; fileRef = DBBFC0771F7D55D400BB0ABD /* AppDelegate.m */; };
		DBBFC07B1F7D55D400BB0ABD /* MainViewController.m in Sources */ = {isa = PBXBuildFile; fileRef = DBBFC07A1F7D55D400BB0ABD /* MainViewController.m */; };
		DBBFC07E1F7D55D400BB0ABD /* Main.storyboard in Resources */ = {isa = PBXBuildFile; fileRef = DBBFC07C1F7D55D400BB0ABD /* Main.storyboard */; };
		DBBFC0801F7D55D400BB0ABD /* Assets.xcassets in Resources */ = {isa = PBXBuildFile; fileRef = DBBFC07F1F7D55D400BB0ABD /* Assets.xcassets */; };
		DBBFC0831F7D55D400BB0ABD /* LaunchScreen.storyboard in Resources */ = {isa = PBXBuildFile; fileRef = DBBFC0811F7D55D400BB0ABD /* LaunchScreen.storyboard */; };
		DBBFC0861F7D55D400BB0ABD /* main.m in Sources */ = {isa = PBXBuildFile; fileRef = DBBFC0851F7D55D400BB0ABD /* main.m */; };
		DBBFC08A1F7D55E600BB0ABD /* CatVisionIO.framework in Frameworks */ = {isa = PBXBuildFile; fileRef = DB6EE1DE1F7C5D20009B028B /* CatVisionIO.framework */; };
/* End PBXBuildFile section */

/* Begin PBXContainerItemProxy section */
		DB8397FE1FF7DA8E00EA0EBD /* PBXContainerItemProxy */ = {
			isa = PBXContainerItemProxy;
			containerPortal = DB9118DB1F7C576200C6CF5F /* Project object */;
			proxyType = 1;
			remoteGlobalIDString = DB8397971FF7D45E00EA0EBD;
			remoteInfo = vncserver;
		};
		DB83980B1FF81D9300EA0EBD /* PBXContainerItemProxy */ = {
			isa = PBXContainerItemProxy;
			containerPortal = DB9118DB1F7C576200C6CF5F /* Project object */;
			proxyType = 1;
			remoteGlobalIDString = DB8397971FF7D45E00EA0EBD;
			remoteInfo = vncserver;
		};
		DB8628A41F7D861900849DFB /* PBXContainerItemProxy */ = {
			isa = PBXContainerItemProxy;
			containerPortal = DB9118DB1F7C576200C6CF5F /* Project object */;
			proxyType = 1;
			remoteGlobalIDString = DB6EE1DD1F7C5D20009B028B;
			remoteInfo = ios;
		};
		DBD2E8B71F8A62B400C10169 /* PBXContainerItemProxy */ = {
			isa = PBXContainerItemProxy;
			containerPortal = DB9118DB1F7C576200C6CF5F /* Project object */;
			proxyType = 1;
			remoteGlobalIDString = DB71F1F31F8A5F6A00820416;
			remoteInfo = "cvio-broadcast-ext";
		};
		DBD2E8B91F8A62BF00C10169 /* PBXContainerItemProxy */ = {
			isa = PBXContainerItemProxy;
			containerPortal = DB9118DB1F7C576200C6CF5F /* Project object */;
			proxyType = 1;
			remoteGlobalIDString = DB6EE1DD1F7C5D20009B028B;
			remoteInfo = ios;
		};
/* End PBXContainerItemProxy section */

/* Begin PBXCopyFilesBuildPhase section */
		DB8397961FF7D45E00EA0EBD /* CopyFiles */ = {
			isa = PBXCopyFilesBuildPhase;
			buildActionMask = 2147483647;
			dstPath = "include/$(PRODUCT_NAME)";
			dstSubfolderSpec = 16;
			files = (
			);
			runOnlyForDeploymentPostprocessing = 0;
		};
		DB8628A61F7D861900849DFB /* Embed Frameworks */ = {
			isa = PBXCopyFilesBuildPhase;
			buildActionMask = 2147483647;
			dstPath = "";
			dstSubfolderSpec = 10;
			files = (
				DB8628A31F7D861900849DFB /* CatVisionIO.framework in Embed Frameworks */,
			);
			name = "Embed Frameworks";
			runOnlyForDeploymentPostprocessing = 0;
		};
		DBDB53E61F82F2A600B8E776 /* Embed App Extensions */ = {
			isa = PBXCopyFilesBuildPhase;
			buildActionMask = 2147483647;
			dstPath = "";
			dstSubfolderSpec = 13;
			files = (
				DB71F1FD1F8A5F6B00820416 /* cvio-broadcast-ext.appex in Embed App Extensions */,
			);
			name = "Embed App Extensions";
			runOnlyForDeploymentPostprocessing = 0;
		};
/* End PBXCopyFilesBuildPhase section */

/* Begin PBXFileReference section */
		DB1AEB781F805340003347EB /* CatVisionIO.m */ = {isa = PBXFileReference; lastKnownFileType = sourcecode.c.objc; path = CatVisionIO.m; sourceTree = "<group>"; };
		DB3EFDA21F80FC610070E432 /* SeaCatClient.framework */ = {isa = PBXFileReference; lastKnownFileType = wrapper.framework; path = SeaCatClient.framework; sourceTree = "<group>"; };
		DB3EFDAA1F810B100070E432 /* CVIOSeaCatPlugin.m */ = {isa = PBXFileReference; lastKnownFileType = sourcecode.c.objc; path = CVIOSeaCatPlugin.m; sourceTree = "<group>"; };
		DB3EFDAC1F810BA40070E432 /* CVIOSeaCatPlugin.h */ = {isa = PBXFileReference; lastKnownFileType = sourcecode.c.h; path = CVIOSeaCatPlugin.h; sourceTree = "<group>"; };
		DB3EFDB21F8165320070E432 /* CVIOReplayKitSource.h */ = {isa = PBXFileReference; lastKnownFileType = sourcecode.c.h; path = CVIOReplayKitSource.h; sourceTree = "<group>"; };
		DB3EFDB41F81654A0070E432 /* CVIOReplayKitSource.m */ = {isa = PBXFileReference; lastKnownFileType = sourcecode.c.objc; path = CVIOReplayKitSource.m; sourceTree = "<group>"; };
		DB3EFDB61F8166B10070E432 /* ReplayKit.framework */ = {isa = PBXFileReference; lastKnownFileType = wrapper.framework; name = ReplayKit.framework; path = Platforms/iPhoneOS.platform/Developer/SDKs/iPhoneOS11.0.sdk/System/Library/Frameworks/ReplayKit.framework; sourceTree = DEVELOPER_DIR; };
		DB44FF221FF5FB6800DD2646 /* CVIOSeaCatCSR.m */ = {isa = PBXFileReference; lastKnownFileType = sourcecode.c.objc; path = CVIOSeaCatCSR.m; sourceTree = "<group>"; };
		DB44FF241FF5FBC900DD2646 /* CVIOSeaCatCSR.h */ = {isa = PBXFileReference; lastKnownFileType = sourcecode.c.h; path = CVIOSeaCatCSR.h; sourceTree = "<group>"; };
		DB6107A51F8241CF00945D9C /* CVIOInterfaces.h */ = {isa = PBXFileReference; lastKnownFileType = sourcecode.c.h; name = CVIOInterfaces.h; path = ios/CVIOInterfaces.h; sourceTree = SOURCE_ROOT; };
		DB6EE1DE1F7C5D20009B028B /* CatVisionIO.framework */ = {isa = PBXFileReference; explicitFileType = wrapper.framework; includeInIndex = 0; path = CatVisionIO.framework; sourceTree = BUILT_PRODUCTS_DIR; };
		DB6EE1E11F7C5D20009B028B /* CatVisionIO.h */ = {isa = PBXFileReference; lastKnownFileType = sourcecode.c.h; path = CatVisionIO.h; sourceTree = "<group>"; };
		DB6EE1E21F7C5D20009B028B /* Info.plist */ = {isa = PBXFileReference; lastKnownFileType = text.plist.xml; path = Info.plist; sourceTree = "<group>"; };
		DB71F1F41F8A5F6A00820416 /* cvio-broadcast-ext.appex */ = {isa = PBXFileReference; explicitFileType = "wrapper.app-extension"; includeInIndex = 0; path = "cvio-broadcast-ext.appex"; sourceTree = BUILT_PRODUCTS_DIR; };
		DB71F1F71F8A5F6B00820416 /* CVIOBroadcastSampleHandler.h */ = {isa = PBXFileReference; lastKnownFileType = sourcecode.c.h; path = CVIOBroadcastSampleHandler.h; sourceTree = "<group>"; };
		DB71F1F81F8A5F6B00820416 /* CVIOBroadcastSampleHandler.m */ = {isa = PBXFileReference; lastKnownFileType = sourcecode.c.objc; path = CVIOBroadcastSampleHandler.m; sourceTree = "<group>"; };
		DB71F1FA1F8A5F6B00820416 /* Info.plist */ = {isa = PBXFileReference; lastKnownFileType = text.plist.xml; path = Info.plist; sourceTree = "<group>"; };
		DB71F2011F8A602F00820416 /* CVIOBroadcastSampleSource.m */ = {isa = PBXFileReference; fileEncoding = 4; lastKnownFileType = sourcecode.c.objc; path = CVIOBroadcastSampleSource.m; sourceTree = "<group>"; };
		DB71F2021F8A602F00820416 /* CVIOBroadcastSampleSource.h */ = {isa = PBXFileReference; fileEncoding = 4; lastKnownFileType = sourcecode.c.h; path = CVIOBroadcastSampleSource.h; sourceTree = "<group>"; };
		DB8397851FF7D1CF00EA0EBD /* libseacatclientios.a */ = {isa = PBXFileReference; lastKnownFileType = archive.ar; name = libseacatclientios.a; path = SeaCatClient/libseacatclientios.a; sourceTree = "<group>"; };
		DB83978A1FF7D26800EA0EBD /* SCCSR.h */ = {isa = PBXFileReference; fileEncoding = 4; lastKnownFileType = sourcecode.c.h; path = SCCSR.h; sourceTree = "<group>"; };
		DB83978B1FF7D26800EA0EBD /* SeaCatClient.h */ = {isa = PBXFileReference; fileEncoding = 4; lastKnownFileType = sourcecode.c.h; path = SeaCatClient.h; sourceTree = "<group>"; };
		DB83978C1FF7D26800EA0EBD /* SeaCatClientInt.h */ = {isa = PBXFileReference; fileEncoding = 4; lastKnownFileType = sourcecode.c.h; path = SeaCatClientInt.h; sourceTree = "<group>"; };
		DB83978D1FF7D26800EA0EBD /* SeaCatPlugin.h */ = {isa = PBXFileReference; fileEncoding = 4; lastKnownFileType = sourcecode.c.h; path = SeaCatPlugin.h; sourceTree = "<group>"; };
		DB8397921FF7D2CA00EA0EBD /* libresolv.9.tbd */ = {isa = PBXFileReference; lastKnownFileType = "sourcecode.text-based-dylib-definition"; name = libresolv.9.tbd; path = Platforms/iPhoneOS.platform/Developer/SDKs/iPhoneOS11.2.sdk/usr/lib/libresolv.9.tbd; sourceTree = DEVELOPER_DIR; };
		DB8397981FF7D45E00EA0EBD /* libvncserver.a */ = {isa = PBXFileReference; explicitFileType = archive.ar; includeInIndex = 0; path = libvncserver.a; sourceTree = BUILT_PRODUCTS_DIR; };
		DB8628981F7D77B300849DFB /* jmemnobs.c */ = {isa = PBXFileReference; fileEncoding = 4; lastKnownFileType = sourcecode.c.c; name = jmemnobs.c; path = jpeg/jmemnobs.c; sourceTree = "<group>"; };
		DB86289E1F7D83F000849DFB /* arm_init.c */ = {isa = PBXFileReference; fileEncoding = 4; lastKnownFileType = sourcecode.c.c; name = arm_init.c; path = libpng/arm/arm_init.c; sourceTree = "<group>"; };
		DB8628A01F7D842900849DFB /* filter_neon_intrinsics.c */ = {isa = PBXFileReference; fileEncoding = 4; lastKnownFileType = sourcecode.c.c; name = filter_neon_intrinsics.c; path = libpng/arm/filter_neon_intrinsics.c; sourceTree = "<group>"; };
		DBBFC0741F7D55D400BB0ABD /* app.app */ = {isa = PBXFileReference; explicitFileType = wrapper.application; includeInIndex = 0; path = app.app; sourceTree = BUILT_PRODUCTS_DIR; };
		DBBFC0761F7D55D400BB0ABD /* AppDelegate.h */ = {isa = PBXFileReference; lastKnownFileType = sourcecode.c.h; path = AppDelegate.h; sourceTree = "<group>"; };
		DBBFC0771F7D55D400BB0ABD /* AppDelegate.m */ = {isa = PBXFileReference; lastKnownFileType = sourcecode.c.objc; path = AppDelegate.m; sourceTree = "<group>"; };
		DBBFC0791F7D55D400BB0ABD /* MainViewController.h */ = {isa = PBXFileReference; lastKnownFileType = sourcecode.c.h; path = MainViewController.h; sourceTree = "<group>"; };
		DBBFC07A1F7D55D400BB0ABD /* MainViewController.m */ = {isa = PBXFileReference; lastKnownFileType = sourcecode.c.objc; path = MainViewController.m; sourceTree = "<group>"; };
		DBBFC07D1F7D55D400BB0ABD /* Base */ = {isa = PBXFileReference; lastKnownFileType = file.storyboard; name = Base; path = Base.lproj/Main.storyboard; sourceTree = "<group>"; };
		DBBFC07F1F7D55D400BB0ABD /* Assets.xcassets */ = {isa = PBXFileReference; lastKnownFileType = folder.assetcatalog; path = Assets.xcassets; sourceTree = "<group>"; };
		DBBFC0821F7D55D400BB0ABD /* Base */ = {isa = PBXFileReference; lastKnownFileType = file.storyboard; name = Base; path = Base.lproj/LaunchScreen.storyboard; sourceTree = "<group>"; };
		DBBFC0841F7D55D400BB0ABD /* Info.plist */ = {isa = PBXFileReference; lastKnownFileType = text.plist.xml; path = Info.plist; sourceTree = "<group>"; };
		DBBFC0851F7D55D400BB0ABD /* main.m */ = {isa = PBXFileReference; lastKnownFileType = sourcecode.c.objc; path = main.m; sourceTree = "<group>"; };
		DBBFC0941F7D609A00BB0ABD /* VNCServer.h */ = {isa = PBXFileReference; lastKnownFileType = sourcecode.c.h; path = VNCServer.h; sourceTree = "<group>"; };
		DBBFC0951F7D609A00BB0ABD /* Info.plist */ = {isa = PBXFileReference; lastKnownFileType = text.plist.xml; path = Info.plist; sourceTree = "<group>"; };
		DBBFC0FD1F7D698700BB0ABD /* draw.c */ = {isa = PBXFileReference; fileEncoding = 4; lastKnownFileType = sourcecode.c.c; name = draw.c; path = libvncserver/libvncserver/draw.c; sourceTree = "<group>"; };
		DBBFC0FE1F7D698700BB0ABD /* main.c */ = {isa = PBXFileReference; fileEncoding = 4; lastKnownFileType = sourcecode.c.c; name = main.c; path = libvncserver/libvncserver/main.c; sourceTree = "<group>"; };
		DBBFC0FF1F7D698700BB0ABD /* httpd.c */ = {isa = PBXFileReference; fileEncoding = 4; lastKnownFileType = sourcecode.c.c; name = httpd.c; path = libvncserver/libvncserver/httpd.c; sourceTree = "<group>"; };
		DBBFC1001F7D698700BB0ABD /* auth.c */ = {isa = PBXFileReference; fileEncoding = 4; lastKnownFileType = sourcecode.c.c; name = auth.c; path = libvncserver/libvncserver/auth.c; sourceTree = "<group>"; };
		DBBFC1011F7D698700BB0ABD /* cargs.c */ = {isa = PBXFileReference; fileEncoding = 4; lastKnownFileType = sourcecode.c.c; name = cargs.c; path = libvncserver/libvncserver/cargs.c; sourceTree = "<group>"; };
		DBBFC1021F7D698700BB0ABD /* corre.c */ = {isa = PBXFileReference; fileEncoding = 4; lastKnownFileType = sourcecode.c.c; name = corre.c; path = libvncserver/libvncserver/corre.c; sourceTree = "<group>"; };
		DBBFC1031F7D698700BB0ABD /* cursor.c */ = {isa = PBXFileReference; fileEncoding = 4; lastKnownFileType = sourcecode.c.c; name = cursor.c; path = libvncserver/libvncserver/cursor.c; sourceTree = "<group>"; };
		DBBFC1041F7D698700BB0ABD /* font.c */ = {isa = PBXFileReference; fileEncoding = 4; lastKnownFileType = sourcecode.c.c; name = font.c; path = libvncserver/libvncserver/font.c; sourceTree = "<group>"; };
		DBBFC1051F7D698700BB0ABD /* hextile.c */ = {isa = PBXFileReference; fileEncoding = 4; lastKnownFileType = sourcecode.c.c; name = hextile.c; path = libvncserver/libvncserver/hextile.c; sourceTree = "<group>"; };
		DBBFC1061F7D698700BB0ABD /* cutpaste.c */ = {isa = PBXFileReference; fileEncoding = 4; lastKnownFileType = sourcecode.c.c; name = cutpaste.c; path = libvncserver/libvncserver/cutpaste.c; sourceTree = "<group>"; };
		DBBFC1111F7D69BA00BB0ABD /* tight.c */ = {isa = PBXFileReference; fileEncoding = 4; lastKnownFileType = sourcecode.c.c; name = tight.c; path = libvncserver/libvncserver/tight.c; sourceTree = "<group>"; };
		DBBFC1121F7D69BA00BB0ABD /* selbox.c */ = {isa = PBXFileReference; fileEncoding = 4; lastKnownFileType = sourcecode.c.c; name = selbox.c; path = libvncserver/libvncserver/selbox.c; sourceTree = "<group>"; };
		DBBFC1131F7D69BA00BB0ABD /* stats.c */ = {isa = PBXFileReference; fileEncoding = 4; lastKnownFileType = sourcecode.c.c; name = stats.c; path = libvncserver/libvncserver/stats.c; sourceTree = "<group>"; };
		DBBFC1141F7D69BA00BB0ABD /* rfbregion.c */ = {isa = PBXFileReference; fileEncoding = 4; lastKnownFileType = sourcecode.c.c; name = rfbregion.c; path = libvncserver/libvncserver/rfbregion.c; sourceTree = "<group>"; };
		DBBFC1151F7D69BA00BB0ABD /* translate.c */ = {isa = PBXFileReference; fileEncoding = 4; lastKnownFileType = sourcecode.c.c; name = translate.c; path = libvncserver/libvncserver/translate.c; sourceTree = "<group>"; };
		DBBFC1161F7D69BA00BB0ABD /* rfbserver.c */ = {isa = PBXFileReference; fileEncoding = 4; lastKnownFileType = sourcecode.c.c; name = rfbserver.c; path = libvncserver/libvncserver/rfbserver.c; sourceTree = "<group>"; };
		DBBFC1171F7D69BA00BB0ABD /* zrlepalettehelper.c */ = {isa = PBXFileReference; fileEncoding = 4; lastKnownFileType = sourcecode.c.c; name = zrlepalettehelper.c; path = libvncserver/libvncserver/zrlepalettehelper.c; sourceTree = "<group>"; };
		DBBFC1181F7D69BA00BB0ABD /* rre.c */ = {isa = PBXFileReference; fileEncoding = 4; lastKnownFileType = sourcecode.c.c; name = rre.c; path = libvncserver/libvncserver/rre.c; sourceTree = "<group>"; };
		DBBFC1191F7D69BA00BB0ABD /* sockets.c */ = {isa = PBXFileReference; fileEncoding = 4; lastKnownFileType = sourcecode.c.c; name = sockets.c; path = libvncserver/libvncserver/sockets.c; sourceTree = "<group>"; };
		DBBFC11A1F7D69BA00BB0ABD /* scale.c */ = {isa = PBXFileReference; fileEncoding = 4; lastKnownFileType = sourcecode.c.c; name = scale.c; path = libvncserver/libvncserver/scale.c; sourceTree = "<group>"; };
		DBBFC11B1F7D69BB00BB0ABD /* zrle.c */ = {isa = PBXFileReference; fileEncoding = 4; lastKnownFileType = sourcecode.c.c; name = zrle.c; path = libvncserver/libvncserver/zrle.c; sourceTree = "<group>"; };
		DBBFC11C1F7D69BB00BB0ABD /* ultra.c */ = {isa = PBXFileReference; fileEncoding = 4; lastKnownFileType = sourcecode.c.c; name = ultra.c; path = libvncserver/libvncserver/ultra.c; sourceTree = "<group>"; };
		DBBFC11D1F7D69BB00BB0ABD /* zrleoutstream.c */ = {isa = PBXFileReference; fileEncoding = 4; lastKnownFileType = sourcecode.c.c; name = zrleoutstream.c; path = libvncserver/libvncserver/zrleoutstream.c; sourceTree = "<group>"; };
		DBBFC11E1F7D69BB00BB0ABD /* zlib.c */ = {isa = PBXFileReference; fileEncoding = 4; lastKnownFileType = sourcecode.c.c; name = zlib.c; path = libvncserver/libvncserver/zlib.c; sourceTree = "<group>"; };
		DBBFC12F1F7D6BA300BB0ABD /* pngpread.c */ = {isa = PBXFileReference; fileEncoding = 4; lastKnownFileType = sourcecode.c.c; name = pngpread.c; path = libpng/pngpread.c; sourceTree = "<group>"; };
		DBBFC1301F7D6BA300BB0ABD /* pngget.c */ = {isa = PBXFileReference; fileEncoding = 4; lastKnownFileType = sourcecode.c.c; name = pngget.c; path = libpng/pngget.c; sourceTree = "<group>"; };
		DBBFC1311F7D6BA300BB0ABD /* pngrio.c */ = {isa = PBXFileReference; fileEncoding = 4; lastKnownFileType = sourcecode.c.c; name = pngrio.c; path = libpng/pngrio.c; sourceTree = "<group>"; };
		DBBFC1321F7D6BA300BB0ABD /* png.c */ = {isa = PBXFileReference; fileEncoding = 4; lastKnownFileType = sourcecode.c.c; name = png.c; path = libpng/png.c; sourceTree = "<group>"; };
		DBBFC1331F7D6BA300BB0ABD /* pngmem.c */ = {isa = PBXFileReference; fileEncoding = 4; lastKnownFileType = sourcecode.c.c; name = pngmem.c; path = libpng/pngmem.c; sourceTree = "<group>"; };
		DBBFC1341F7D6BA300BB0ABD /* pngwio.c */ = {isa = PBXFileReference; fileEncoding = 4; lastKnownFileType = sourcecode.c.c; name = pngwio.c; path = libpng/pngwio.c; sourceTree = "<group>"; };
		DBBFC1351F7D6BA300BB0ABD /* pngwrite.c */ = {isa = PBXFileReference; fileEncoding = 4; lastKnownFileType = sourcecode.c.c; name = pngwrite.c; path = libpng/pngwrite.c; sourceTree = "<group>"; };
		DBBFC1361F7D6BA300BB0ABD /* pngrutil.c */ = {isa = PBXFileReference; fileEncoding = 4; lastKnownFileType = sourcecode.c.c; name = pngrutil.c; path = libpng/pngrutil.c; sourceTree = "<group>"; };
		DBBFC1371F7D6BA400BB0ABD /* pngtrans.c */ = {isa = PBXFileReference; fileEncoding = 4; lastKnownFileType = sourcecode.c.c; name = pngtrans.c; path = libpng/pngtrans.c; sourceTree = "<group>"; };
		DBBFC1381F7D6BA400BB0ABD /* pngrtran.c */ = {isa = PBXFileReference; fileEncoding = 4; lastKnownFileType = sourcecode.c.c; name = pngrtran.c; path = libpng/pngrtran.c; sourceTree = "<group>"; };
		DBBFC1391F7D6BA400BB0ABD /* pngwtran.c */ = {isa = PBXFileReference; fileEncoding = 4; lastKnownFileType = sourcecode.c.c; name = pngwtran.c; path = libpng/pngwtran.c; sourceTree = "<group>"; };
		DBBFC13A1F7D6BA400BB0ABD /* pngwutil.c */ = {isa = PBXFileReference; fileEncoding = 4; lastKnownFileType = sourcecode.c.c; name = pngwutil.c; path = libpng/pngwutil.c; sourceTree = "<group>"; };
		DBBFC13B1F7D6BA400BB0ABD /* pngerror.c */ = {isa = PBXFileReference; fileEncoding = 4; lastKnownFileType = sourcecode.c.c; name = pngerror.c; path = libpng/pngerror.c; sourceTree = "<group>"; };
		DBBFC13C1F7D6BA400BB0ABD /* pngset.c */ = {isa = PBXFileReference; fileEncoding = 4; lastKnownFileType = sourcecode.c.c; name = pngset.c; path = libpng/pngset.c; sourceTree = "<group>"; };
		DBBFC13D1F7D6BA400BB0ABD /* pngread.c */ = {isa = PBXFileReference; fileEncoding = 4; lastKnownFileType = sourcecode.c.c; name = pngread.c; path = libpng/pngread.c; sourceTree = "<group>"; };
		DBBFC14E1F7D6C6300BB0ABD /* jfdctflt.c */ = {isa = PBXFileReference; fileEncoding = 4; lastKnownFileType = sourcecode.c.c; name = jfdctflt.c; path = jpeg/jfdctflt.c; sourceTree = "<group>"; };
		DBBFC14F1F7D6C6300BB0ABD /* jcapistd.c */ = {isa = PBXFileReference; fileEncoding = 4; lastKnownFileType = sourcecode.c.c; name = jcapistd.c; path = jpeg/jcapistd.c; sourceTree = "<group>"; };
		DBBFC1501F7D6C6300BB0ABD /* jdarith.c */ = {isa = PBXFileReference; fileEncoding = 4; lastKnownFileType = sourcecode.c.c; name = jdarith.c; path = jpeg/jdarith.c; sourceTree = "<group>"; };
		DBBFC1511F7D6C6300BB0ABD /* jcmarker.c */ = {isa = PBXFileReference; fileEncoding = 4; lastKnownFileType = sourcecode.c.c; name = jcmarker.c; path = jpeg/jcmarker.c; sourceTree = "<group>"; };
		DBBFC1521F7D6C6300BB0ABD /* jmemmgr.c */ = {isa = PBXFileReference; fileEncoding = 4; lastKnownFileType = sourcecode.c.c; name = jmemmgr.c; path = jpeg/jmemmgr.c; sourceTree = "<group>"; };
		DBBFC1531F7D6C6300BB0ABD /* jidctint.c */ = {isa = PBXFileReference; fileEncoding = 4; lastKnownFileType = sourcecode.c.c; name = jidctint.c; path = jpeg/jidctint.c; sourceTree = "<group>"; };
		DBBFC1541F7D6C6300BB0ABD /* jctrans.c */ = {isa = PBXFileReference; fileEncoding = 4; lastKnownFileType = sourcecode.c.c; name = jctrans.c; path = jpeg/jctrans.c; sourceTree = "<group>"; };
		DBBFC1551F7D6C6300BB0ABD /* jcparam.c */ = {isa = PBXFileReference; fileEncoding = 4; lastKnownFileType = sourcecode.c.c; name = jcparam.c; path = jpeg/jcparam.c; sourceTree = "<group>"; };
		DBBFC1561F7D6C6300BB0ABD /* jdapistd.c */ = {isa = PBXFileReference; fileEncoding = 4; lastKnownFileType = sourcecode.c.c; name = jdapistd.c; path = jpeg/jdapistd.c; sourceTree = "<group>"; };
		DBBFC1571F7D6C6300BB0ABD /* jdpostct.c */ = {isa = PBXFileReference; fileEncoding = 4; lastKnownFileType = sourcecode.c.c; name = jdpostct.c; path = jpeg/jdpostct.c; sourceTree = "<group>"; };
		DBBFC1581F7D6C6300BB0ABD /* jcmainct.c */ = {isa = PBXFileReference; fileEncoding = 4; lastKnownFileType = sourcecode.c.c; name = jcmainct.c; path = jpeg/jcmainct.c; sourceTree = "<group>"; };
		DBBFC1591F7D6C6300BB0ABD /* jdapimin.c */ = {isa = PBXFileReference; fileEncoding = 4; lastKnownFileType = sourcecode.c.c; name = jdapimin.c; path = jpeg/jdapimin.c; sourceTree = "<group>"; };
		DBBFC15A1F7D6C6300BB0ABD /* jdhuff.c */ = {isa = PBXFileReference; fileEncoding = 4; lastKnownFileType = sourcecode.c.c; name = jdhuff.c; path = jpeg/jdhuff.c; sourceTree = "<group>"; };
		DBBFC15B1F7D6C6400BB0ABD /* jcdctmgr.c */ = {isa = PBXFileReference; fileEncoding = 4; lastKnownFileType = sourcecode.c.c; name = jcdctmgr.c; path = jpeg/jcdctmgr.c; sourceTree = "<group>"; };
		DBBFC15C1F7D6C6400BB0ABD /* jfdctint.c */ = {isa = PBXFileReference; fileEncoding = 4; lastKnownFileType = sourcecode.c.c; name = jfdctint.c; path = jpeg/jfdctint.c; sourceTree = "<group>"; };
		DBBFC15D1F7D6C6400BB0ABD /* jdmaster.c */ = {isa = PBXFileReference; fileEncoding = 4; lastKnownFileType = sourcecode.c.c; name = jdmaster.c; path = jpeg/jdmaster.c; sourceTree = "<group>"; };
		DBBFC15E1F7D6C6400BB0ABD /* jutils.c */ = {isa = PBXFileReference; fileEncoding = 4; lastKnownFileType = sourcecode.c.c; name = jutils.c; path = jpeg/jutils.c; sourceTree = "<group>"; };
		DBBFC15F1F7D6C6400BB0ABD /* jcprepct.c */ = {isa = PBXFileReference; fileEncoding = 4; lastKnownFileType = sourcecode.c.c; name = jcprepct.c; path = jpeg/jcprepct.c; sourceTree = "<group>"; };
		DBBFC1601F7D6C6400BB0ABD /* jdcoefct.c */ = {isa = PBXFileReference; fileEncoding = 4; lastKnownFileType = sourcecode.c.c; name = jdcoefct.c; path = jpeg/jdcoefct.c; sourceTree = "<group>"; };
		DBBFC1611F7D6C6400BB0ABD /* jcapimin.c */ = {isa = PBXFileReference; fileEncoding = 4; lastKnownFileType = sourcecode.c.c; name = jcapimin.c; path = jpeg/jcapimin.c; sourceTree = "<group>"; };
		DBBFC1621F7D6C6400BB0ABD /* jchuff.c */ = {isa = PBXFileReference; fileEncoding = 4; lastKnownFileType = sourcecode.c.c; name = jchuff.c; path = jpeg/jchuff.c; sourceTree = "<group>"; };
		DBBFC1631F7D6C6400BB0ABD /* jcinit.c */ = {isa = PBXFileReference; fileEncoding = 4; lastKnownFileType = sourcecode.c.c; name = jcinit.c; path = jpeg/jcinit.c; sourceTree = "<group>"; };
		DBBFC1641F7D6C6400BB0ABD /* jidctfst.c */ = {isa = PBXFileReference; fileEncoding = 4; lastKnownFileType = sourcecode.c.c; name = jidctfst.c; path = jpeg/jidctfst.c; sourceTree = "<group>"; };
		DBBFC1651F7D6C6500BB0ABD /* jddctmgr.c */ = {isa = PBXFileReference; fileEncoding = 4; lastKnownFileType = sourcecode.c.c; name = jddctmgr.c; path = jpeg/jddctmgr.c; sourceTree = "<group>"; };
		DBBFC1661F7D6C6500BB0ABD /* jccoefct.c */ = {isa = PBXFileReference; fileEncoding = 4; lastKnownFileType = sourcecode.c.c; name = jccoefct.c; path = jpeg/jccoefct.c; sourceTree = "<group>"; };
		DBBFC1671F7D6C6500BB0ABD /* jquant2.c */ = {isa = PBXFileReference; fileEncoding = 4; lastKnownFileType = sourcecode.c.c; name = jquant2.c; path = jpeg/jquant2.c; sourceTree = "<group>"; };
		DBBFC1681F7D6C6500BB0ABD /* jerror.c */ = {isa = PBXFileReference; fileEncoding = 4; lastKnownFileType = sourcecode.c.c; name = jerror.c; path = jpeg/jerror.c; sourceTree = "<group>"; };
		DBBFC1691F7D6C6500BB0ABD /* jccolor.c */ = {isa = PBXFileReference; fileEncoding = 4; lastKnownFileType = sourcecode.c.c; name = jccolor.c; path = jpeg/jccolor.c; sourceTree = "<group>"; };
		DBBFC16A1F7D6C6500BB0ABD /* jcmaster.c */ = {isa = PBXFileReference; fileEncoding = 4; lastKnownFileType = sourcecode.c.c; name = jcmaster.c; path = jpeg/jcmaster.c; sourceTree = "<group>"; };
		DBBFC16B1F7D6C6500BB0ABD /* jaricom.c */ = {isa = PBXFileReference; fileEncoding = 4; lastKnownFileType = sourcecode.c.c; name = jaricom.c; path = jpeg/jaricom.c; sourceTree = "<group>"; };
		DBBFC16C1F7D6C6600BB0ABD /* jdmainct.c */ = {isa = PBXFileReference; fileEncoding = 4; lastKnownFileType = sourcecode.c.c; name = jdmainct.c; path = jpeg/jdmainct.c; sourceTree = "<group>"; };
		DBBFC16D1F7D6C6600BB0ABD /* jdatadst.c */ = {isa = PBXFileReference; fileEncoding = 4; lastKnownFileType = sourcecode.c.c; name = jdatadst.c; path = jpeg/jdatadst.c; sourceTree = "<group>"; };
		DBBFC16E1F7D6C6600BB0ABD /* jdtrans.c */ = {isa = PBXFileReference; fileEncoding = 4; lastKnownFileType = sourcecode.c.c; name = jdtrans.c; path = jpeg/jdtrans.c; sourceTree = "<group>"; };
		DBBFC16F1F7D6C6600BB0ABD /* jdatasrc.c */ = {isa = PBXFileReference; fileEncoding = 4; lastKnownFileType = sourcecode.c.c; name = jdatasrc.c; path = jpeg/jdatasrc.c; sourceTree = "<group>"; };
		DBBFC1701F7D6C6600BB0ABD /* jdsample.c */ = {isa = PBXFileReference; fileEncoding = 4; lastKnownFileType = sourcecode.c.c; name = jdsample.c; path = jpeg/jdsample.c; sourceTree = "<group>"; };
		DBBFC1711F7D6C6600BB0ABD /* jcomapi.c */ = {isa = PBXFileReference; fileEncoding = 4; lastKnownFileType = sourcecode.c.c; name = jcomapi.c; path = jpeg/jcomapi.c; sourceTree = "<group>"; };
		DBBFC1721F7D6C6700BB0ABD /* jdinput.c */ = {isa = PBXFileReference; fileEncoding = 4; lastKnownFileType = sourcecode.c.c; name = jdinput.c; path = jpeg/jdinput.c; sourceTree = "<group>"; };
		DBBFC1731F7D6C6700BB0ABD /* jcarith.c */ = {isa = PBXFileReference; fileEncoding = 4; lastKnownFileType = sourcecode.c.c; name = jcarith.c; path = jpeg/jcarith.c; sourceTree = "<group>"; };
		DBBFC1741F7D6C6700BB0ABD /* jfdctfst.c */ = {isa = PBXFileReference; fileEncoding = 4; lastKnownFileType = sourcecode.c.c; name = jfdctfst.c; path = jpeg/jfdctfst.c; sourceTree = "<group>"; };
		DBBFC1751F7D6C6700BB0ABD /* jidctflt.c */ = {isa = PBXFileReference; fileEncoding = 4; lastKnownFileType = sourcecode.c.c; name = jidctflt.c; path = jpeg/jidctflt.c; sourceTree = "<group>"; };
		DBBFC1761F7D6C6700BB0ABD /* jcsample.c */ = {isa = PBXFileReference; fileEncoding = 4; lastKnownFileType = sourcecode.c.c; name = jcsample.c; path = jpeg/jcsample.c; sourceTree = "<group>"; };
		DBBFC1771F7D6C6700BB0ABD /* jdcolor.c */ = {isa = PBXFileReference; fileEncoding = 4; lastKnownFileType = sourcecode.c.c; name = jdcolor.c; path = jpeg/jdcolor.c; sourceTree = "<group>"; };
		DBBFC1781F7D6C6800BB0ABD /* jdmarker.c */ = {isa = PBXFileReference; fileEncoding = 4; lastKnownFileType = sourcecode.c.c; name = jdmarker.c; path = jpeg/jdmarker.c; sourceTree = "<group>"; };
		DBBFC1791F7D6C6800BB0ABD /* jquant1.c */ = {isa = PBXFileReference; fileEncoding = 4; lastKnownFileType = sourcecode.c.c; name = jquant1.c; path = jpeg/jquant1.c; sourceTree = "<group>"; };
		DBBFC17A1F7D6C6800BB0ABD /* jdmerge.c */ = {isa = PBXFileReference; fileEncoding = 4; lastKnownFileType = sourcecode.c.c; name = jdmerge.c; path = jpeg/jdmerge.c; sourceTree = "<group>"; };
		DBBFC1A81F7D6DF000BB0ABD /* minilzo.c */ = {isa = PBXFileReference; fileEncoding = 4; lastKnownFileType = sourcecode.c.c; name = minilzo.c; path = libvncserver/common/minilzo.c; sourceTree = "<group>"; };
		DBBFC1A91F7D6DF100BB0ABD /* turbojpeg.c */ = {isa = PBXFileReference; fileEncoding = 4; lastKnownFileType = sourcecode.c.c; name = turbojpeg.c; path = libvncserver/common/turbojpeg.c; sourceTree = "<group>"; };
		DBBFC1AA1F7D6DF100BB0ABD /* d3des.c */ = {isa = PBXFileReference; fileEncoding = 4; lastKnownFileType = sourcecode.c.c; name = d3des.c; path = libvncserver/common/d3des.c; sourceTree = "<group>"; };
		DBBFC1AB1F7D6DF100BB0ABD /* vncauth.c */ = {isa = PBXFileReference; fileEncoding = 4; lastKnownFileType = sourcecode.c.c; name = vncauth.c; path = libvncserver/common/vncauth.c; sourceTree = "<group>"; };
		DBD6065C1F7D9EE700DFB3E7 /* VNCServer.m */ = {isa = PBXFileReference; lastKnownFileType = sourcecode.c.objc; path = VNCServer.m; sourceTree = "<group>"; };
		DBDB53D31F82F2A600B8E776 /* UIKit.framework */ = {isa = PBXFileReference; lastKnownFileType = wrapper.framework; name = UIKit.framework; path = Library/Frameworks/UIKit.framework; sourceTree = DEVELOPER_DIR; };
/* End PBXFileReference section */

/* Begin PBXFrameworksBuildPhase section */
		DB6EE1DA1F7C5D20009B028B /* Frameworks */ = {
			isa = PBXFrameworksBuildPhase;
			buildActionMask = 2147483647;
			files = (
				DB8397FD1FF7D85000EA0EBD /* libvncserver.a in Frameworks */,
				DB8397931FF7D2CA00EA0EBD /* libresolv.9.tbd in Frameworks */,
				DB3EFDB71F8166B10070E432 /* ReplayKit.framework in Frameworks */,
				DB8397861FF7D1CF00EA0EBD /* libseacatclientios.a in Frameworks */,
			);
			runOnlyForDeploymentPostprocessing = 0;
		};
		DB71F1F11F8A5F6A00820416 /* Frameworks */ = {
			isa = PBXFrameworksBuildPhase;
			buildActionMask = 2147483647;
			files = (
				DB71F2061F8A60EF00820416 /* CatVisionIO.framework in Frameworks */,
				DB71F1F51F8A5F6B00820416 /* ReplayKit.framework in Frameworks */,
			);
			runOnlyForDeploymentPostprocessing = 0;
		};
		DB8397951FF7D45E00EA0EBD /* Frameworks */ = {
			isa = PBXFrameworksBuildPhase;
			buildActionMask = 2147483647;
			files = (
			);
			runOnlyForDeploymentPostprocessing = 0;
		};
		DBBFC0711F7D55D400BB0ABD /* Frameworks */ = {
			isa = PBXFrameworksBuildPhase;
			buildActionMask = 2147483647;
			files = (
				DBBFC08A1F7D55E600BB0ABD /* CatVisionIO.framework in Frameworks */,
			);
			runOnlyForDeploymentPostprocessing = 0;
		};
/* End PBXFrameworksBuildPhase section */

/* Begin PBXGroup section */
		DB3EFDB11F8165040070E432 /* ReplayKitSource */ = {
			isa = PBXGroup;
			children = (
				DB3EFDB21F8165320070E432 /* CVIOReplayKitSource.h */,
				DB3EFDB41F81654A0070E432 /* CVIOReplayKitSource.m */,
			);
			path = ReplayKitSource;
			sourceTree = "<group>";
		};
		DB6EE1DF1F7C5D20009B028B /* Products */ = {
			isa = PBXGroup;
			children = (
				DB6EE1DE1F7C5D20009B028B /* CatVisionIO.framework */,
				DBBFC0741F7D55D400BB0ABD /* app.app */,
				DB71F1F41F8A5F6A00820416 /* cvio-broadcast-ext.appex */,
				DB8397981FF7D45E00EA0EBD /* libvncserver.a */,
			);
			name = Products;
			sourceTree = "<group>";
		};
		DB6EE1E01F7C5D20009B028B /* ios */ = {
			isa = PBXGroup;
			children = (
				DB3EFDB11F8165040070E432 /* ReplayKitSource */,
				DB6EE1E21F7C5D20009B028B /* Info.plist */,
				DB6EE1E11F7C5D20009B028B /* CatVisionIO.h */,
				DB1AEB781F805340003347EB /* CatVisionIO.m */,
				DB6107A51F8241CF00945D9C /* CVIOInterfaces.h */,
				DB3EFDAC1F810BA40070E432 /* CVIOSeaCatPlugin.h */,
				DB3EFDAA1F810B100070E432 /* CVIOSeaCatPlugin.m */,
				DB44FF221FF5FB6800DD2646 /* CVIOSeaCatCSR.m */,
				DB44FF241FF5FBC900DD2646 /* CVIOSeaCatCSR.h */,
			);
			path = ios;
			sourceTree = "<group>";
		};
		DB6EE1E71F7C5D6B009B028B /* Frameworks */ = {
			isa = PBXGroup;
			children = (
				DB8397921FF7D2CA00EA0EBD /* libresolv.9.tbd */,
				DB8397851FF7D1CF00EA0EBD /* libseacatclientios.a */,
				DB3EFDB61F8166B10070E432 /* ReplayKit.framework */,
				DB3EFDA21F80FC610070E432 /* SeaCatClient.framework */,
				DBDB53D31F82F2A600B8E776 /* UIKit.framework */,
			);
			name = Frameworks;
			sourceTree = "<group>";
		};
		DB71F1F61F8A5F6B00820416 /* cvio-broadcast-ext */ = {
			isa = PBXGroup;
			children = (
				DB71F2021F8A602F00820416 /* CVIOBroadcastSampleSource.h */,
				DB71F2011F8A602F00820416 /* CVIOBroadcastSampleSource.m */,
				DB71F1F71F8A5F6B00820416 /* CVIOBroadcastSampleHandler.h */,
				DB71F1F81F8A5F6B00820416 /* CVIOBroadcastSampleHandler.m */,
				DB71F1FA1F8A5F6B00820416 /* Info.plist */,
			);
			path = "cvio-broadcast-ext";
			sourceTree = "<group>";
		};
		DB8397871FF7D23400EA0EBD /* SeaCatClient */ = {
			isa = PBXGroup;
			children = (
				DB8397881FF7D26800EA0EBD /* Headers */,
			);
			path = SeaCatClient;
			sourceTree = "<group>";
		};
		DB8397881FF7D26800EA0EBD /* Headers */ = {
			isa = PBXGroup;
			children = (
				DB8397891FF7D26800EA0EBD /* SeaCatClient */,
			);
			path = Headers;
			sourceTree = "<group>";
		};
		DB8397891FF7D26800EA0EBD /* SeaCatClient */ = {
			isa = PBXGroup;
			children = (
				DB83978A1FF7D26800EA0EBD /* SCCSR.h */,
				DB83978B1FF7D26800EA0EBD /* SeaCatClient.h */,
				DB83978C1FF7D26800EA0EBD /* SeaCatClientInt.h */,
				DB83978D1FF7D26800EA0EBD /* SeaCatPlugin.h */,
			);
			path = SeaCatClient;
			sourceTree = "<group>";
		};
		DB9118DA1F7C576200C6CF5F = {
			isa = PBXGroup;
			children = (
				DB6EE1E01F7C5D20009B028B /* ios */,
				DBBFC0931F7D609A00BB0ABD /* VNCServer */,
				DB8397871FF7D23400EA0EBD /* SeaCatClient */,
				DBBFC0751F7D55D400BB0ABD /* app */,
				DB71F1F61F8A5F6B00820416 /* cvio-broadcast-ext */,
				DB6EE1DF1F7C5D20009B028B /* Products */,
				DB6EE1E71F7C5D6B009B028B /* Frameworks */,
			);
			sourceTree = "<group>";
			usesTabs = 1;
		};
		DBBFC0751F7D55D400BB0ABD /* app */ = {
			isa = PBXGroup;
			children = (
				DBBFC0761F7D55D400BB0ABD /* AppDelegate.h */,
				DBBFC0771F7D55D400BB0ABD /* AppDelegate.m */,
				DBBFC0791F7D55D400BB0ABD /* MainViewController.h */,
				DBBFC07A1F7D55D400BB0ABD /* MainViewController.m */,
				DBBFC07F1F7D55D400BB0ABD /* Assets.xcassets */,
				DBBFC07C1F7D55D400BB0ABD /* Main.storyboard */,
				DBBFC0811F7D55D400BB0ABD /* LaunchScreen.storyboard */,
				DBBFC0841F7D55D400BB0ABD /* Info.plist */,
				DBBFC0851F7D55D400BB0ABD /* main.m */,
			);
			path = app;
			sourceTree = "<group>";
		};
		DBBFC0931F7D609A00BB0ABD /* VNCServer */ = {
			isa = PBXGroup;
			children = (
				DBBFC14D1F7D6BE300BB0ABD /* jpeg */,
				DBBFC12E1F7D6B1F00BB0ABD /* libpng */,
				DBBFC0FC1F7D673200BB0ABD /* libvncserver */,
				DBBFC0941F7D609A00BB0ABD /* VNCServer.h */,
				DBD6065C1F7D9EE700DFB3E7 /* VNCServer.m */,
				DBBFC0951F7D609A00BB0ABD /* Info.plist */,
			);
			path = VNCServer;
			sourceTree = "<group>";
		};
		DBBFC0FC1F7D673200BB0ABD /* libvncserver */ = {
			isa = PBXGroup;
			children = (
				DBBFC1001F7D698700BB0ABD /* auth.c */,
				DBBFC1011F7D698700BB0ABD /* cargs.c */,
				DBBFC1021F7D698700BB0ABD /* corre.c */,
				DBBFC1031F7D698700BB0ABD /* cursor.c */,
				DBBFC1061F7D698700BB0ABD /* cutpaste.c */,
				DBBFC0FD1F7D698700BB0ABD /* draw.c */,
				DBBFC1041F7D698700BB0ABD /* font.c */,
				DBBFC1051F7D698700BB0ABD /* hextile.c */,
				DBBFC0FF1F7D698700BB0ABD /* httpd.c */,
				DBBFC0FE1F7D698700BB0ABD /* main.c */,
				DBBFC1141F7D69BA00BB0ABD /* rfbregion.c */,
				DBBFC1161F7D69BA00BB0ABD /* rfbserver.c */,
				DBBFC1181F7D69BA00BB0ABD /* rre.c */,
				DBBFC11A1F7D69BA00BB0ABD /* scale.c */,
				DBBFC1121F7D69BA00BB0ABD /* selbox.c */,
				DBBFC1191F7D69BA00BB0ABD /* sockets.c */,
				DBBFC1131F7D69BA00BB0ABD /* stats.c */,
				DBBFC1111F7D69BA00BB0ABD /* tight.c */,
				DBBFC1151F7D69BA00BB0ABD /* translate.c */,
				DBBFC11C1F7D69BB00BB0ABD /* ultra.c */,
				DBBFC11E1F7D69BB00BB0ABD /* zlib.c */,
				DBBFC11B1F7D69BB00BB0ABD /* zrle.c */,
				DBBFC11D1F7D69BB00BB0ABD /* zrleoutstream.c */,
				DBBFC1171F7D69BA00BB0ABD /* zrlepalettehelper.c */,
				DBBFC1AA1F7D6DF100BB0ABD /* d3des.c */,
				DBBFC1A81F7D6DF000BB0ABD /* minilzo.c */,
				DBBFC1A91F7D6DF100BB0ABD /* turbojpeg.c */,
				DBBFC1AB1F7D6DF100BB0ABD /* vncauth.c */,
			);
			name = libvncserver;
			sourceTree = "<group>";
		};
		DBBFC12E1F7D6B1F00BB0ABD /* libpng */ = {
			isa = PBXGroup;
			children = (
				DBBFC1321F7D6BA300BB0ABD /* png.c */,
				DBBFC13B1F7D6BA400BB0ABD /* pngerror.c */,
				DBBFC1301F7D6BA300BB0ABD /* pngget.c */,
				DBBFC1331F7D6BA300BB0ABD /* pngmem.c */,
				DBBFC12F1F7D6BA300BB0ABD /* pngpread.c */,
				DBBFC13D1F7D6BA400BB0ABD /* pngread.c */,
				DBBFC1311F7D6BA300BB0ABD /* pngrio.c */,
				DBBFC1381F7D6BA400BB0ABD /* pngrtran.c */,
				DBBFC1361F7D6BA300BB0ABD /* pngrutil.c */,
				DBBFC13C1F7D6BA400BB0ABD /* pngset.c */,
				DBBFC1371F7D6BA400BB0ABD /* pngtrans.c */,
				DBBFC1341F7D6BA300BB0ABD /* pngwio.c */,
				DBBFC1351F7D6BA300BB0ABD /* pngwrite.c */,
				DBBFC1391F7D6BA400BB0ABD /* pngwtran.c */,
				DBBFC13A1F7D6BA400BB0ABD /* pngwutil.c */,
				DB86289E1F7D83F000849DFB /* arm_init.c */,
				DB8628A01F7D842900849DFB /* filter_neon_intrinsics.c */,
			);
			name = libpng;
			sourceTree = "<group>";
		};
		DBBFC14D1F7D6BE300BB0ABD /* jpeg */ = {
			isa = PBXGroup;
			children = (
				DBBFC16B1F7D6C6500BB0ABD /* jaricom.c */,
				DBBFC1611F7D6C6400BB0ABD /* jcapimin.c */,
				DBBFC14F1F7D6C6300BB0ABD /* jcapistd.c */,
				DBBFC1731F7D6C6700BB0ABD /* jcarith.c */,
				DBBFC1661F7D6C6500BB0ABD /* jccoefct.c */,
				DBBFC1691F7D6C6500BB0ABD /* jccolor.c */,
				DBBFC15B1F7D6C6400BB0ABD /* jcdctmgr.c */,
				DBBFC1621F7D6C6400BB0ABD /* jchuff.c */,
				DBBFC1631F7D6C6400BB0ABD /* jcinit.c */,
				DBBFC1581F7D6C6300BB0ABD /* jcmainct.c */,
				DBBFC1511F7D6C6300BB0ABD /* jcmarker.c */,
				DBBFC16A1F7D6C6500BB0ABD /* jcmaster.c */,
				DBBFC1711F7D6C6600BB0ABD /* jcomapi.c */,
				DBBFC1551F7D6C6300BB0ABD /* jcparam.c */,
				DBBFC15F1F7D6C6400BB0ABD /* jcprepct.c */,
				DBBFC1761F7D6C6700BB0ABD /* jcsample.c */,
				DBBFC1541F7D6C6300BB0ABD /* jctrans.c */,
				DBBFC1591F7D6C6300BB0ABD /* jdapimin.c */,
				DBBFC1561F7D6C6300BB0ABD /* jdapistd.c */,
				DBBFC1501F7D6C6300BB0ABD /* jdarith.c */,
				DBBFC16D1F7D6C6600BB0ABD /* jdatadst.c */,
				DBBFC16F1F7D6C6600BB0ABD /* jdatasrc.c */,
				DBBFC1601F7D6C6400BB0ABD /* jdcoefct.c */,
				DBBFC1771F7D6C6700BB0ABD /* jdcolor.c */,
				DBBFC1651F7D6C6500BB0ABD /* jddctmgr.c */,
				DBBFC15A1F7D6C6300BB0ABD /* jdhuff.c */,
				DBBFC1721F7D6C6700BB0ABD /* jdinput.c */,
				DBBFC16C1F7D6C6600BB0ABD /* jdmainct.c */,
				DBBFC1781F7D6C6800BB0ABD /* jdmarker.c */,
				DBBFC15D1F7D6C6400BB0ABD /* jdmaster.c */,
				DBBFC17A1F7D6C6800BB0ABD /* jdmerge.c */,
				DBBFC1571F7D6C6300BB0ABD /* jdpostct.c */,
				DBBFC1701F7D6C6600BB0ABD /* jdsample.c */,
				DBBFC16E1F7D6C6600BB0ABD /* jdtrans.c */,
				DBBFC1681F7D6C6500BB0ABD /* jerror.c */,
				DBBFC14E1F7D6C6300BB0ABD /* jfdctflt.c */,
				DBBFC1741F7D6C6700BB0ABD /* jfdctfst.c */,
				DBBFC15C1F7D6C6400BB0ABD /* jfdctint.c */,
				DBBFC1751F7D6C6700BB0ABD /* jidctflt.c */,
				DBBFC1641F7D6C6400BB0ABD /* jidctfst.c */,
				DBBFC1531F7D6C6300BB0ABD /* jidctint.c */,
				DBBFC1521F7D6C6300BB0ABD /* jmemmgr.c */,
				DB8628981F7D77B300849DFB /* jmemnobs.c */,
				DBBFC1791F7D6C6800BB0ABD /* jquant1.c */,
				DBBFC1671F7D6C6500BB0ABD /* jquant2.c */,
				DBBFC15E1F7D6C6400BB0ABD /* jutils.c */,
			);
			name = jpeg;
			sourceTree = "<group>";
		};
/* End PBXGroup section */

/* Begin PBXHeadersBuildPhase section */
		DB6EE1DB1F7C5D20009B028B /* Headers */ = {
			isa = PBXHeadersBuildPhase;
			buildActionMask = 2147483647;
			files = (
				DB3EFDB31F8165320070E432 /* CVIOReplayKitSource.h in Headers */,
				DB6EE1E31F7C5D20009B028B /* CatVisionIO.h in Headers */,
				DB3EFDAD1F810BAC0070E432 /* CVIOSeaCatPlugin.h in Headers */,
				DB8397901FF7D26800EA0EBD /* SeaCatClientInt.h in Headers */,
				DB8397911FF7D26800EA0EBD /* SeaCatPlugin.h in Headers */,
				DB6107A61F8241CF00945D9C /* CVIOInterfaces.h in Headers */,
				DB83978F1FF7D26800EA0EBD /* SeaCatClient.h in Headers */,
				DB83978E1FF7D26800EA0EBD /* SCCSR.h in Headers */,
			);
			runOnlyForDeploymentPostprocessing = 0;
		};
/* End PBXHeadersBuildPhase section */

/* Begin PBXNativeTarget section */
		DB6EE1DD1F7C5D20009B028B /* ios */ = {
			isa = PBXNativeTarget;
			buildConfigurationList = DB6EE1E61F7C5D20009B028B /* Build configuration list for PBXNativeTarget "ios" */;
			buildPhases = (
				DB6EE1D91F7C5D20009B028B /* Sources */,
				DB6EE1DA1F7C5D20009B028B /* Frameworks */,
				DB6EE1DB1F7C5D20009B028B /* Headers */,
				DB6EE1DC1F7C5D20009B028B /* Resources */,
			);
			buildRules = (
			);
			dependencies = (
			);
			name = ios;
			productName = ios;
			productReference = DB6EE1DE1F7C5D20009B028B /* CatVisionIO.framework */;
			productType = "com.apple.product-type.framework";
		};
		DB71F1F31F8A5F6A00820416 /* cvio-broadcast-ext */ = {
			isa = PBXNativeTarget;
			buildConfigurationList = DB71F1FE1F8A5F6B00820416 /* Build configuration list for PBXNativeTarget "cvio-broadcast-ext" */;
			buildPhases = (
				DB71F1F01F8A5F6A00820416 /* Sources */,
				DB71F1F11F8A5F6A00820416 /* Frameworks */,
				DB71F1F21F8A5F6A00820416 /* Resources */,
			);
			buildRules = (
			);
			dependencies = (
				DB83980C1FF81D9300EA0EBD /* PBXTargetDependency */,
				DBD2E8BA1F8A62BF00C10169 /* PBXTargetDependency */,
			);
			name = "cvio-broadcast-ext";
			productName = "cvio-broadcast-ext";
			productReference = DB71F1F41F8A5F6A00820416 /* cvio-broadcast-ext.appex */;
			productType = "com.apple.product-type.app-extension";
		};
		DB8397971FF7D45E00EA0EBD /* vncserver */ = {
			isa = PBXNativeTarget;
			buildConfigurationList = DB83979E1FF7D45E00EA0EBD /* Build configuration list for PBXNativeTarget "vncserver" */;
			buildPhases = (
				DB8397941FF7D45E00EA0EBD /* Sources */,
				DB8397951FF7D45E00EA0EBD /* Frameworks */,
				DB8397961FF7D45E00EA0EBD /* CopyFiles */,
			);
			buildRules = (
			);
			dependencies = (
			);
			name = vncserver;
			productName = vncserver;
			productReference = DB8397981FF7D45E00EA0EBD /* libvncserver.a */;
			productType = "com.apple.product-type.library.static";
		};
		DBBFC0731F7D55D400BB0ABD /* app */ = {
			isa = PBXNativeTarget;
			buildConfigurationList = DBBFC0891F7D55D400BB0ABD /* Build configuration list for PBXNativeTarget "app" */;
			buildPhases = (
				DBBFC0701F7D55D400BB0ABD /* Sources */,
				DBBFC0711F7D55D400BB0ABD /* Frameworks */,
				DBBFC0721F7D55D400BB0ABD /* Resources */,
				DB8628A61F7D861900849DFB /* Embed Frameworks */,
				DBDB53E61F82F2A600B8E776 /* Embed App Extensions */,
			);
			buildRules = (
			);
			dependencies = (
				DB8397FF1FF7DA8E00EA0EBD /* PBXTargetDependency */,
				DBD2E8B81F8A62B400C10169 /* PBXTargetDependency */,
				DB8628A51F7D861900849DFB /* PBXTargetDependency */,
			);
			name = app;
			productName = app;
			productReference = DBBFC0741F7D55D400BB0ABD /* app.app */;
			productType = "com.apple.product-type.application";
		};
/* End PBXNativeTarget section */

/* Begin PBXProject section */
		DB9118DB1F7C576200C6CF5F /* Project object */ = {
			isa = PBXProject;
			attributes = {
				CLASSPREFIX = CVIO;
				LastUpgradeCheck = 0920;
				ORGANIZATIONNAME = TeskaLabs;
				TargetAttributes = {
					DB6EE1DD1F7C5D20009B028B = {
						CreatedOnToolsVersion = 9.0;
						ProvisioningStyle = Manual;
					};
					DB71F1F31F8A5F6A00820416 = {
						CreatedOnToolsVersion = 9.0;
						ProvisioningStyle = Automatic;
					};
					DB8397971FF7D45E00EA0EBD = {
						CreatedOnToolsVersion = 9.2;
						ProvisioningStyle = Automatic;
					};
					DBBFC0731F7D55D400BB0ABD = {
						CreatedOnToolsVersion = 9.0;
						ProvisioningStyle = Automatic;
					};
				};
			};
			buildConfigurationList = DB9118DE1F7C576200C6CF5F /* Build configuration list for PBXProject "CatVisionIO" */;
			compatibilityVersion = "Xcode 8.0";
			developmentRegion = en;
			hasScannedForEncodings = 0;
			knownRegions = (
				en,
				Base,
			);
			mainGroup = DB9118DA1F7C576200C6CF5F;
			productRefGroup = DB6EE1DF1F7C5D20009B028B /* Products */;
			projectDirPath = "";
			projectRoot = "";
			targets = (
				DB6EE1DD1F7C5D20009B028B /* ios */,
				DBBFC0731F7D55D400BB0ABD /* app */,
				DB8397971FF7D45E00EA0EBD /* vncserver */,
				DB71F1F31F8A5F6A00820416 /* cvio-broadcast-ext */,
			);
		};
/* End PBXProject section */

/* Begin PBXResourcesBuildPhase section */
		DB6EE1DC1F7C5D20009B028B /* Resources */ = {
			isa = PBXResourcesBuildPhase;
			buildActionMask = 2147483647;
			files = (
			);
			runOnlyForDeploymentPostprocessing = 0;
		};
		DB71F1F21F8A5F6A00820416 /* Resources */ = {
			isa = PBXResourcesBuildPhase;
			buildActionMask = 2147483647;
			files = (
			);
			runOnlyForDeploymentPostprocessing = 0;
		};
		DBBFC0721F7D55D400BB0ABD /* Resources */ = {
			isa = PBXResourcesBuildPhase;
			buildActionMask = 2147483647;
			files = (
				DBBFC0831F7D55D400BB0ABD /* LaunchScreen.storyboard in Resources */,
				DBBFC0801F7D55D400BB0ABD /* Assets.xcassets in Resources */,
				DBBFC07E1F7D55D400BB0ABD /* Main.storyboard in Resources */,
			);
			runOnlyForDeploymentPostprocessing = 0;
		};
/* End PBXResourcesBuildPhase section */

/* Begin PBXSourcesBuildPhase section */
		DB6EE1D91F7C5D20009B028B /* Sources */ = {
			isa = PBXSourcesBuildPhase;
			buildActionMask = 2147483647;
			files = (
				DB44FF231FF5FB6800DD2646 /* CVIOSeaCatCSR.m in Sources */,
				DB3EFDB51F81654A0070E432 /* CVIOReplayKitSource.m in Sources */,
				DB3EFDAB1F810B100070E432 /* CVIOSeaCatPlugin.m in Sources */,
				DB1AEB791F805340003347EB /* CatVisionIO.m in Sources */,
			);
			runOnlyForDeploymentPostprocessing = 0;
		};
		DB71F1F01F8A5F6A00820416 /* Sources */ = {
			isa = PBXSourcesBuildPhase;
			buildActionMask = 2147483647;
			files = (
				DB71F1F91F8A5F6B00820416 /* CVIOBroadcastSampleHandler.m in Sources */,
				DB71F2031F8A602F00820416 /* CVIOBroadcastSampleSource.m in Sources */,
			);
			runOnlyForDeploymentPostprocessing = 0;
		};
		DB8397941FF7D45E00EA0EBD /* Sources */ = {
			isa = PBXSourcesBuildPhase;
			buildActionMask = 2147483647;
			files = (
				DB8397E11FF7D5F400EA0EBD /* auth.c in Sources */,
				DB8397D11FF7D5AD00EA0EBD /* png.c in Sources */,
				DB8397F21FF7D63000EA0EBD /* tight.c in Sources */,
				DB8397B71FF7D54900EA0EBD /* jdatadst.c in Sources */,
				DB8397AE1FF7D52C00EA0EBD /* jcmaster.c in Sources */,
				DB8397E91FF7D61200EA0EBD /* httpd.c in Sources */,
				DB8397B11FF7D53500EA0EBD /* jcprepct.c in Sources */,
				DB8397EE1FF7D62400EA0EBD /* scale.c in Sources */,
				DB8397B21FF7D53800EA0EBD /* jcsample.c in Sources */,
				DB8397E71FF7D60900EA0EBD /* font.c in Sources */,
				DB8397D01FF7D59900EA0EBD /* jutils.c in Sources */,
				DB8397DA1FF7D5DD00EA0EBD /* pngset.c in Sources */,
				DB8397B41FF7D54000EA0EBD /* jdapimin.c in Sources */,
				DB8397AD1FF7D52900EA0EBD /* jcmarker.c in Sources */,
				DB8397CD1FF7D59100EA0EBD /* jmemnobs.c in Sources */,
				DB8397CA1FF7D58800EA0EBD /* jidctfst.c in Sources */,
				DB8397AC1FF7D52500EA0EBD /* jcmainct.c in Sources */,
				DB8397B51FF7D54200EA0EBD /* jdapistd.c in Sources */,
				DB8397BB1FF7D55900EA0EBD /* jddctmgr.c in Sources */,
				DB8397C11FF7D56C00EA0EBD /* jdmerge.c in Sources */,
				DB8397AF1FF7D52F00EA0EBD /* jcomapi.c in Sources */,
				DB8397CF1FF7D59600EA0EBD /* jquant2.c in Sources */,
				DB8397E21FF7D5F800EA0EBD /* cargs.c in Sources */,
				DB8397FB1FF7D64900EA0EBD /* turbojpeg.c in Sources */,
				DB8397F01FF7D62A00EA0EBD /* sockets.c in Sources */,
				DB8397BA1FF7D55500EA0EBD /* jdcolor.c in Sources */,
				DB8397F51FF7D63800EA0EBD /* zlib.c in Sources */,
				DB8397CE1FF7D59300EA0EBD /* jquant1.c in Sources */,
				DB8397D21FF7D5B800EA0EBD /* pngerror.c in Sources */,
				DB8397D91FF7D5D900EA0EBD /* pngrutil.c in Sources */,
				DB8397EC1FF7D61D00EA0EBD /* rfbserver.c in Sources */,
				DB8397D51FF7D5C100EA0EBD /* pngpread.c in Sources */,
				DB8397EB1FF7D61900EA0EBD /* rfbregion.c in Sources */,
				DB8397CC1FF7D58D00EA0EBD /* jmemmgr.c in Sources */,
				DB8397EF1FF7D62700EA0EBD /* selbox.c in Sources */,
				DB8397E51FF7D60200EA0EBD /* cutpaste.c in Sources */,
				DB8397E31FF7D5FB00EA0EBD /* corre.c in Sources */,
				DB8397B61FF7D54600EA0EBD /* jdarith.c in Sources */,
				DB8397BF1FF7D56500EA0EBD /* jdmarker.c in Sources */,
				DB8397FA1FF7D64600EA0EBD /* minilzo.c in Sources */,
				DB8397D61FF7D5C700EA0EBD /* pngread.c in Sources */,
				DB8397A71FF7D51400EA0EBD /* jccoefct.c in Sources */,
				DB8397CB1FF7D58B00EA0EBD /* jidctint.c in Sources */,
				DB8397F11FF7D62D00EA0EBD /* stats.c in Sources */,
				DB8397A91FF7D51D00EA0EBD /* jcdctmgr.c in Sources */,
				DB8397F31FF7D63300EA0EBD /* translate.c in Sources */,
				DB8397A51FF7D50E00EA0EBD /* jcapistd.c in Sources */,
				DB8397F91FF7D64300EA0EBD /* d3des.c in Sources */,
				DB8397EA1FF7D61600EA0EBD /* main.c in Sources */,
				DB8397D71FF7D5CF00EA0EBD /* pngrio.c in Sources */,
				DB8397B91FF7D55100EA0EBD /* jdcoefct.c in Sources */,
				DB8397E81FF7D60D00EA0EBD /* hextile.c in Sources */,
				DB8397F41FF7D63600EA0EBD /* ultra.c in Sources */,
				DB8397E41FF7D5FF00EA0EBD /* cursor.c in Sources */,
				DB8397AA1FF7D52000EA0EBD /* jchuff.c in Sources */,
				DB8397ED1FF7D62100EA0EBD /* rre.c in Sources */,
				DB8397D81FF7D5D600EA0EBD /* pngrtran.c in Sources */,
				DB8397B31FF7D53B00EA0EBD /* jctrans.c in Sources */,
				DB8397E01FF7D5EF00EA0EBD /* filter_neon_intrinsics.c in Sources */,
				DB8397D31FF7D5BB00EA0EBD /* pngget.c in Sources */,
				DB8397B81FF7D54D00EA0EBD /* jdatasrc.c in Sources */,
				DB8397DE1FF7D5EA00EA0EBD /* pngwutil.c in Sources */,
				DB8397BD1FF7D55F00EA0EBD /* jdinput.c in Sources */,
				DB8397F61FF7D63B00EA0EBD /* zrle.c in Sources */,
				DB8397E61FF7D60600EA0EBD /* draw.c in Sources */,
				DB8397C31FF7D57200EA0EBD /* jdsample.c in Sources */,
				DB8397C21FF7D56E00EA0EBD /* jdpostct.c in Sources */,
				DB8397F71FF7D63E00EA0EBD /* zrleoutstream.c in Sources */,
				DB8397C41FF7D57500EA0EBD /* jdtrans.c in Sources */,
				DB8397DD1FF7D5E500EA0EBD /* pngwrite.c in Sources */,
				DB8397C91FF7D58400EA0EBD /* jidctflt.c in Sources */,
				DB8397C81FF7D58200EA0EBD /* jfdctint.c in Sources */,
				DB8397DF1FF7D5EC00EA0EBD /* arm_init.c in Sources */,
				DB8397C01FF7D56800EA0EBD /* jdmaster.c in Sources */,
				DB8397B01FF7D53300EA0EBD /* jcparam.c in Sources */,
				DB8397BC1FF7D55D00EA0EBD /* jdhuff.c in Sources */,
				DB8397C51FF7D57800EA0EBD /* jerror.c in Sources */,
				DB8397A31FF7D50800EA0EBD /* jaricom.c in Sources */,
				DB8397BE1FF7D56200EA0EBD /* jdmainct.c in Sources */,
				DB8397FC1FF7D64E00EA0EBD /* vncauth.c in Sources */,
				DB8397C71FF7D57E00EA0EBD /* jfdctfst.c in Sources */,
				DB8397A21FF7D50200EA0EBD /* VNCServer.m in Sources */,
				DB8397DB1FF7D5DF00EA0EBD /* pngtrans.c in Sources */,
				DB8397A61FF7D51100EA0EBD /* jcarith.c in Sources */,
				DB8397F81FF7D64100EA0EBD /* zrlepalettehelper.c in Sources */,
				DB8397DC1FF7D5E200EA0EBD /* pngwio.c in Sources */,
				DB8397A41FF7D50B00EA0EBD /* jcapimin.c in Sources */,
				DB8397A81FF7D51700EA0EBD /* jccolor.c in Sources */,
				DB8397AB1FF7D52300EA0EBD /* jcinit.c in Sources */,
				DB8397D41FF7D5BE00EA0EBD /* pngmem.c in Sources */,
				DB8397C61FF7D57B00EA0EBD /* jfdctflt.c in Sources */,
				DB8397A11FF7D4AE00EA0EBD /* pngwtran.c in Sources */,
			);
			runOnlyForDeploymentPostprocessing = 0;
		};
		DBBFC0701F7D55D400BB0ABD /* Sources */ = {
			isa = PBXSourcesBuildPhase;
			buildActionMask = 2147483647;
			files = (
				DBBFC07B1F7D55D400BB0ABD /* MainViewController.m in Sources */,
				DBBFC0861F7D55D400BB0ABD /* main.m in Sources */,
				DBBFC0781F7D55D400BB0ABD /* AppDelegate.m in Sources */,
			);
			runOnlyForDeploymentPostprocessing = 0;
		};
/* End PBXSourcesBuildPhase section */

/* Begin PBXTargetDependency section */
		DB8397FF1FF7DA8E00EA0EBD /* PBXTargetDependency */ = {
			isa = PBXTargetDependency;
			target = DB8397971FF7D45E00EA0EBD /* vncserver */;
			targetProxy = DB8397FE1FF7DA8E00EA0EBD /* PBXContainerItemProxy */;
		};
		DB83980C1FF81D9300EA0EBD /* PBXTargetDependency */ = {
			isa = PBXTargetDependency;
			target = DB8397971FF7D45E00EA0EBD /* vncserver */;
			targetProxy = DB83980B1FF81D9300EA0EBD /* PBXContainerItemProxy */;
		};
		DB8628A51F7D861900849DFB /* PBXTargetDependency */ = {
			isa = PBXTargetDependency;
			target = DB6EE1DD1F7C5D20009B028B /* ios */;
			targetProxy = DB8628A41F7D861900849DFB /* PBXContainerItemProxy */;
		};
		DBD2E8B81F8A62B400C10169 /* PBXTargetDependency */ = {
			isa = PBXTargetDependency;
			target = DB71F1F31F8A5F6A00820416 /* cvio-broadcast-ext */;
			targetProxy = DBD2E8B71F8A62B400C10169 /* PBXContainerItemProxy */;
		};
		DBD2E8BA1F8A62BF00C10169 /* PBXTargetDependency */ = {
			isa = PBXTargetDependency;
			target = DB6EE1DD1F7C5D20009B028B /* ios */;
			targetProxy = DBD2E8B91F8A62BF00C10169 /* PBXContainerItemProxy */;
		};
/* End PBXTargetDependency section */

/* Begin PBXVariantGroup section */
		DBBFC07C1F7D55D400BB0ABD /* Main.storyboard */ = {
			isa = PBXVariantGroup;
			children = (
				DBBFC07D1F7D55D400BB0ABD /* Base */,
			);
			name = Main.storyboard;
			sourceTree = "<group>";
		};
		DBBFC0811F7D55D400BB0ABD /* LaunchScreen.storyboard */ = {
			isa = PBXVariantGroup;
			children = (
				DBBFC0821F7D55D400BB0ABD /* Base */,
			);
			name = LaunchScreen.storyboard;
			sourceTree = "<group>";
		};
/* End PBXVariantGroup section */

/* Begin XCBuildConfiguration section */
		DB6EE1E41F7C5D20009B028B /* Debug */ = {
			isa = XCBuildConfiguration;
			buildSettings = {
				ALWAYS_SEARCH_USER_PATHS = NO;
				BITCODE_GENERATION_MODE = marker;
				CLANG_ANALYZER_NONNULL = YES;
				CLANG_ANALYZER_NUMBER_OBJECT_CONVERSION = YES_AGGRESSIVE;
				CLANG_CXX_LANGUAGE_STANDARD = "gnu++14";
				CLANG_CXX_LIBRARY = "libc++";
				CLANG_ENABLE_MODULES = YES;
				CLANG_ENABLE_OBJC_ARC = YES;
				CLANG_WARN_BLOCK_CAPTURE_AUTORELEASING = YES;
				CLANG_WARN_BOOL_CONVERSION = YES;
				CLANG_WARN_COMMA = YES;
				CLANG_WARN_CONSTANT_CONVERSION = YES;
				CLANG_WARN_DIRECT_OBJC_ISA_USAGE = YES_ERROR;
				CLANG_WARN_DOCUMENTATION_COMMENTS = YES;
				CLANG_WARN_EMPTY_BODY = YES;
				CLANG_WARN_ENUM_CONVERSION = YES;
				CLANG_WARN_INFINITE_RECURSION = YES;
				CLANG_WARN_INT_CONVERSION = YES;
				CLANG_WARN_NON_LITERAL_NULL_CONVERSION = YES;
				CLANG_WARN_OBJC_LITERAL_CONVERSION = YES;
				CLANG_WARN_OBJC_ROOT_CLASS = YES_ERROR;
				CLANG_WARN_RANGE_LOOP_ANALYSIS = YES;
				CLANG_WARN_STRICT_PROTOTYPES = YES;
				CLANG_WARN_SUSPICIOUS_MOVE = YES;
				CLANG_WARN_UNGUARDED_AVAILABILITY = YES_AGGRESSIVE;
				CLANG_WARN_UNREACHABLE_CODE = YES;
				CLANG_WARN__DUPLICATE_METHOD_MATCH = YES;
				CODE_SIGN_IDENTITY = "iPhone Developer";
				"CODE_SIGN_IDENTITY[sdk=iphoneos*]" = "";
				CODE_SIGN_STYLE = Manual;
				COPY_PHASE_STRIP = NO;
				CURRENT_PROJECT_VERSION = 1;
				DEBUG_INFORMATION_FORMAT = dwarf;
				DEFINES_MODULE = YES;
				DEVELOPMENT_TEAM = P3Q6HRV8FN;
				DYLIB_COMPATIBILITY_VERSION = 1;
				DYLIB_CURRENT_VERSION = 1;
				DYLIB_INSTALL_NAME_BASE = "@rpath";
				ENABLE_STRICT_OBJC_MSGSEND = YES;
				ENABLE_TESTABILITY = YES;
				FRAMEWORK_SEARCH_PATHS = (
					"$(inherited)",
					"$(PROJECT_DIR)",
				);
				GCC_C_LANGUAGE_STANDARD = gnu11;
				GCC_DYNAMIC_NO_PIC = NO;
				GCC_NO_COMMON_BLOCKS = YES;
				GCC_OPTIMIZATION_LEVEL = 0;
				GCC_PREPROCESSOR_DEFINITIONS = (
					"DEBUG=1",
					"$(inherited)",
				);
				GCC_WARN_64_TO_32_BIT_CONVERSION = YES;
				GCC_WARN_ABOUT_RETURN_TYPE = YES_ERROR;
				GCC_WARN_UNDECLARED_SELECTOR = YES;
				GCC_WARN_UNINITIALIZED_AUTOS = YES_AGGRESSIVE;
				GCC_WARN_UNUSED_FUNCTION = YES;
				GCC_WARN_UNUSED_VARIABLE = YES;
				HEADER_SEARCH_PATHS = "$(PROJECT_DIR)/SeaCatClient/Headers";
				INFOPLIST_FILE = ios/Info.plist;
				INSTALL_PATH = "$(LOCAL_LIBRARY_DIR)/Frameworks";
				IPHONEOS_DEPLOYMENT_TARGET = 10.3;
				LD_RUNPATH_SEARCH_PATHS = "$(inherited) @executable_path/Frameworks @loader_path/Frameworks";
				LIBRARY_SEARCH_PATHS = (
					"$(inherited)",
					"$(PROJECT_DIR)/external",
					"$(PROJECT_DIR)/SeaCatClient",
				);
				MTL_ENABLE_DEBUG_INFO = YES;
				ONLY_ACTIVE_ARCH = YES;
				OTHER_CFLAGS = "-fembed-bitcode-marker";
				PRODUCT_BUNDLE_IDENTIFIER = com.teskalabs.cvio.ios;
				PRODUCT_NAME = CatVisionIO;
				PROVISIONING_PROFILE_SPECIFIER = "";
				SDKROOT = iphoneos;
				SKIP_INSTALL = YES;
				SWIFT_ACTIVE_COMPILATION_CONDITIONS = DEBUG;
				SWIFT_OPTIMIZATION_LEVEL = "-Onone";
				SWIFT_VERSION = 4.0;
				TARGETED_DEVICE_FAMILY = "1,2";
				VERSIONING_SYSTEM = "apple-generic";
				VERSION_INFO_PREFIX = "";
			};
			name = Debug;
		};
		DB6EE1E51F7C5D20009B028B /* Release */ = {
			isa = XCBuildConfiguration;
			buildSettings = {
				ALWAYS_SEARCH_USER_PATHS = NO;
				BITCODE_GENERATION_MODE = bitcode;
				CLANG_ANALYZER_NONNULL = YES;
				CLANG_ANALYZER_NUMBER_OBJECT_CONVERSION = YES_AGGRESSIVE;
				CLANG_CXX_LANGUAGE_STANDARD = "gnu++14";
				CLANG_CXX_LIBRARY = "libc++";
				CLANG_ENABLE_MODULES = YES;
				CLANG_ENABLE_OBJC_ARC = YES;
				CLANG_WARN_BLOCK_CAPTURE_AUTORELEASING = YES;
				CLANG_WARN_BOOL_CONVERSION = YES;
				CLANG_WARN_COMMA = YES;
				CLANG_WARN_CONSTANT_CONVERSION = YES;
				CLANG_WARN_DIRECT_OBJC_ISA_USAGE = YES_ERROR;
				CLANG_WARN_DOCUMENTATION_COMMENTS = YES;
				CLANG_WARN_EMPTY_BODY = YES;
				CLANG_WARN_ENUM_CONVERSION = YES;
				CLANG_WARN_INFINITE_RECURSION = YES;
				CLANG_WARN_INT_CONVERSION = YES;
				CLANG_WARN_NON_LITERAL_NULL_CONVERSION = YES;
				CLANG_WARN_OBJC_LITERAL_CONVERSION = YES;
				CLANG_WARN_OBJC_ROOT_CLASS = YES_ERROR;
				CLANG_WARN_RANGE_LOOP_ANALYSIS = YES;
				CLANG_WARN_STRICT_PROTOTYPES = YES;
				CLANG_WARN_SUSPICIOUS_MOVE = YES;
				CLANG_WARN_UNGUARDED_AVAILABILITY = YES_AGGRESSIVE;
				CLANG_WARN_UNREACHABLE_CODE = YES;
				CLANG_WARN__DUPLICATE_METHOD_MATCH = YES;
				CODE_SIGN_IDENTITY = "iPhone Developer";
				"CODE_SIGN_IDENTITY[sdk=iphoneos*]" = "";
				CODE_SIGN_STYLE = Manual;
				COPY_PHASE_STRIP = NO;
				CURRENT_PROJECT_VERSION = 1;
				DEBUG_INFORMATION_FORMAT = "dwarf-with-dsym";
				DEFINES_MODULE = YES;
				DEVELOPMENT_TEAM = P3Q6HRV8FN;
				DYLIB_COMPATIBILITY_VERSION = 1;
				DYLIB_CURRENT_VERSION = 1;
				DYLIB_INSTALL_NAME_BASE = "@rpath";
				ENABLE_NS_ASSERTIONS = NO;
				ENABLE_STRICT_OBJC_MSGSEND = YES;
				FRAMEWORK_SEARCH_PATHS = (
					"$(inherited)",
					"$(PROJECT_DIR)",
				);
				GCC_C_LANGUAGE_STANDARD = gnu11;
				GCC_NO_COMMON_BLOCKS = YES;
				GCC_WARN_64_TO_32_BIT_CONVERSION = YES;
				GCC_WARN_ABOUT_RETURN_TYPE = YES_ERROR;
				GCC_WARN_UNDECLARED_SELECTOR = YES;
				GCC_WARN_UNINITIALIZED_AUTOS = YES_AGGRESSIVE;
				GCC_WARN_UNUSED_FUNCTION = YES;
				GCC_WARN_UNUSED_VARIABLE = YES;
				HEADER_SEARCH_PATHS = "$(PROJECT_DIR)/SeaCatClient/Headers";
				INFOPLIST_FILE = ios/Info.plist;
				INSTALL_PATH = "$(LOCAL_LIBRARY_DIR)/Frameworks";
				IPHONEOS_DEPLOYMENT_TARGET = 10.3;
				LD_RUNPATH_SEARCH_PATHS = "$(inherited) @executable_path/Frameworks @loader_path/Frameworks";
				LIBRARY_SEARCH_PATHS = (
					"$(inherited)",
					"$(PROJECT_DIR)/external",
					"$(PROJECT_DIR)/SeaCatClient",
				);
				MTL_ENABLE_DEBUG_INFO = NO;
				OTHER_CFLAGS = "-fembed-bitcode";
				PRODUCT_BUNDLE_IDENTIFIER = com.teskalabs.cvio.ios;
				PRODUCT_NAME = CatVisionIO;
				PROVISIONING_PROFILE_SPECIFIER = "";
				SDKROOT = iphoneos;
				SKIP_INSTALL = YES;
				SWIFT_OPTIMIZATION_LEVEL = "-Owholemodule";
				SWIFT_VERSION = 4.0;
				TARGETED_DEVICE_FAMILY = "1,2";
				VALIDATE_PRODUCT = YES;
				VERSIONING_SYSTEM = "apple-generic";
				VERSION_INFO_PREFIX = "";
			};
			name = Release;
		};
		DB71F1FF1F8A5F6B00820416 /* Debug */ = {
			isa = XCBuildConfiguration;
			buildSettings = {
				ALWAYS_SEARCH_USER_PATHS = NO;
				CLANG_ANALYZER_NONNULL = YES;
				CLANG_ANALYZER_NUMBER_OBJECT_CONVERSION = YES_AGGRESSIVE;
				CLANG_CXX_LANGUAGE_STANDARD = "gnu++14";
				CLANG_CXX_LIBRARY = "libc++";
				CLANG_ENABLE_MODULES = YES;
				CLANG_ENABLE_OBJC_ARC = YES;
				CLANG_WARN_BLOCK_CAPTURE_AUTORELEASING = YES;
				CLANG_WARN_BOOL_CONVERSION = YES;
				CLANG_WARN_COMMA = YES;
				CLANG_WARN_CONSTANT_CONVERSION = YES;
				CLANG_WARN_DIRECT_OBJC_ISA_USAGE = YES_ERROR;
				CLANG_WARN_DOCUMENTATION_COMMENTS = YES;
				CLANG_WARN_EMPTY_BODY = YES;
				CLANG_WARN_ENUM_CONVERSION = YES;
				CLANG_WARN_INFINITE_RECURSION = YES;
				CLANG_WARN_INT_CONVERSION = YES;
				CLANG_WARN_NON_LITERAL_NULL_CONVERSION = YES;
				CLANG_WARN_OBJC_LITERAL_CONVERSION = YES;
				CLANG_WARN_OBJC_ROOT_CLASS = YES_ERROR;
				CLANG_WARN_RANGE_LOOP_ANALYSIS = YES;
				CLANG_WARN_STRICT_PROTOTYPES = YES;
				CLANG_WARN_SUSPICIOUS_MOVE = YES;
				CLANG_WARN_UNGUARDED_AVAILABILITY = YES_AGGRESSIVE;
				CLANG_WARN_UNREACHABLE_CODE = YES;
				CLANG_WARN__DUPLICATE_METHOD_MATCH = YES;
				CODE_SIGN_IDENTITY = "iPhone Developer";
				CODE_SIGN_STYLE = Automatic;
				COPY_PHASE_STRIP = NO;
				DEBUG_INFORMATION_FORMAT = dwarf;
				DEVELOPMENT_TEAM = "";
				ENABLE_STRICT_OBJC_MSGSEND = YES;
				ENABLE_TESTABILITY = YES;
				FRAMEWORK_SEARCH_PATHS = (
					"$(inherited)",
					"$(PROJECT_DIR)",
				);
				GCC_C_LANGUAGE_STANDARD = gnu11;
				GCC_DYNAMIC_NO_PIC = NO;
				GCC_NO_COMMON_BLOCKS = YES;
				GCC_OPTIMIZATION_LEVEL = 0;
				GCC_PREPROCESSOR_DEFINITIONS = (
					"DEBUG=1",
					"$(inherited)",
				);
				GCC_WARN_64_TO_32_BIT_CONVERSION = YES;
				GCC_WARN_ABOUT_RETURN_TYPE = YES_ERROR;
				GCC_WARN_UNDECLARED_SELECTOR = YES;
				GCC_WARN_UNINITIALIZED_AUTOS = YES_AGGRESSIVE;
				GCC_WARN_UNUSED_FUNCTION = YES;
				GCC_WARN_UNUSED_VARIABLE = YES;
				INFOPLIST_FILE = "cvio-broadcast-ext/Info.plist";
				IPHONEOS_DEPLOYMENT_TARGET = 11.0;
				LD_RUNPATH_SEARCH_PATHS = "$(inherited) @executable_path/Frameworks @executable_path/../../Frameworks";
				MTL_ENABLE_DEBUG_INFO = YES;
				ONLY_ACTIVE_ARCH = YES;
				PRODUCT_BUNDLE_IDENTIFIER = "com.teskalabs.cvio.app.cvio-broadcast-ext";
				PRODUCT_NAME = "$(TARGET_NAME)";
				SDKROOT = iphoneos;
				SKIP_INSTALL = YES;
				TARGETED_DEVICE_FAMILY = "1,2";
			};
			name = Debug;
		};
		DB71F2001F8A5F6B00820416 /* Release */ = {
			isa = XCBuildConfiguration;
			buildSettings = {
				ALWAYS_SEARCH_USER_PATHS = NO;
				CLANG_ANALYZER_NONNULL = YES;
				CLANG_ANALYZER_NUMBER_OBJECT_CONVERSION = YES_AGGRESSIVE;
				CLANG_CXX_LANGUAGE_STANDARD = "gnu++14";
				CLANG_CXX_LIBRARY = "libc++";
				CLANG_ENABLE_MODULES = YES;
				CLANG_ENABLE_OBJC_ARC = YES;
				CLANG_WARN_BLOCK_CAPTURE_AUTORELEASING = YES;
				CLANG_WARN_BOOL_CONVERSION = YES;
				CLANG_WARN_COMMA = YES;
				CLANG_WARN_CONSTANT_CONVERSION = YES;
				CLANG_WARN_DIRECT_OBJC_ISA_USAGE = YES_ERROR;
				CLANG_WARN_DOCUMENTATION_COMMENTS = YES;
				CLANG_WARN_EMPTY_BODY = YES;
				CLANG_WARN_ENUM_CONVERSION = YES;
				CLANG_WARN_INFINITE_RECURSION = YES;
				CLANG_WARN_INT_CONVERSION = YES;
				CLANG_WARN_NON_LITERAL_NULL_CONVERSION = YES;
				CLANG_WARN_OBJC_LITERAL_CONVERSION = YES;
				CLANG_WARN_OBJC_ROOT_CLASS = YES_ERROR;
				CLANG_WARN_RANGE_LOOP_ANALYSIS = YES;
				CLANG_WARN_STRICT_PROTOTYPES = YES;
				CLANG_WARN_SUSPICIOUS_MOVE = YES;
				CLANG_WARN_UNGUARDED_AVAILABILITY = YES_AGGRESSIVE;
				CLANG_WARN_UNREACHABLE_CODE = YES;
				CLANG_WARN__DUPLICATE_METHOD_MATCH = YES;
				CODE_SIGN_IDENTITY = "iPhone Developer";
				CODE_SIGN_STYLE = Automatic;
				COPY_PHASE_STRIP = NO;
				DEBUG_INFORMATION_FORMAT = "dwarf-with-dsym";
				DEVELOPMENT_TEAM = "";
				ENABLE_NS_ASSERTIONS = NO;
				ENABLE_STRICT_OBJC_MSGSEND = YES;
				FRAMEWORK_SEARCH_PATHS = (
					"$(inherited)",
					"$(PROJECT_DIR)",
				);
				GCC_C_LANGUAGE_STANDARD = gnu11;
				GCC_NO_COMMON_BLOCKS = YES;
				GCC_WARN_64_TO_32_BIT_CONVERSION = YES;
				GCC_WARN_ABOUT_RETURN_TYPE = YES_ERROR;
				GCC_WARN_UNDECLARED_SELECTOR = YES;
				GCC_WARN_UNINITIALIZED_AUTOS = YES_AGGRESSIVE;
				GCC_WARN_UNUSED_FUNCTION = YES;
				GCC_WARN_UNUSED_VARIABLE = YES;
				INFOPLIST_FILE = "cvio-broadcast-ext/Info.plist";
				IPHONEOS_DEPLOYMENT_TARGET = 11.0;
				LD_RUNPATH_SEARCH_PATHS = "$(inherited) @executable_path/Frameworks @executable_path/../../Frameworks";
				MTL_ENABLE_DEBUG_INFO = NO;
				PRODUCT_BUNDLE_IDENTIFIER = "com.teskalabs.cvio.app.cvio-broadcast-ext";
				PRODUCT_NAME = "$(TARGET_NAME)";
				SDKROOT = iphoneos;
				SKIP_INSTALL = YES;
				TARGETED_DEVICE_FAMILY = "1,2";
				VALIDATE_PRODUCT = YES;
			};
			name = Release;
		};
		DB83979F1FF7D45E00EA0EBD /* Debug */ = {
			isa = XCBuildConfiguration;
			buildSettings = {
				ALWAYS_SEARCH_USER_PATHS = NO;
				CLANG_ANALYZER_NONNULL = YES;
				CLANG_ANALYZER_NUMBER_OBJECT_CONVERSION = YES_AGGRESSIVE;
				CLANG_CXX_LANGUAGE_STANDARD = "gnu++14";
				CLANG_CXX_LIBRARY = "libc++";
				CLANG_ENABLE_MODULES = YES;
				CLANG_ENABLE_OBJC_ARC = YES;
				CLANG_WARN_BLOCK_CAPTURE_AUTORELEASING = YES;
				CLANG_WARN_BOOL_CONVERSION = YES;
				CLANG_WARN_COMMA = YES;
				CLANG_WARN_CONSTANT_CONVERSION = YES;
				CLANG_WARN_DIRECT_OBJC_ISA_USAGE = YES_ERROR;
				CLANG_WARN_DOCUMENTATION_COMMENTS = YES;
				CLANG_WARN_EMPTY_BODY = YES;
				CLANG_WARN_ENUM_CONVERSION = YES;
				CLANG_WARN_INFINITE_RECURSION = YES;
				CLANG_WARN_INT_CONVERSION = YES;
				CLANG_WARN_NON_LITERAL_NULL_CONVERSION = YES;
				CLANG_WARN_OBJC_LITERAL_CONVERSION = YES;
				CLANG_WARN_OBJC_ROOT_CLASS = YES_ERROR;
				CLANG_WARN_RANGE_LOOP_ANALYSIS = YES;
				CLANG_WARN_STRICT_PROTOTYPES = YES;
				CLANG_WARN_SUSPICIOUS_MOVE = YES;
				CLANG_WARN_UNGUARDED_AVAILABILITY = YES_AGGRESSIVE;
				CLANG_WARN_UNREACHABLE_CODE = YES;
				CLANG_WARN__DUPLICATE_METHOD_MATCH = YES;
				CODE_SIGN_IDENTITY = "";
				CODE_SIGN_STYLE = Automatic;
				COPY_PHASE_STRIP = NO;
				CURRENT_PROJECT_VERSION = "0.9.11+";
				DEBUG_INFORMATION_FORMAT = dwarf;
				ENABLE_STRICT_OBJC_MSGSEND = YES;
				ENABLE_TESTABILITY = YES;
				GCC_C_LANGUAGE_STANDARD = gnu11;
				GCC_DYNAMIC_NO_PIC = NO;
				GCC_NO_COMMON_BLOCKS = YES;
				GCC_OPTIMIZATION_LEVEL = 0;
				GCC_PREPROCESSOR_DEFINITIONS = (
					"DEBUG=1",
					"$(inherited)",
				);
				GCC_WARN_64_TO_32_BIT_CONVERSION = YES;
				GCC_WARN_ABOUT_RETURN_TYPE = YES_ERROR;
				GCC_WARN_UNDECLARED_SELECTOR = YES;
				GCC_WARN_UNINITIALIZED_AUTOS = YES_AGGRESSIVE;
				GCC_WARN_UNUSED_FUNCTION = YES;
				GCC_WARN_UNUSED_VARIABLE = YES;
				HEADER_SEARCH_PATHS = (
					"$(PROJECT_DIR)/VNCServer/libvncserver",
					"$(PROJECT_DIR)/VNCServer/libpng",
					"$(PROJECT_DIR)/VNCServer/libvncserver/libvncserver",
					"$(PROJECT_DIR)/VNCServer/libvncserver/common",
					"$(PROJECT_DIR)/VNCServer/jpeg",
				);
				IPHONEOS_DEPLOYMENT_TARGET = 8.0;
				MTL_ENABLE_DEBUG_INFO = YES;
				ONLY_ACTIVE_ARCH = YES;
				OTHER_LDFLAGS = "-ObjC";
				PRODUCT_NAME = "$(TARGET_NAME)";
				SDKROOT = iphoneos;
				SKIP_INSTALL = YES;
				TARGETED_DEVICE_FAMILY = "1,2";
			};
			name = Debug;
		};
		DB8397A01FF7D45E00EA0EBD /* Release */ = {
			isa = XCBuildConfiguration;
			buildSettings = {
				ALWAYS_SEARCH_USER_PATHS = NO;
				CLANG_ANALYZER_NONNULL = YES;
				CLANG_ANALYZER_NUMBER_OBJECT_CONVERSION = YES_AGGRESSIVE;
				CLANG_CXX_LANGUAGE_STANDARD = "gnu++14";
				CLANG_CXX_LIBRARY = "libc++";
				CLANG_ENABLE_MODULES = YES;
				CLANG_ENABLE_OBJC_ARC = YES;
				CLANG_WARN_BLOCK_CAPTURE_AUTORELEASING = YES;
				CLANG_WARN_BOOL_CONVERSION = YES;
				CLANG_WARN_COMMA = YES;
				CLANG_WARN_CONSTANT_CONVERSION = YES;
				CLANG_WARN_DIRECT_OBJC_ISA_USAGE = YES_ERROR;
				CLANG_WARN_DOCUMENTATION_COMMENTS = YES;
				CLANG_WARN_EMPTY_BODY = YES;
				CLANG_WARN_ENUM_CONVERSION = YES;
				CLANG_WARN_INFINITE_RECURSION = YES;
				CLANG_WARN_INT_CONVERSION = YES;
				CLANG_WARN_NON_LITERAL_NULL_CONVERSION = YES;
				CLANG_WARN_OBJC_LITERAL_CONVERSION = YES;
				CLANG_WARN_OBJC_ROOT_CLASS = YES_ERROR;
				CLANG_WARN_RANGE_LOOP_ANALYSIS = YES;
				CLANG_WARN_STRICT_PROTOTYPES = YES;
				CLANG_WARN_SUSPICIOUS_MOVE = YES;
				CLANG_WARN_UNGUARDED_AVAILABILITY = YES_AGGRESSIVE;
				CLANG_WARN_UNREACHABLE_CODE = YES;
				CLANG_WARN__DUPLICATE_METHOD_MATCH = YES;
				CODE_SIGN_IDENTITY = "";
				CODE_SIGN_STYLE = Automatic;
				COPY_PHASE_STRIP = NO;
				CURRENT_PROJECT_VERSION = "0.9.11+";
				DEBUG_INFORMATION_FORMAT = "dwarf-with-dsym";
				ENABLE_NS_ASSERTIONS = NO;
				ENABLE_STRICT_OBJC_MSGSEND = YES;
				GCC_C_LANGUAGE_STANDARD = gnu11;
				GCC_NO_COMMON_BLOCKS = YES;
				GCC_WARN_64_TO_32_BIT_CONVERSION = YES;
				GCC_WARN_ABOUT_RETURN_TYPE = YES_ERROR;
				GCC_WARN_UNDECLARED_SELECTOR = YES;
				GCC_WARN_UNINITIALIZED_AUTOS = YES_AGGRESSIVE;
				GCC_WARN_UNUSED_FUNCTION = YES;
				GCC_WARN_UNUSED_VARIABLE = YES;
				HEADER_SEARCH_PATHS = (
					"$(PROJECT_DIR)/VNCServer/libvncserver",
					"$(PROJECT_DIR)/VNCServer/libpng",
					"$(PROJECT_DIR)/VNCServer/libvncserver/libvncserver",
					"$(PROJECT_DIR)/VNCServer/libvncserver/common",
					"$(PROJECT_DIR)/VNCServer/jpeg",
				);
				IPHONEOS_DEPLOYMENT_TARGET = 8.0;
				MTL_ENABLE_DEBUG_INFO = NO;
				OTHER_LDFLAGS = "-ObjC";
				PRODUCT_NAME = "$(TARGET_NAME)";
				SDKROOT = iphoneos;
				SKIP_INSTALL = YES;
				TARGETED_DEVICE_FAMILY = "1,2";
				VALIDATE_PRODUCT = YES;
			};
			name = Release;
		};
		DB9118DF1F7C576200C6CF5F /* Debug */ = {
			isa = XCBuildConfiguration;
			buildSettings = {
				CLANG_WARN_BLOCK_CAPTURE_AUTORELEASING = YES;
				CLANG_WARN_BOOL_CONVERSION = YES;
				CLANG_WARN_COMMA = YES;
				CLANG_WARN_CONSTANT_CONVERSION = YES;
				CLANG_WARN_EMPTY_BODY = YES;
				CLANG_WARN_ENUM_CONVERSION = YES;
				CLANG_WARN_INFINITE_RECURSION = YES;
				CLANG_WARN_INT_CONVERSION = YES;
				CLANG_WARN_NON_LITERAL_NULL_CONVERSION = YES;
				CLANG_WARN_OBJC_LITERAL_CONVERSION = YES;
				CLANG_WARN_RANGE_LOOP_ANALYSIS = YES;
				CLANG_WARN_STRICT_PROTOTYPES = YES;
				CLANG_WARN_SUSPICIOUS_MOVE = YES;
				CLANG_WARN_UNREACHABLE_CODE = YES;
				CLANG_WARN__DUPLICATE_METHOD_MATCH = YES;
				ENABLE_STRICT_OBJC_MSGSEND = YES;
				ENABLE_TESTABILITY = YES;
				GCC_NO_COMMON_BLOCKS = YES;
				GCC_WARN_64_TO_32_BIT_CONVERSION = YES;
				GCC_WARN_ABOUT_RETURN_TYPE = YES;
				GCC_WARN_UNDECLARED_SELECTOR = YES;
				GCC_WARN_UNINITIALIZED_AUTOS = YES;
				GCC_WARN_UNUSED_FUNCTION = YES;
				GCC_WARN_UNUSED_VARIABLE = YES;
				ONLY_ACTIVE_ARCH = YES;
			};
			name = Debug;
		};
		DB9118E01F7C576200C6CF5F /* Release */ = {
			isa = XCBuildConfiguration;
			buildSettings = {
				CLANG_WARN_BLOCK_CAPTURE_AUTORELEASING = YES;
				CLANG_WARN_BOOL_CONVERSION = YES;
				CLANG_WARN_COMMA = YES;
				CLANG_WARN_CONSTANT_CONVERSION = YES;
				CLANG_WARN_EMPTY_BODY = YES;
				CLANG_WARN_ENUM_CONVERSION = YES;
				CLANG_WARN_INFINITE_RECURSION = YES;
				CLANG_WARN_INT_CONVERSION = YES;
				CLANG_WARN_NON_LITERAL_NULL_CONVERSION = YES;
				CLANG_WARN_OBJC_LITERAL_CONVERSION = YES;
				CLANG_WARN_RANGE_LOOP_ANALYSIS = YES;
				CLANG_WARN_STRICT_PROTOTYPES = YES;
				CLANG_WARN_SUSPICIOUS_MOVE = YES;
				CLANG_WARN_UNREACHABLE_CODE = YES;
				CLANG_WARN__DUPLICATE_METHOD_MATCH = YES;
				ENABLE_STRICT_OBJC_MSGSEND = YES;
				GCC_NO_COMMON_BLOCKS = YES;
				GCC_WARN_64_TO_32_BIT_CONVERSION = YES;
				GCC_WARN_ABOUT_RETURN_TYPE = YES;
				GCC_WARN_UNDECLARED_SELECTOR = YES;
				GCC_WARN_UNINITIALIZED_AUTOS = YES;
				GCC_WARN_UNUSED_FUNCTION = YES;
				GCC_WARN_UNUSED_VARIABLE = YES;
			};
			name = Release;
		};
		DBBFC0871F7D55D400BB0ABD /* Debug */ = {
			isa = XCBuildConfiguration;
			buildSettings = {
				ALWAYS_SEARCH_USER_PATHS = NO;
				ASSETCATALOG_COMPILER_APPICON_NAME = AppIcon;
				CLANG_ANALYZER_NONNULL = YES;
				CLANG_ANALYZER_NUMBER_OBJECT_CONVERSION = YES_AGGRESSIVE;
				CLANG_CXX_LANGUAGE_STANDARD = "gnu++14";
				CLANG_CXX_LIBRARY = "libc++";
				CLANG_ENABLE_MODULES = YES;
				CLANG_ENABLE_OBJC_ARC = YES;
				CLANG_WARN_BLOCK_CAPTURE_AUTORELEASING = YES;
				CLANG_WARN_BOOL_CONVERSION = YES;
				CLANG_WARN_COMMA = YES;
				CLANG_WARN_CONSTANT_CONVERSION = YES;
				CLANG_WARN_DIRECT_OBJC_ISA_USAGE = YES_ERROR;
				CLANG_WARN_DOCUMENTATION_COMMENTS = YES;
				CLANG_WARN_EMPTY_BODY = YES;
				CLANG_WARN_ENUM_CONVERSION = YES;
				CLANG_WARN_INFINITE_RECURSION = YES;
				CLANG_WARN_INT_CONVERSION = YES;
				CLANG_WARN_NON_LITERAL_NULL_CONVERSION = YES;
				CLANG_WARN_OBJC_LITERAL_CONVERSION = YES;
				CLANG_WARN_OBJC_ROOT_CLASS = YES_ERROR;
				CLANG_WARN_RANGE_LOOP_ANALYSIS = YES;
				CLANG_WARN_STRICT_PROTOTYPES = YES;
				CLANG_WARN_SUSPICIOUS_MOVE = YES;
				CLANG_WARN_UNGUARDED_AVAILABILITY = YES_AGGRESSIVE;
				CLANG_WARN_UNREACHABLE_CODE = YES;
				CLANG_WARN__DUPLICATE_METHOD_MATCH = YES;
				CODE_SIGN_IDENTITY = "iPhone Developer";
				CODE_SIGN_STYLE = Automatic;
				COPY_PHASE_STRIP = NO;
				DEBUG_INFORMATION_FORMAT = dwarf;
				DEVELOPMENT_TEAM = "";
				ENABLE_STRICT_OBJC_MSGSEND = YES;
				ENABLE_TESTABILITY = YES;
				FRAMEWORK_SEARCH_PATHS = (
					"$(inherited)",
					"$(PROJECT_DIR)",
				);
				GCC_C_LANGUAGE_STANDARD = gnu11;
				GCC_DYNAMIC_NO_PIC = NO;
				GCC_NO_COMMON_BLOCKS = YES;
				GCC_OPTIMIZATION_LEVEL = 0;
				GCC_PREPROCESSOR_DEFINITIONS = (
					"DEBUG=1",
					"$(inherited)",
				);
				GCC_WARN_64_TO_32_BIT_CONVERSION = YES;
				GCC_WARN_ABOUT_RETURN_TYPE = YES_ERROR;
				GCC_WARN_UNDECLARED_SELECTOR = YES;
				GCC_WARN_UNINITIALIZED_AUTOS = YES_AGGRESSIVE;
				GCC_WARN_UNUSED_FUNCTION = YES;
				GCC_WARN_UNUSED_VARIABLE = YES;
				HEADER_SEARCH_PATHS = "$(PROJECT_DIR)/SeaCatClient/Headers";
				INFOPLIST_FILE = app/Info.plist;
				IPHONEOS_DEPLOYMENT_TARGET = 11.0;
				LD_RUNPATH_SEARCH_PATHS = "$(inherited) @executable_path/Frameworks";
				MTL_ENABLE_DEBUG_INFO = YES;
				ONLY_ACTIVE_ARCH = YES;
				PRODUCT_BUNDLE_IDENTIFIER = com.teskalabs.cvio.app;
				PRODUCT_NAME = "$(TARGET_NAME)";
				SDKROOT = iphoneos;
				TARGETED_DEVICE_FAMILY = "1,2";
			};
			name = Debug;
		};
		DBBFC0881F7D55D400BB0ABD /* Release */ = {
			isa = XCBuildConfiguration;
			buildSettings = {
				ALWAYS_SEARCH_USER_PATHS = NO;
				ASSETCATALOG_COMPILER_APPICON_NAME = AppIcon;
				CLANG_ANALYZER_NONNULL = YES;
				CLANG_ANALYZER_NUMBER_OBJECT_CONVERSION = YES_AGGRESSIVE;
				CLANG_CXX_LANGUAGE_STANDARD = "gnu++14";
				CLANG_CXX_LIBRARY = "libc++";
				CLANG_ENABLE_MODULES = YES;
				CLANG_ENABLE_OBJC_ARC = YES;
				CLANG_WARN_BLOCK_CAPTURE_AUTORELEASING = YES;
				CLANG_WARN_BOOL_CONVERSION = YES;
				CLANG_WARN_COMMA = YES;
				CLANG_WARN_CONSTANT_CONVERSION = YES;
				CLANG_WARN_DIRECT_OBJC_ISA_USAGE = YES_ERROR;
				CLANG_WARN_DOCUMENTATION_COMMENTS = YES;
				CLANG_WARN_EMPTY_BODY = YES;
				CLANG_WARN_ENUM_CONVERSION = YES;
				CLANG_WARN_INFINITE_RECURSION = YES;
				CLANG_WARN_INT_CONVERSION = YES;
				CLANG_WARN_NON_LITERAL_NULL_CONVERSION = YES;
				CLANG_WARN_OBJC_LITERAL_CONVERSION = YES;
				CLANG_WARN_OBJC_ROOT_CLASS = YES_ERROR;
				CLANG_WARN_RANGE_LOOP_ANALYSIS = YES;
				CLANG_WARN_STRICT_PROTOTYPES = YES;
				CLANG_WARN_SUSPICIOUS_MOVE = YES;
				CLANG_WARN_UNGUARDED_AVAILABILITY = YES_AGGRESSIVE;
				CLANG_WARN_UNREACHABLE_CODE = YES;
				CLANG_WARN__DUPLICATE_METHOD_MATCH = YES;
				CODE_SIGN_IDENTITY = "iPhone Developer";
				CODE_SIGN_STYLE = Automatic;
				COPY_PHASE_STRIP = NO;
				DEBUG_INFORMATION_FORMAT = "dwarf-with-dsym";
				DEVELOPMENT_TEAM = "";
				ENABLE_NS_ASSERTIONS = NO;
				ENABLE_STRICT_OBJC_MSGSEND = YES;
				FRAMEWORK_SEARCH_PATHS = (
					"$(inherited)",
					"$(PROJECT_DIR)",
				);
				GCC_C_LANGUAGE_STANDARD = gnu11;
				GCC_NO_COMMON_BLOCKS = YES;
				GCC_WARN_64_TO_32_BIT_CONVERSION = YES;
				GCC_WARN_ABOUT_RETURN_TYPE = YES_ERROR;
				GCC_WARN_UNDECLARED_SELECTOR = YES;
				GCC_WARN_UNINITIALIZED_AUTOS = YES_AGGRESSIVE;
				GCC_WARN_UNUSED_FUNCTION = YES;
				GCC_WARN_UNUSED_VARIABLE = YES;
				HEADER_SEARCH_PATHS = "$(PROJECT_DIR)/SeaCatClient/Headers";
				INFOPLIST_FILE = app/Info.plist;
				IPHONEOS_DEPLOYMENT_TARGET = 11.0;
				LD_RUNPATH_SEARCH_PATHS = "$(inherited) @executable_path/Frameworks";
				MTL_ENABLE_DEBUG_INFO = NO;
				PRODUCT_BUNDLE_IDENTIFIER = com.teskalabs.cvio.app;
				PRODUCT_NAME = "$(TARGET_NAME)";
				SDKROOT = iphoneos;
				TARGETED_DEVICE_FAMILY = "1,2";
				VALIDATE_PRODUCT = YES;
			};
			name = Release;
		};
/* End XCBuildConfiguration section */

/* Begin XCConfigurationList section */
		DB6EE1E61F7C5D20009B028B /* Build configuration list for PBXNativeTarget "ios" */ = {
			isa = XCConfigurationList;
			buildConfigurations = (
				DB6EE1E41F7C5D20009B028B /* Debug */,
				DB6EE1E51F7C5D20009B028B /* Release */,
			);
			defaultConfigurationIsVisible = 0;
			defaultConfigurationName = Release;
		};
		DB71F1FE1F8A5F6B00820416 /* Build configuration list for PBXNativeTarget "cvio-broadcast-ext" */ = {
			isa = XCConfigurationList;
			buildConfigurations = (
				DB71F1FF1F8A5F6B00820416 /* Debug */,
				DB71F2001F8A5F6B00820416 /* Release */,
			);
			defaultConfigurationIsVisible = 0;
			defaultConfigurationName = Release;
		};
		DB83979E1FF7D45E00EA0EBD /* Build configuration list for PBXNativeTarget "vncserver" */ = {
			isa = XCConfigurationList;
			buildConfigurations = (
				DB83979F1FF7D45E00EA0EBD /* Debug */,
				DB8397A01FF7D45E00EA0EBD /* Release */,
			);
			defaultConfigurationIsVisible = 0;
			defaultConfigurationName = Release;
		};
		DB9118DE1F7C576200C6CF5F /* Build configuration list for PBXProject "CatVisionIO" */ = {
			isa = XCConfigurationList;
			buildConfigurations = (
				DB9118DF1F7C576200C6CF5F /* Debug */,
				DB9118E01F7C576200C6CF5F /* Release */,
			);
			defaultConfigurationIsVisible = 0;
			defaultConfigurationName = Release;
		};
		DBBFC0891F7D55D400BB0ABD /* Build configuration list for PBXNativeTarget "app" */ = {
			isa = XCConfigurationList;
			buildConfigurations = (
				DBBFC0871F7D55D400BB0ABD /* Debug */,
				DBBFC0881F7D55D400BB0ABD /* Release */,
			);
			defaultConfigurationIsVisible = 0;
			defaultConfigurationName = Release;
		};
/* End XCConfigurationList section */
	};
	rootObject = DB9118DB1F7C576200C6CF5F /* Project object */;
}
